// !$*UTF8*$!
{
	archiveVersion = 1;
	classes = {
	};
	objectVersion = 46;
	objects = {

/* Begin PBXBuildFile section */
		3738B3741B917CB500CC9023 /* MongoObject.swift in Sources */ = {isa = PBXBuildFile; fileRef = 3738B3731B917CB500CC9023 /* MongoObject.swift */; };
		373AA11A1BB651A60054435F /* libbson.dylib in Frameworks */ = {isa = PBXBuildFile; fileRef = 37F58CB31B9F47FF00E758C5 /* libbson.dylib */; };
		373AA11B1BB651A60054435F /* libmongoc.dylib in Frameworks */ = {isa = PBXBuildFile; fileRef = 37F58CB41B9F47FF00E758C5 /* libmongoc.dylib */; };
		375F5F0F1B7E65DF007EA172 /* SwiftMongoDB.h in Headers */ = {isa = PBXBuildFile; fileRef = 375F5F0E1B7E65DF007EA172 /* SwiftMongoDB.h */; settings = {ATTRIBUTES = (Public, ); }; };
		375F5F161B7E65E0007EA172 /* SwiftMongoDB.framework in Frameworks */ = {isa = PBXBuildFile; fileRef = 375F5F0B1B7E65DF007EA172 /* SwiftMongoDB.framework */; };
		375F5F1B1B7E65E0007EA172 /* SwiftMongoDBTests.swift in Sources */ = {isa = PBXBuildFile; fileRef = 375F5F1A1B7E65E0007EA172 /* SwiftMongoDBTests.swift */; };
		376402701BD1EFFD00008D04 /* Nimble.framework in Frameworks */ = {isa = PBXBuildFile; fileRef = 3764026E1BD1EFFD00008D04 /* Nimble.framework */; };
		376402711BD1EFFD00008D04 /* Quick.framework in Frameworks */ = {isa = PBXBuildFile; fileRef = 3764026F1BD1EFFD00008D04 /* Quick.framework */; };
		376402731BD1F01C00008D04 /* Nimble.framework in CopyFiles */ = {isa = PBXBuildFile; fileRef = 3764026E1BD1EFFD00008D04 /* Nimble.framework */; settings = {ATTRIBUTES = (CodeSignOnCopy, RemoveHeadersOnCopy, ); }; };
		376402741BD1F01C00008D04 /* Quick.framework in CopyFiles */ = {isa = PBXBuildFile; fileRef = 3764026F1BD1EFFD00008D04 /* Quick.framework */; settings = {ATTRIBUTES = (CodeSignOnCopy, RemoveHeadersOnCopy, ); }; };
		377186651BE5710D0050E666 /* SwiftMongoDB.h in Headers */ = {isa = PBXBuildFile; fileRef = 377186641BE5710D0050E666 /* SwiftMongoDB.h */; settings = {ATTRIBUTES = (Public, ); }; };
		378991331BE569C80096DA6A /* SwiftyJSON.swift in Sources */ = {isa = PBXBuildFile; fileRef = 378991321BE569C80096DA6A /* SwiftyJSON.swift */; };
		37D8EB541B96A8B700D87177 /* Declarations.swift in Sources */ = {isa = PBXBuildFile; fileRef = 37D8EB531B96A8B700D87177 /* Declarations.swift */; };
		37D8EB561B96AB4500D87177 /* MongoWriteConcern.swift in Sources */ = {isa = PBXBuildFile; fileRef = 37D8EB551B96AB4500D87177 /* MongoWriteConcern.swift */; };
		37E1505E1BABCC9E000E4B87 /* mongoc-array-private.h in Headers */ = {isa = PBXBuildFile; fileRef = 37E150301BABCC9E000E4B87 /* mongoc-array-private.h */; settings = {ATTRIBUTES = (Public, ); }; };
		37E1505F1BABCC9E000E4B87 /* mongoc-async-cmd-private.h in Headers */ = {isa = PBXBuildFile; fileRef = 37E150311BABCC9E000E4B87 /* mongoc-async-cmd-private.h */; settings = {ATTRIBUTES = (Private, ); }; };
		37E150601BABCC9E000E4B87 /* mongoc-async-private.h in Headers */ = {isa = PBXBuildFile; fileRef = 37E150321BABCC9E000E4B87 /* mongoc-async-private.h */; settings = {ATTRIBUTES = (Private, ); }; };
		37E150611BABCC9E000E4B87 /* mongoc-b64-private.h in Headers */ = {isa = PBXBuildFile; fileRef = 37E150331BABCC9E000E4B87 /* mongoc-b64-private.h */; settings = {ATTRIBUTES = (Private, ); }; };
		37E150621BABCC9E000E4B87 /* mongoc-buffer-private.h in Headers */ = {isa = PBXBuildFile; fileRef = 37E150341BABCC9E000E4B87 /* mongoc-buffer-private.h */; settings = {ATTRIBUTES = (Private, ); }; };
		37E150631BABCC9E000E4B87 /* mongoc-bulk-operation-private.h in Headers */ = {isa = PBXBuildFile; fileRef = 37E150351BABCC9E000E4B87 /* mongoc-bulk-operation-private.h */; settings = {ATTRIBUTES = (Private, ); }; };
		37E150641BABCC9E000E4B87 /* mongoc-client-pool-private.h in Headers */ = {isa = PBXBuildFile; fileRef = 37E150361BABCC9E000E4B87 /* mongoc-client-pool-private.h */; settings = {ATTRIBUTES = (Private, ); }; };
		37E150651BABCC9E000E4B87 /* mongoc-client-private.h in Headers */ = {isa = PBXBuildFile; fileRef = 37E150371BABCC9E000E4B87 /* mongoc-client-private.h */; settings = {ATTRIBUTES = (Private, ); }; };
		37E150661BABCC9E000E4B87 /* mongoc-cluster-private.h in Headers */ = {isa = PBXBuildFile; fileRef = 37E150381BABCC9E000E4B87 /* mongoc-cluster-private.h */; settings = {ATTRIBUTES = (Private, ); }; };
		37E150671BABCC9E000E4B87 /* mongoc-collection-private.h in Headers */ = {isa = PBXBuildFile; fileRef = 37E150391BABCC9E000E4B87 /* mongoc-collection-private.h */; settings = {ATTRIBUTES = (Private, ); }; };
		37E150681BABCC9E000E4B87 /* mongoc-counters-private.h in Headers */ = {isa = PBXBuildFile; fileRef = 37E1503A1BABCC9E000E4B87 /* mongoc-counters-private.h */; settings = {ATTRIBUTES = (Private, ); }; };
		37E150691BABCC9E000E4B87 /* mongoc-cursor-array-private.h in Headers */ = {isa = PBXBuildFile; fileRef = 37E1503B1BABCC9E000E4B87 /* mongoc-cursor-array-private.h */; settings = {ATTRIBUTES = (Private, ); }; };
		37E1506A1BABCC9E000E4B87 /* mongoc-cursor-cursorid-private.h in Headers */ = {isa = PBXBuildFile; fileRef = 37E1503C1BABCC9E000E4B87 /* mongoc-cursor-cursorid-private.h */; settings = {ATTRIBUTES = (Private, ); }; };
		37E1506B1BABCC9E000E4B87 /* mongoc-cursor-private.h in Headers */ = {isa = PBXBuildFile; fileRef = 37E1503D1BABCC9E000E4B87 /* mongoc-cursor-private.h */; settings = {ATTRIBUTES = (Private, ); }; };
		37E1506C1BABCC9E000E4B87 /* mongoc-cursor-transform-private.h in Headers */ = {isa = PBXBuildFile; fileRef = 37E1503E1BABCC9E000E4B87 /* mongoc-cursor-transform-private.h */; settings = {ATTRIBUTES = (Private, ); }; };
		37E1506D1BABCC9E000E4B87 /* mongoc-database-private.h in Headers */ = {isa = PBXBuildFile; fileRef = 37E1503F1BABCC9E000E4B87 /* mongoc-database-private.h */; settings = {ATTRIBUTES = (Private, ); }; };
		37E1506E1BABCC9E000E4B87 /* mongoc-errno-private.h in Headers */ = {isa = PBXBuildFile; fileRef = 37E150401BABCC9E000E4B87 /* mongoc-errno-private.h */; settings = {ATTRIBUTES = (Private, ); }; };
		37E1506F1BABCC9E000E4B87 /* mongoc-gridfs-file-list-private.h in Headers */ = {isa = PBXBuildFile; fileRef = 37E150411BABCC9E000E4B87 /* mongoc-gridfs-file-list-private.h */; settings = {ATTRIBUTES = (Private, ); }; };
		37E150701BABCC9E000E4B87 /* mongoc-gridfs-file-page-private.h in Headers */ = {isa = PBXBuildFile; fileRef = 37E150421BABCC9E000E4B87 /* mongoc-gridfs-file-page-private.h */; settings = {ATTRIBUTES = (Private, ); }; };
		37E150711BABCC9E000E4B87 /* mongoc-gridfs-file-private.h in Headers */ = {isa = PBXBuildFile; fileRef = 37E150431BABCC9E000E4B87 /* mongoc-gridfs-file-private.h */; settings = {ATTRIBUTES = (Private, ); }; };
		37E150721BABCC9E000E4B87 /* mongoc-gridfs-private.h in Headers */ = {isa = PBXBuildFile; fileRef = 37E150441BABCC9E000E4B87 /* mongoc-gridfs-private.h */; settings = {ATTRIBUTES = (Private, ); }; };
		37E150731BABCC9E000E4B87 /* mongoc-host-list-private.h in Headers */ = {isa = PBXBuildFile; fileRef = 37E150451BABCC9E000E4B87 /* mongoc-host-list-private.h */; settings = {ATTRIBUTES = (Private, ); }; };
		37E150741BABCC9E000E4B87 /* mongoc-list-private.h in Headers */ = {isa = PBXBuildFile; fileRef = 37E150461BABCC9E000E4B87 /* mongoc-list-private.h */; settings = {ATTRIBUTES = (Private, ); }; };
		37E150751BABCC9E000E4B87 /* mongoc-log-private.h in Headers */ = {isa = PBXBuildFile; fileRef = 37E150471BABCC9E000E4B87 /* mongoc-log-private.h */; settings = {ATTRIBUTES = (Private, ); }; };
		37E150761BABCC9E000E4B87 /* mongoc-matcher-op-private.h in Headers */ = {isa = PBXBuildFile; fileRef = 37E150481BABCC9E000E4B87 /* mongoc-matcher-op-private.h */; settings = {ATTRIBUTES = (Private, ); }; };
		37E150771BABCC9E000E4B87 /* mongoc-matcher-private.h in Headers */ = {isa = PBXBuildFile; fileRef = 37E150491BABCC9E000E4B87 /* mongoc-matcher-private.h */; settings = {ATTRIBUTES = (Private, ); }; };
		37E150781BABCC9E000E4B87 /* mongoc-opcode-private.h in Headers */ = {isa = PBXBuildFile; fileRef = 37E1504A1BABCC9E000E4B87 /* mongoc-opcode-private.h */; settings = {ATTRIBUTES = (Private, ); }; };
		37E150791BABCC9E000E4B87 /* mongoc-queue-private.h in Headers */ = {isa = PBXBuildFile; fileRef = 37E1504B1BABCC9E000E4B87 /* mongoc-queue-private.h */; settings = {ATTRIBUTES = (Private, ); }; };
		37E1507A1BABCC9E000E4B87 /* mongoc-rand-private.h in Headers */ = {isa = PBXBuildFile; fileRef = 37E1504C1BABCC9E000E4B87 /* mongoc-rand-private.h */; settings = {ATTRIBUTES = (Private, ); }; };
		37E1507B1BABCC9E000E4B87 /* mongoc-read-prefs-private.h in Headers */ = {isa = PBXBuildFile; fileRef = 37E1504D1BABCC9E000E4B87 /* mongoc-read-prefs-private.h */; settings = {ATTRIBUTES = (Private, ); }; };
		37E1507C1BABCC9E000E4B87 /* mongoc-rpc-private.h in Headers */ = {isa = PBXBuildFile; fileRef = 37E1504E1BABCC9E000E4B87 /* mongoc-rpc-private.h */; settings = {ATTRIBUTES = (Private, ); }; };
		37E1507D1BABCC9E000E4B87 /* mongoc-sasl-private.h in Headers */ = {isa = PBXBuildFile; fileRef = 37E1504F1BABCC9E000E4B87 /* mongoc-sasl-private.h */; settings = {ATTRIBUTES = (Private, ); }; };
		37E1507E1BABCC9E000E4B87 /* mongoc-scram-private.h in Headers */ = {isa = PBXBuildFile; fileRef = 37E150501BABCC9E000E4B87 /* mongoc-scram-private.h */; settings = {ATTRIBUTES = (Private, ); }; };
		37E1507F1BABCC9E000E4B87 /* mongoc-server-description-private.h in Headers */ = {isa = PBXBuildFile; fileRef = 37E150511BABCC9E000E4B87 /* mongoc-server-description-private.h */; settings = {ATTRIBUTES = (Private, ); }; };
		37E150801BABCC9E000E4B87 /* mongoc-set-private.h in Headers */ = {isa = PBXBuildFile; fileRef = 37E150521BABCC9E000E4B87 /* mongoc-set-private.h */; settings = {ATTRIBUTES = (Private, ); }; };
		37E150811BABCC9E000E4B87 /* mongoc-socket-private.h in Headers */ = {isa = PBXBuildFile; fileRef = 37E150531BABCC9E000E4B87 /* mongoc-socket-private.h */; settings = {ATTRIBUTES = (Private, ); }; };
		37E150821BABCC9E000E4B87 /* mongoc-ssl-private.h in Headers */ = {isa = PBXBuildFile; fileRef = 37E150541BABCC9E000E4B87 /* mongoc-ssl-private.h */; settings = {ATTRIBUTES = (Private, ); }; };
		37E150831BABCC9E000E4B87 /* mongoc-stream-private.h in Headers */ = {isa = PBXBuildFile; fileRef = 37E150551BABCC9E000E4B87 /* mongoc-stream-private.h */; settings = {ATTRIBUTES = (Private, ); }; };
		37E150841BABCC9E000E4B87 /* mongoc-thread-private.h in Headers */ = {isa = PBXBuildFile; fileRef = 37E150561BABCC9E000E4B87 /* mongoc-thread-private.h */; settings = {ATTRIBUTES = (Private, ); }; };
		37E150851BABCC9E000E4B87 /* mongoc-topology-description-private.h in Headers */ = {isa = PBXBuildFile; fileRef = 37E150571BABCC9E000E4B87 /* mongoc-topology-description-private.h */; settings = {ATTRIBUTES = (Private, ); }; };
		37E150861BABCC9E000E4B87 /* mongoc-topology-private.h in Headers */ = {isa = PBXBuildFile; fileRef = 37E150581BABCC9E000E4B87 /* mongoc-topology-private.h */; settings = {ATTRIBUTES = (Private, ); }; };
		37E150871BABCC9E000E4B87 /* mongoc-topology-scanner-private.h in Headers */ = {isa = PBXBuildFile; fileRef = 37E150591BABCC9E000E4B87 /* mongoc-topology-scanner-private.h */; settings = {ATTRIBUTES = (Private, ); }; };
		37E150881BABCC9E000E4B87 /* mongoc-uri-private.h in Headers */ = {isa = PBXBuildFile; fileRef = 37E1505A1BABCC9E000E4B87 /* mongoc-uri-private.h */; settings = {ATTRIBUTES = (Private, ); }; };
		37E150891BABCC9E000E4B87 /* mongoc-util-private.h in Headers */ = {isa = PBXBuildFile; fileRef = 37E1505B1BABCC9E000E4B87 /* mongoc-util-private.h */; settings = {ATTRIBUTES = (Private, ); }; };
		37E1508A1BABCC9E000E4B87 /* mongoc-write-command-private.h in Headers */ = {isa = PBXBuildFile; fileRef = 37E1505C1BABCC9E000E4B87 /* mongoc-write-command-private.h */; settings = {ATTRIBUTES = (Private, ); }; };
		37E1508B1BABCC9E000E4B87 /* mongoc-write-concern-private.h in Headers */ = {isa = PBXBuildFile; fileRef = 37E1505D1BABCC9E000E4B87 /* mongoc-write-concern-private.h */; settings = {ATTRIBUTES = (Private, ); }; };
		37F58D131B9F47FF00E758C5 /* bcon.h in Headers */ = {isa = PBXBuildFile; fileRef = 37F58C9B1B9F47FF00E758C5 /* bcon.h */; settings = {ATTRIBUTES = (Public, ); }; };
		37F58D141B9F47FF00E758C5 /* bson-atomic.h in Headers */ = {isa = PBXBuildFile; fileRef = 37F58C9C1B9F47FF00E758C5 /* bson-atomic.h */; settings = {ATTRIBUTES = (Public, ); }; };
		37F58D151B9F47FF00E758C5 /* bson-clock.h in Headers */ = {isa = PBXBuildFile; fileRef = 37F58C9D1B9F47FF00E758C5 /* bson-clock.h */; settings = {ATTRIBUTES = (Public, ); }; };
		37F58D161B9F47FF00E758C5 /* bson-compat.h in Headers */ = {isa = PBXBuildFile; fileRef = 37F58C9E1B9F47FF00E758C5 /* bson-compat.h */; settings = {ATTRIBUTES = (Public, ); }; };
		37F58D171B9F47FF00E758C5 /* bson-config.h in Headers */ = {isa = PBXBuildFile; fileRef = 37F58C9F1B9F47FF00E758C5 /* bson-config.h */; settings = {ATTRIBUTES = (Public, ); }; };
		37F58D181B9F47FF00E758C5 /* bson-context.h in Headers */ = {isa = PBXBuildFile; fileRef = 37F58CA01B9F47FF00E758C5 /* bson-context.h */; settings = {ATTRIBUTES = (Public, ); }; };
		37F58D191B9F47FF00E758C5 /* bson-endian.h in Headers */ = {isa = PBXBuildFile; fileRef = 37F58CA11B9F47FF00E758C5 /* bson-endian.h */; settings = {ATTRIBUTES = (Public, ); }; };
		37F58D1A1B9F47FF00E758C5 /* bson-error.h in Headers */ = {isa = PBXBuildFile; fileRef = 37F58CA21B9F47FF00E758C5 /* bson-error.h */; settings = {ATTRIBUTES = (Public, ); }; };
		37F58D1B1B9F47FF00E758C5 /* bson-iter.h in Headers */ = {isa = PBXBuildFile; fileRef = 37F58CA31B9F47FF00E758C5 /* bson-iter.h */; settings = {ATTRIBUTES = (Public, ); }; };
		37F58D1C1B9F47FF00E758C5 /* bson-json.h in Headers */ = {isa = PBXBuildFile; fileRef = 37F58CA41B9F47FF00E758C5 /* bson-json.h */; settings = {ATTRIBUTES = (Public, ); }; };
		37F58D1D1B9F47FF00E758C5 /* bson-keys.h in Headers */ = {isa = PBXBuildFile; fileRef = 37F58CA51B9F47FF00E758C5 /* bson-keys.h */; settings = {ATTRIBUTES = (Public, ); }; };
		37F58D1E1B9F47FF00E758C5 /* bson-macros.h in Headers */ = {isa = PBXBuildFile; fileRef = 37F58CA61B9F47FF00E758C5 /* bson-macros.h */; settings = {ATTRIBUTES = (Public, ); }; };
		37F58D1F1B9F47FF00E758C5 /* bson-md5.h in Headers */ = {isa = PBXBuildFile; fileRef = 37F58CA71B9F47FF00E758C5 /* bson-md5.h */; settings = {ATTRIBUTES = (Public, ); }; };
		37F58D201B9F47FF00E758C5 /* bson-memory.h in Headers */ = {isa = PBXBuildFile; fileRef = 37F58CA81B9F47FF00E758C5 /* bson-memory.h */; settings = {ATTRIBUTES = (Public, ); }; };
		37F58D211B9F47FF00E758C5 /* bson-oid.h in Headers */ = {isa = PBXBuildFile; fileRef = 37F58CA91B9F47FF00E758C5 /* bson-oid.h */; settings = {ATTRIBUTES = (Public, ); }; };
		37F58D221B9F47FF00E758C5 /* bson-reader.h in Headers */ = {isa = PBXBuildFile; fileRef = 37F58CAA1B9F47FF00E758C5 /* bson-reader.h */; settings = {ATTRIBUTES = (Public, ); }; };
		37F58D231B9F47FF00E758C5 /* bson-stdint.h in Headers */ = {isa = PBXBuildFile; fileRef = 37F58CAB1B9F47FF00E758C5 /* bson-stdint.h */; settings = {ATTRIBUTES = (Public, ); }; };
		37F58D241B9F47FF00E758C5 /* bson-string.h in Headers */ = {isa = PBXBuildFile; fileRef = 37F58CAC1B9F47FF00E758C5 /* bson-string.h */; settings = {ATTRIBUTES = (Public, ); }; };
		37F58D251B9F47FF00E758C5 /* bson-types.h in Headers */ = {isa = PBXBuildFile; fileRef = 37F58CAD1B9F47FF00E758C5 /* bson-types.h */; settings = {ATTRIBUTES = (Public, ); }; };
		37F58D261B9F47FF00E758C5 /* bson-utf8.h in Headers */ = {isa = PBXBuildFile; fileRef = 37F58CAE1B9F47FF00E758C5 /* bson-utf8.h */; settings = {ATTRIBUTES = (Public, ); }; };
		37F58D271B9F47FF00E758C5 /* bson-value.h in Headers */ = {isa = PBXBuildFile; fileRef = 37F58CAF1B9F47FF00E758C5 /* bson-value.h */; settings = {ATTRIBUTES = (Public, ); }; };
		37F58D281B9F47FF00E758C5 /* bson-version.h in Headers */ = {isa = PBXBuildFile; fileRef = 37F58CB01B9F47FF00E758C5 /* bson-version.h */; settings = {ATTRIBUTES = (Public, ); }; };
		37F58D291B9F47FF00E758C5 /* bson-writer.h in Headers */ = {isa = PBXBuildFile; fileRef = 37F58CB11B9F47FF00E758C5 /* bson-writer.h */; settings = {ATTRIBUTES = (Public, ); }; };
		37F58D2A1B9F47FF00E758C5 /* bson.h in Headers */ = {isa = PBXBuildFile; fileRef = 37F58CB21B9F47FF00E758C5 /* bson.h */; settings = {ATTRIBUTES = (Public, ); }; };
		37F58D331B9F47FF00E758C5 /* mongoc-bulk-operation.h in Headers */ = {isa = PBXBuildFile; fileRef = 37F58CBC1B9F47FF00E758C5 /* mongoc-bulk-operation.h */; settings = {ATTRIBUTES = (Public, ); }; };
		37F58D351B9F47FF00E758C5 /* mongoc-client-pool.h in Headers */ = {isa = PBXBuildFile; fileRef = 37F58CBE1B9F47FF00E758C5 /* mongoc-client-pool.h */; settings = {ATTRIBUTES = (Public, ); }; };
		37F58D371B9F47FF00E758C5 /* mongoc-client.h in Headers */ = {isa = PBXBuildFile; fileRef = 37F58CC01B9F47FF00E758C5 /* mongoc-client.h */; settings = {ATTRIBUTES = (Public, ); }; };
		37F58D3A1B9F47FF00E758C5 /* mongoc-collection.h in Headers */ = {isa = PBXBuildFile; fileRef = 37F58CC31B9F47FF00E758C5 /* mongoc-collection.h */; settings = {ATTRIBUTES = (Public, ); }; };
		37F58D3B1B9F47FF00E758C5 /* mongoc-config.h in Headers */ = {isa = PBXBuildFile; fileRef = 37F58CC41B9F47FF00E758C5 /* mongoc-config.h */; settings = {ATTRIBUTES = (Public, ); }; };
		37F58D421B9F47FF00E758C5 /* mongoc-cursor.h in Headers */ = {isa = PBXBuildFile; fileRef = 37F58CCB1B9F47FF00E758C5 /* mongoc-cursor.h */; settings = {ATTRIBUTES = (Public, ); }; };
		37F58D441B9F47FF00E758C5 /* mongoc-database.h in Headers */ = {isa = PBXBuildFile; fileRef = 37F58CCD1B9F47FF00E758C5 /* mongoc-database.h */; settings = {ATTRIBUTES = (Public, ); }; };
		37F58D461B9F47FF00E758C5 /* mongoc-error.h in Headers */ = {isa = PBXBuildFile; fileRef = 37F58CCF1B9F47FF00E758C5 /* mongoc-error.h */; settings = {ATTRIBUTES = (Public, ); }; };
		37F58D471B9F47FF00E758C5 /* mongoc-flags.h in Headers */ = {isa = PBXBuildFile; fileRef = 37F58CD01B9F47FF00E758C5 /* mongoc-flags.h */; settings = {ATTRIBUTES = (Public, ); }; };
		37F58D491B9F47FF00E758C5 /* mongoc-gridfs-file-list.h in Headers */ = {isa = PBXBuildFile; fileRef = 37F58CD21B9F47FF00E758C5 /* mongoc-gridfs-file-list.h */; settings = {ATTRIBUTES = (Public, ); }; };
		37F58D4B1B9F47FF00E758C5 /* mongoc-gridfs-file-page.h in Headers */ = {isa = PBXBuildFile; fileRef = 37F58CD41B9F47FF00E758C5 /* mongoc-gridfs-file-page.h */; settings = {ATTRIBUTES = (Public, ); }; };
		37F58D4D1B9F47FF00E758C5 /* mongoc-gridfs-file.h in Headers */ = {isa = PBXBuildFile; fileRef = 37F58CD61B9F47FF00E758C5 /* mongoc-gridfs-file.h */; settings = {ATTRIBUTES = (Public, ); }; };
		37F58D4F1B9F47FF00E758C5 /* mongoc-gridfs.h in Headers */ = {isa = PBXBuildFile; fileRef = 37F58CD81B9F47FF00E758C5 /* mongoc-gridfs.h */; settings = {ATTRIBUTES = (Public, ); }; };
		37F58D511B9F47FF00E758C5 /* mongoc-host-list.h in Headers */ = {isa = PBXBuildFile; fileRef = 37F58CDA1B9F47FF00E758C5 /* mongoc-host-list.h */; settings = {ATTRIBUTES = (Public, ); }; };
		37F58D521B9F47FF00E758C5 /* mongoc-index.h in Headers */ = {isa = PBXBuildFile; fileRef = 37F58CDB1B9F47FF00E758C5 /* mongoc-index.h */; settings = {ATTRIBUTES = (Public, ); }; };
		37F58D531B9F47FF00E758C5 /* mongoc-init.h in Headers */ = {isa = PBXBuildFile; fileRef = 37F58CDC1B9F47FF00E758C5 /* mongoc-init.h */; settings = {ATTRIBUTES = (Public, ); }; };
		37F58D541B9F47FF00E758C5 /* mongoc-iovec.h in Headers */ = {isa = PBXBuildFile; fileRef = 37F58CDD1B9F47FF00E758C5 /* mongoc-iovec.h */; settings = {ATTRIBUTES = (Public, ); }; };
		37F58D571B9F47FF00E758C5 /* mongoc-log.h in Headers */ = {isa = PBXBuildFile; fileRef = 37F58CE01B9F47FF00E758C5 /* mongoc-log.h */; settings = {ATTRIBUTES = (Public, ); }; };
		37F58D5A1B9F47FF00E758C5 /* mongoc-matcher.h in Headers */ = {isa = PBXBuildFile; fileRef = 37F58CE31B9F47FF00E758C5 /* mongoc-matcher.h */; settings = {ATTRIBUTES = (Public, ); }; };
		37F58D5C1B9F47FF00E758C5 /* mongoc-opcode.h in Headers */ = {isa = PBXBuildFile; fileRef = 37F58CE51B9F47FF00E758C5 /* mongoc-opcode.h */; settings = {ATTRIBUTES = (Public, ); }; };
		37F58D5F1B9F47FF00E758C5 /* mongoc-rand.h in Headers */ = {isa = PBXBuildFile; fileRef = 37F58CE81B9F47FF00E758C5 /* mongoc-rand.h */; settings = {ATTRIBUTES = (Public, ); }; };
		37F58D611B9F47FF00E758C5 /* mongoc-read-prefs.h in Headers */ = {isa = PBXBuildFile; fileRef = 37F58CEA1B9F47FF00E758C5 /* mongoc-read-prefs.h */; settings = {ATTRIBUTES = (Public, ); }; };
		37F58D661B9F47FF00E758C5 /* mongoc-server-description.h in Headers */ = {isa = PBXBuildFile; fileRef = 37F58CEF1B9F47FF00E758C5 /* mongoc-server-description.h */; settings = {ATTRIBUTES = (Public, ); }; };
		37F58D691B9F47FF00E758C5 /* mongoc-socket.h in Headers */ = {isa = PBXBuildFile; fileRef = 37F58CF21B9F47FF00E758C5 /* mongoc-socket.h */; settings = {ATTRIBUTES = (Public, ); }; };
		37F58D6B1B9F47FF00E758C5 /* mongoc-ssl.h in Headers */ = {isa = PBXBuildFile; fileRef = 37F58CF41B9F47FF00E758C5 /* mongoc-ssl.h */; settings = {ATTRIBUTES = (Public, ); }; };
		37F58D6C1B9F47FF00E758C5 /* mongoc-stream-buffered.h in Headers */ = {isa = PBXBuildFile; fileRef = 37F58CF51B9F47FF00E758C5 /* mongoc-stream-buffered.h */; settings = {ATTRIBUTES = (Public, ); }; };
		37F58D6D1B9F47FF00E758C5 /* mongoc-stream-file.h in Headers */ = {isa = PBXBuildFile; fileRef = 37F58CF61B9F47FF00E758C5 /* mongoc-stream-file.h */; settings = {ATTRIBUTES = (Public, ); }; };
		37F58D6E1B9F47FF00E758C5 /* mongoc-stream-gridfs.h in Headers */ = {isa = PBXBuildFile; fileRef = 37F58CF71B9F47FF00E758C5 /* mongoc-stream-gridfs.h */; settings = {ATTRIBUTES = (Public, ); }; };
		37F58D701B9F47FF00E758C5 /* mongoc-stream-socket.h in Headers */ = {isa = PBXBuildFile; fileRef = 37F58CF91B9F47FF00E758C5 /* mongoc-stream-socket.h */; settings = {ATTRIBUTES = (Public, ); }; };
		37F58D711B9F47FF00E758C5 /* mongoc-stream-tls.h in Headers */ = {isa = PBXBuildFile; fileRef = 37F58CFA1B9F47FF00E758C5 /* mongoc-stream-tls.h */; settings = {ATTRIBUTES = (Public, ); }; };
		37F58D721B9F47FF00E758C5 /* mongoc-stream.h in Headers */ = {isa = PBXBuildFile; fileRef = 37F58CFB1B9F47FF00E758C5 /* mongoc-stream.h */; settings = {ATTRIBUTES = (Public, ); }; };
		37F58D771B9F47FF00E758C5 /* mongoc-trace.h in Headers */ = {isa = PBXBuildFile; fileRef = 37F58D001B9F47FF00E758C5 /* mongoc-trace.h */; settings = {ATTRIBUTES = (Public, ); }; };
		37F58D791B9F47FF00E758C5 /* mongoc-uri.h in Headers */ = {isa = PBXBuildFile; fileRef = 37F58D021B9F47FF00E758C5 /* mongoc-uri.h */; settings = {ATTRIBUTES = (Public, ); }; };
		37F58D7B1B9F47FF00E758C5 /* mongoc-version.h in Headers */ = {isa = PBXBuildFile; fileRef = 37F58D041B9F47FF00E758C5 /* mongoc-version.h */; settings = {ATTRIBUTES = (Public, ); }; };
		37F58D7E1B9F47FF00E758C5 /* mongoc-write-concern.h in Headers */ = {isa = PBXBuildFile; fileRef = 37F58D071B9F47FF00E758C5 /* mongoc-write-concern.h */; settings = {ATTRIBUTES = (Public, ); }; };
		37F58D881B9F47FF00E758C5 /* utlist.h in Headers */ = {isa = PBXBuildFile; fileRef = 37F58D111B9F47FF00E758C5 /* utlist.h */; settings = {ATTRIBUTES = (Public, ); }; };
		37F58D891B9F47FF00E758C5 /* mongoc.h in Headers */ = {isa = PBXBuildFile; fileRef = 37F58D121B9F47FF00E758C5 /* mongoc.h */; settings = {ATTRIBUTES = (Public, ); }; };
		37FD38951B86BD3700ADB9BA /* MongoClient.swift in Sources */ = {isa = PBXBuildFile; fileRef = 37FD38941B86BD3700ADB9BA /* MongoClient.swift */; };
		37FD38971B86BD4000ADB9BA /* MongoCollection.swift in Sources */ = {isa = PBXBuildFile; fileRef = 37FD38961B86BD4000ADB9BA /* MongoCollection.swift */; };
		37FD38991B86BD4800ADB9BA /* MongoCursor.swift in Sources */ = {isa = PBXBuildFile; fileRef = 37FD38981B86BD4800ADB9BA /* MongoCursor.swift */; };
		37FD389B1B86BD5400ADB9BA /* MongoDocument.swift in Sources */ = {isa = PBXBuildFile; fileRef = 37FD389A1B86BD5400ADB9BA /* MongoDocument.swift */; };
		37FD389D1B86BD5B00ADB9BA /* MongoBSON.swift in Sources */ = {isa = PBXBuildFile; fileRef = 37FD389C1B86BD5B00ADB9BA /* MongoBSON.swift */; };
		37FD38A11B86C36A00ADB9BA /* MongoError.swift in Sources */ = {isa = PBXBuildFile; fileRef = 37FD38A01B86C36A00ADB9BA /* MongoError.swift */; };
/* End PBXBuildFile section */

/* Begin PBXContainerItemProxy section */
		375F5F171B7E65E0007EA172 /* PBXContainerItemProxy */ = {
			isa = PBXContainerItemProxy;
			containerPortal = 375F5F021B7E65DF007EA172 /* Project object */;
			proxyType = 1;
			remoteGlobalIDString = 375F5F0A1B7E65DF007EA172;
			remoteInfo = swiftMongoDB;
		};
/* End PBXContainerItemProxy section */

/* Begin PBXCopyFilesBuildPhase section */
		376402721BD1F00A00008D04 /* CopyFiles */ = {
			isa = PBXCopyFilesBuildPhase;
			buildActionMask = 2147483647;
			dstPath = "";
			dstSubfolderSpec = 10;
			files = (
				376402731BD1F01C00008D04 /* Nimble.framework in CopyFiles */,
				376402741BD1F01C00008D04 /* Quick.framework in CopyFiles */,
			);
			runOnlyForDeploymentPostprocessing = 0;
		};
		376402761BD1F02000008D04 /* CopyFiles */ = {
			isa = PBXCopyFilesBuildPhase;
			buildActionMask = 2147483647;
			dstPath = "";
			dstSubfolderSpec = 10;
			files = (
			);
			runOnlyForDeploymentPostprocessing = 0;
		};
/* End PBXCopyFilesBuildPhase section */

/* Begin PBXFileReference section */
		3738B3731B917CB500CC9023 /* MongoObject.swift */ = {isa = PBXFileReference; fileEncoding = 4; lastKnownFileType = sourcecode.swift; path = MongoObject.swift; sourceTree = "<group>"; };
		375F5F0B1B7E65DF007EA172 /* SwiftMongoDB.framework */ = {isa = PBXFileReference; explicitFileType = wrapper.framework; includeInIndex = 0; path = SwiftMongoDB.framework; sourceTree = BUILT_PRODUCTS_DIR; };
		375F5F0E1B7E65DF007EA172 /* SwiftMongoDB.h */ = {isa = PBXFileReference; lastKnownFileType = sourcecode.c.h; path = SwiftMongoDB.h; sourceTree = "<group>"; };
		375F5F101B7E65DF007EA172 /* Info.plist */ = {isa = PBXFileReference; lastKnownFileType = text.plist.xml; path = Info.plist; sourceTree = "<group>"; };
		375F5F151B7E65E0007EA172 /* SwiftMongoDBTests.xctest */ = {isa = PBXFileReference; explicitFileType = wrapper.cfbundle; includeInIndex = 0; path = SwiftMongoDBTests.xctest; sourceTree = BUILT_PRODUCTS_DIR; };
		375F5F1A1B7E65E0007EA172 /* SwiftMongoDBTests.swift */ = {isa = PBXFileReference; lastKnownFileType = sourcecode.swift; path = SwiftMongoDBTests.swift; sourceTree = "<group>"; };
		375F5F1C1B7E65E0007EA172 /* Info.plist */ = {isa = PBXFileReference; lastKnownFileType = text.plist.xml; path = Info.plist; sourceTree = "<group>"; };
		3764026E1BD1EFFD00008D04 /* Nimble.framework */ = {isa = PBXFileReference; lastKnownFileType = wrapper.framework; name = Nimble.framework; path = Carthage/Build/Mac/Nimble.framework; sourceTree = "<group>"; };
		3764026F1BD1EFFD00008D04 /* Quick.framework */ = {isa = PBXFileReference; lastKnownFileType = wrapper.framework; name = Quick.framework; path = Carthage/Build/Mac/Quick.framework; sourceTree = "<group>"; };
		377186621BE5710D0050E666 /* SwiftMongoDB.framework */ = {isa = PBXFileReference; explicitFileType = wrapper.framework; includeInIndex = 0; path = SwiftMongoDB.framework; sourceTree = BUILT_PRODUCTS_DIR; };
		377186641BE5710D0050E666 /* SwiftMongoDB.h */ = {isa = PBXFileReference; lastKnownFileType = sourcecode.c.h; path = SwiftMongoDB.h; sourceTree = "<group>"; };
		377186661BE5710D0050E666 /* Info.plist */ = {isa = PBXFileReference; lastKnownFileType = text.plist.xml; path = Info.plist; sourceTree = "<group>"; };
		378991321BE569C80096DA6A /* SwiftyJSON.swift */ = {isa = PBXFileReference; fileEncoding = 4; lastKnownFileType = sourcecode.swift; name = SwiftyJSON.swift; path = SwiftMongoDB/dependencies/SwiftyJSON.swift; sourceTree = SOURCE_ROOT; };
		37D8EB531B96A8B700D87177 /* Declarations.swift */ = {isa = PBXFileReference; fileEncoding = 4; lastKnownFileType = sourcecode.swift; path = Declarations.swift; sourceTree = "<group>"; };
		37D8EB551B96AB4500D87177 /* MongoWriteConcern.swift */ = {isa = PBXFileReference; fileEncoding = 4; lastKnownFileType = sourcecode.swift; path = MongoWriteConcern.swift; sourceTree = "<group>"; };
		37E150301BABCC9E000E4B87 /* mongoc-array-private.h */ = {isa = PBXFileReference; fileEncoding = 4; lastKnownFileType = sourcecode.c.h; path = "mongoc-array-private.h"; sourceTree = "<group>"; };
		37E150311BABCC9E000E4B87 /* mongoc-async-cmd-private.h */ = {isa = PBXFileReference; fileEncoding = 4; lastKnownFileType = sourcecode.c.h; path = "mongoc-async-cmd-private.h"; sourceTree = "<group>"; };
		37E150321BABCC9E000E4B87 /* mongoc-async-private.h */ = {isa = PBXFileReference; fileEncoding = 4; lastKnownFileType = sourcecode.c.h; path = "mongoc-async-private.h"; sourceTree = "<group>"; };
		37E150331BABCC9E000E4B87 /* mongoc-b64-private.h */ = {isa = PBXFileReference; fileEncoding = 4; lastKnownFileType = sourcecode.c.h; path = "mongoc-b64-private.h"; sourceTree = "<group>"; };
		37E150341BABCC9E000E4B87 /* mongoc-buffer-private.h */ = {isa = PBXFileReference; fileEncoding = 4; lastKnownFileType = sourcecode.c.h; path = "mongoc-buffer-private.h"; sourceTree = "<group>"; };
		37E150351BABCC9E000E4B87 /* mongoc-bulk-operation-private.h */ = {isa = PBXFileReference; fileEncoding = 4; lastKnownFileType = sourcecode.c.h; path = "mongoc-bulk-operation-private.h"; sourceTree = "<group>"; };
		37E150361BABCC9E000E4B87 /* mongoc-client-pool-private.h */ = {isa = PBXFileReference; fileEncoding = 4; lastKnownFileType = sourcecode.c.h; path = "mongoc-client-pool-private.h"; sourceTree = "<group>"; };
		37E150371BABCC9E000E4B87 /* mongoc-client-private.h */ = {isa = PBXFileReference; fileEncoding = 4; lastKnownFileType = sourcecode.c.h; path = "mongoc-client-private.h"; sourceTree = "<group>"; };
		37E150381BABCC9E000E4B87 /* mongoc-cluster-private.h */ = {isa = PBXFileReference; fileEncoding = 4; lastKnownFileType = sourcecode.c.h; path = "mongoc-cluster-private.h"; sourceTree = "<group>"; };
		37E150391BABCC9E000E4B87 /* mongoc-collection-private.h */ = {isa = PBXFileReference; fileEncoding = 4; lastKnownFileType = sourcecode.c.h; path = "mongoc-collection-private.h"; sourceTree = "<group>"; };
		37E1503A1BABCC9E000E4B87 /* mongoc-counters-private.h */ = {isa = PBXFileReference; fileEncoding = 4; lastKnownFileType = sourcecode.c.h; path = "mongoc-counters-private.h"; sourceTree = "<group>"; };
		37E1503B1BABCC9E000E4B87 /* mongoc-cursor-array-private.h */ = {isa = PBXFileReference; fileEncoding = 4; lastKnownFileType = sourcecode.c.h; path = "mongoc-cursor-array-private.h"; sourceTree = "<group>"; };
		37E1503C1BABCC9E000E4B87 /* mongoc-cursor-cursorid-private.h */ = {isa = PBXFileReference; fileEncoding = 4; lastKnownFileType = sourcecode.c.h; path = "mongoc-cursor-cursorid-private.h"; sourceTree = "<group>"; };
		37E1503D1BABCC9E000E4B87 /* mongoc-cursor-private.h */ = {isa = PBXFileReference; fileEncoding = 4; lastKnownFileType = sourcecode.c.h; path = "mongoc-cursor-private.h"; sourceTree = "<group>"; };
		37E1503E1BABCC9E000E4B87 /* mongoc-cursor-transform-private.h */ = {isa = PBXFileReference; fileEncoding = 4; lastKnownFileType = sourcecode.c.h; path = "mongoc-cursor-transform-private.h"; sourceTree = "<group>"; };
		37E1503F1BABCC9E000E4B87 /* mongoc-database-private.h */ = {isa = PBXFileReference; fileEncoding = 4; lastKnownFileType = sourcecode.c.h; path = "mongoc-database-private.h"; sourceTree = "<group>"; };
		37E150401BABCC9E000E4B87 /* mongoc-errno-private.h */ = {isa = PBXFileReference; fileEncoding = 4; lastKnownFileType = sourcecode.c.h; path = "mongoc-errno-private.h"; sourceTree = "<group>"; };
		37E150411BABCC9E000E4B87 /* mongoc-gridfs-file-list-private.h */ = {isa = PBXFileReference; fileEncoding = 4; lastKnownFileType = sourcecode.c.h; path = "mongoc-gridfs-file-list-private.h"; sourceTree = "<group>"; };
		37E150421BABCC9E000E4B87 /* mongoc-gridfs-file-page-private.h */ = {isa = PBXFileReference; fileEncoding = 4; lastKnownFileType = sourcecode.c.h; path = "mongoc-gridfs-file-page-private.h"; sourceTree = "<group>"; };
		37E150431BABCC9E000E4B87 /* mongoc-gridfs-file-private.h */ = {isa = PBXFileReference; fileEncoding = 4; lastKnownFileType = sourcecode.c.h; path = "mongoc-gridfs-file-private.h"; sourceTree = "<group>"; };
		37E150441BABCC9E000E4B87 /* mongoc-gridfs-private.h */ = {isa = PBXFileReference; fileEncoding = 4; lastKnownFileType = sourcecode.c.h; path = "mongoc-gridfs-private.h"; sourceTree = "<group>"; };
		37E150451BABCC9E000E4B87 /* mongoc-host-list-private.h */ = {isa = PBXFileReference; fileEncoding = 4; lastKnownFileType = sourcecode.c.h; path = "mongoc-host-list-private.h"; sourceTree = "<group>"; };
		37E150461BABCC9E000E4B87 /* mongoc-list-private.h */ = {isa = PBXFileReference; fileEncoding = 4; lastKnownFileType = sourcecode.c.h; path = "mongoc-list-private.h"; sourceTree = "<group>"; };
		37E150471BABCC9E000E4B87 /* mongoc-log-private.h */ = {isa = PBXFileReference; fileEncoding = 4; lastKnownFileType = sourcecode.c.h; path = "mongoc-log-private.h"; sourceTree = "<group>"; };
		37E150481BABCC9E000E4B87 /* mongoc-matcher-op-private.h */ = {isa = PBXFileReference; fileEncoding = 4; lastKnownFileType = sourcecode.c.h; path = "mongoc-matcher-op-private.h"; sourceTree = "<group>"; };
		37E150491BABCC9E000E4B87 /* mongoc-matcher-private.h */ = {isa = PBXFileReference; fileEncoding = 4; lastKnownFileType = sourcecode.c.h; path = "mongoc-matcher-private.h"; sourceTree = "<group>"; };
		37E1504A1BABCC9E000E4B87 /* mongoc-opcode-private.h */ = {isa = PBXFileReference; fileEncoding = 4; lastKnownFileType = sourcecode.c.h; path = "mongoc-opcode-private.h"; sourceTree = "<group>"; };
		37E1504B1BABCC9E000E4B87 /* mongoc-queue-private.h */ = {isa = PBXFileReference; fileEncoding = 4; lastKnownFileType = sourcecode.c.h; path = "mongoc-queue-private.h"; sourceTree = "<group>"; };
		37E1504C1BABCC9E000E4B87 /* mongoc-rand-private.h */ = {isa = PBXFileReference; fileEncoding = 4; lastKnownFileType = sourcecode.c.h; path = "mongoc-rand-private.h"; sourceTree = "<group>"; };
		37E1504D1BABCC9E000E4B87 /* mongoc-read-prefs-private.h */ = {isa = PBXFileReference; fileEncoding = 4; lastKnownFileType = sourcecode.c.h; path = "mongoc-read-prefs-private.h"; sourceTree = "<group>"; };
		37E1504E1BABCC9E000E4B87 /* mongoc-rpc-private.h */ = {isa = PBXFileReference; fileEncoding = 4; lastKnownFileType = sourcecode.c.h; path = "mongoc-rpc-private.h"; sourceTree = "<group>"; };
		37E1504F1BABCC9E000E4B87 /* mongoc-sasl-private.h */ = {isa = PBXFileReference; fileEncoding = 4; lastKnownFileType = sourcecode.c.h; path = "mongoc-sasl-private.h"; sourceTree = "<group>"; };
		37E150501BABCC9E000E4B87 /* mongoc-scram-private.h */ = {isa = PBXFileReference; fileEncoding = 4; lastKnownFileType = sourcecode.c.h; path = "mongoc-scram-private.h"; sourceTree = "<group>"; };
		37E150511BABCC9E000E4B87 /* mongoc-server-description-private.h */ = {isa = PBXFileReference; fileEncoding = 4; lastKnownFileType = sourcecode.c.h; path = "mongoc-server-description-private.h"; sourceTree = "<group>"; };
		37E150521BABCC9E000E4B87 /* mongoc-set-private.h */ = {isa = PBXFileReference; fileEncoding = 4; lastKnownFileType = sourcecode.c.h; path = "mongoc-set-private.h"; sourceTree = "<group>"; };
		37E150531BABCC9E000E4B87 /* mongoc-socket-private.h */ = {isa = PBXFileReference; fileEncoding = 4; lastKnownFileType = sourcecode.c.h; path = "mongoc-socket-private.h"; sourceTree = "<group>"; };
		37E150541BABCC9E000E4B87 /* mongoc-ssl-private.h */ = {isa = PBXFileReference; fileEncoding = 4; lastKnownFileType = sourcecode.c.h; path = "mongoc-ssl-private.h"; sourceTree = "<group>"; };
		37E150551BABCC9E000E4B87 /* mongoc-stream-private.h */ = {isa = PBXFileReference; fileEncoding = 4; lastKnownFileType = sourcecode.c.h; path = "mongoc-stream-private.h"; sourceTree = "<group>"; };
		37E150561BABCC9E000E4B87 /* mongoc-thread-private.h */ = {isa = PBXFileReference; fileEncoding = 4; lastKnownFileType = sourcecode.c.h; path = "mongoc-thread-private.h"; sourceTree = "<group>"; };
		37E150571BABCC9E000E4B87 /* mongoc-topology-description-private.h */ = {isa = PBXFileReference; fileEncoding = 4; lastKnownFileType = sourcecode.c.h; path = "mongoc-topology-description-private.h"; sourceTree = "<group>"; };
		37E150581BABCC9E000E4B87 /* mongoc-topology-private.h */ = {isa = PBXFileReference; fileEncoding = 4; lastKnownFileType = sourcecode.c.h; path = "mongoc-topology-private.h"; sourceTree = "<group>"; };
		37E150591BABCC9E000E4B87 /* mongoc-topology-scanner-private.h */ = {isa = PBXFileReference; fileEncoding = 4; lastKnownFileType = sourcecode.c.h; path = "mongoc-topology-scanner-private.h"; sourceTree = "<group>"; };
		37E1505A1BABCC9E000E4B87 /* mongoc-uri-private.h */ = {isa = PBXFileReference; fileEncoding = 4; lastKnownFileType = sourcecode.c.h; path = "mongoc-uri-private.h"; sourceTree = "<group>"; };
		37E1505B1BABCC9E000E4B87 /* mongoc-util-private.h */ = {isa = PBXFileReference; fileEncoding = 4; lastKnownFileType = sourcecode.c.h; path = "mongoc-util-private.h"; sourceTree = "<group>"; };
		37E1505C1BABCC9E000E4B87 /* mongoc-write-command-private.h */ = {isa = PBXFileReference; fileEncoding = 4; lastKnownFileType = sourcecode.c.h; path = "mongoc-write-command-private.h"; sourceTree = "<group>"; };
		37E1505D1BABCC9E000E4B87 /* mongoc-write-concern-private.h */ = {isa = PBXFileReference; fileEncoding = 4; lastKnownFileType = sourcecode.c.h; path = "mongoc-write-concern-private.h"; sourceTree = "<group>"; };
		37F58C9B1B9F47FF00E758C5 /* bcon.h */ = {isa = PBXFileReference; fileEncoding = 4; lastKnownFileType = sourcecode.c.h; path = bcon.h; sourceTree = "<group>"; };
		37F58C9C1B9F47FF00E758C5 /* bson-atomic.h */ = {isa = PBXFileReference; fileEncoding = 4; lastKnownFileType = sourcecode.c.h; path = "bson-atomic.h"; sourceTree = "<group>"; };
		37F58C9D1B9F47FF00E758C5 /* bson-clock.h */ = {isa = PBXFileReference; fileEncoding = 4; lastKnownFileType = sourcecode.c.h; path = "bson-clock.h"; sourceTree = "<group>"; };
		37F58C9E1B9F47FF00E758C5 /* bson-compat.h */ = {isa = PBXFileReference; fileEncoding = 4; lastKnownFileType = sourcecode.c.h; path = "bson-compat.h"; sourceTree = "<group>"; };
		37F58C9F1B9F47FF00E758C5 /* bson-config.h */ = {isa = PBXFileReference; fileEncoding = 4; lastKnownFileType = sourcecode.c.h; path = "bson-config.h"; sourceTree = "<group>"; };
		37F58CA01B9F47FF00E758C5 /* bson-context.h */ = {isa = PBXFileReference; fileEncoding = 4; lastKnownFileType = sourcecode.c.h; path = "bson-context.h"; sourceTree = "<group>"; };
		37F58CA11B9F47FF00E758C5 /* bson-endian.h */ = {isa = PBXFileReference; fileEncoding = 4; lastKnownFileType = sourcecode.c.h; path = "bson-endian.h"; sourceTree = "<group>"; };
		37F58CA21B9F47FF00E758C5 /* bson-error.h */ = {isa = PBXFileReference; fileEncoding = 4; lastKnownFileType = sourcecode.c.h; path = "bson-error.h"; sourceTree = "<group>"; };
		37F58CA31B9F47FF00E758C5 /* bson-iter.h */ = {isa = PBXFileReference; fileEncoding = 4; lastKnownFileType = sourcecode.c.h; path = "bson-iter.h"; sourceTree = "<group>"; };
		37F58CA41B9F47FF00E758C5 /* bson-json.h */ = {isa = PBXFileReference; fileEncoding = 4; lastKnownFileType = sourcecode.c.h; path = "bson-json.h"; sourceTree = "<group>"; };
		37F58CA51B9F47FF00E758C5 /* bson-keys.h */ = {isa = PBXFileReference; fileEncoding = 4; lastKnownFileType = sourcecode.c.h; path = "bson-keys.h"; sourceTree = "<group>"; };
		37F58CA61B9F47FF00E758C5 /* bson-macros.h */ = {isa = PBXFileReference; fileEncoding = 4; lastKnownFileType = sourcecode.c.h; path = "bson-macros.h"; sourceTree = "<group>"; };
		37F58CA71B9F47FF00E758C5 /* bson-md5.h */ = {isa = PBXFileReference; fileEncoding = 4; lastKnownFileType = sourcecode.c.h; path = "bson-md5.h"; sourceTree = "<group>"; };
		37F58CA81B9F47FF00E758C5 /* bson-memory.h */ = {isa = PBXFileReference; fileEncoding = 4; lastKnownFileType = sourcecode.c.h; path = "bson-memory.h"; sourceTree = "<group>"; };
		37F58CA91B9F47FF00E758C5 /* bson-oid.h */ = {isa = PBXFileReference; fileEncoding = 4; lastKnownFileType = sourcecode.c.h; path = "bson-oid.h"; sourceTree = "<group>"; };
		37F58CAA1B9F47FF00E758C5 /* bson-reader.h */ = {isa = PBXFileReference; fileEncoding = 4; lastKnownFileType = sourcecode.c.h; path = "bson-reader.h"; sourceTree = "<group>"; };
		37F58CAB1B9F47FF00E758C5 /* bson-stdint.h */ = {isa = PBXFileReference; fileEncoding = 4; lastKnownFileType = sourcecode.c.h; path = "bson-stdint.h"; sourceTree = "<group>"; };
		37F58CAC1B9F47FF00E758C5 /* bson-string.h */ = {isa = PBXFileReference; fileEncoding = 4; lastKnownFileType = sourcecode.c.h; path = "bson-string.h"; sourceTree = "<group>"; };
		37F58CAD1B9F47FF00E758C5 /* bson-types.h */ = {isa = PBXFileReference; fileEncoding = 4; lastKnownFileType = sourcecode.c.h; path = "bson-types.h"; sourceTree = "<group>"; };
		37F58CAE1B9F47FF00E758C5 /* bson-utf8.h */ = {isa = PBXFileReference; fileEncoding = 4; lastKnownFileType = sourcecode.c.h; path = "bson-utf8.h"; sourceTree = "<group>"; };
		37F58CAF1B9F47FF00E758C5 /* bson-value.h */ = {isa = PBXFileReference; fileEncoding = 4; lastKnownFileType = sourcecode.c.h; path = "bson-value.h"; sourceTree = "<group>"; };
		37F58CB01B9F47FF00E758C5 /* bson-version.h */ = {isa = PBXFileReference; fileEncoding = 4; lastKnownFileType = sourcecode.c.h; path = "bson-version.h"; sourceTree = "<group>"; };
		37F58CB11B9F47FF00E758C5 /* bson-writer.h */ = {isa = PBXFileReference; fileEncoding = 4; lastKnownFileType = sourcecode.c.h; path = "bson-writer.h"; sourceTree = "<group>"; };
		37F58CB21B9F47FF00E758C5 /* bson.h */ = {isa = PBXFileReference; fileEncoding = 4; lastKnownFileType = sourcecode.c.h; path = bson.h; sourceTree = "<group>"; };
		37F58CB31B9F47FF00E758C5 /* libbson.dylib */ = {isa = PBXFileReference; lastKnownFileType = "compiled.mach-o.dylib"; path = libbson.dylib; sourceTree = "<group>"; };
		37F58CB41B9F47FF00E758C5 /* libmongoc.dylib */ = {isa = PBXFileReference; lastKnownFileType = "compiled.mach-o.dylib"; path = libmongoc.dylib; sourceTree = "<group>"; };
		37F58CBC1B9F47FF00E758C5 /* mongoc-bulk-operation.h */ = {isa = PBXFileReference; fileEncoding = 4; lastKnownFileType = sourcecode.c.h; path = "mongoc-bulk-operation.h"; sourceTree = "<group>"; };
		37F58CBE1B9F47FF00E758C5 /* mongoc-client-pool.h */ = {isa = PBXFileReference; fileEncoding = 4; lastKnownFileType = sourcecode.c.h; path = "mongoc-client-pool.h"; sourceTree = "<group>"; };
		37F58CC01B9F47FF00E758C5 /* mongoc-client.h */ = {isa = PBXFileReference; fileEncoding = 4; lastKnownFileType = sourcecode.c.h; path = "mongoc-client.h"; sourceTree = "<group>"; };
		37F58CC31B9F47FF00E758C5 /* mongoc-collection.h */ = {isa = PBXFileReference; fileEncoding = 4; lastKnownFileType = sourcecode.c.h; path = "mongoc-collection.h"; sourceTree = "<group>"; };
		37F58CC41B9F47FF00E758C5 /* mongoc-config.h */ = {isa = PBXFileReference; fileEncoding = 4; lastKnownFileType = sourcecode.c.h; path = "mongoc-config.h"; sourceTree = "<group>"; };
		37F58CCB1B9F47FF00E758C5 /* mongoc-cursor.h */ = {isa = PBXFileReference; fileEncoding = 4; lastKnownFileType = sourcecode.c.h; path = "mongoc-cursor.h"; sourceTree = "<group>"; };
		37F58CCD1B9F47FF00E758C5 /* mongoc-database.h */ = {isa = PBXFileReference; fileEncoding = 4; lastKnownFileType = sourcecode.c.h; path = "mongoc-database.h"; sourceTree = "<group>"; };
		37F58CCF1B9F47FF00E758C5 /* mongoc-error.h */ = {isa = PBXFileReference; fileEncoding = 4; lastKnownFileType = sourcecode.c.h; path = "mongoc-error.h"; sourceTree = "<group>"; };
		37F58CD01B9F47FF00E758C5 /* mongoc-flags.h */ = {isa = PBXFileReference; fileEncoding = 4; lastKnownFileType = sourcecode.c.h; path = "mongoc-flags.h"; sourceTree = "<group>"; };
		37F58CD21B9F47FF00E758C5 /* mongoc-gridfs-file-list.h */ = {isa = PBXFileReference; fileEncoding = 4; lastKnownFileType = sourcecode.c.h; path = "mongoc-gridfs-file-list.h"; sourceTree = "<group>"; };
		37F58CD41B9F47FF00E758C5 /* mongoc-gridfs-file-page.h */ = {isa = PBXFileReference; fileEncoding = 4; lastKnownFileType = sourcecode.c.h; path = "mongoc-gridfs-file-page.h"; sourceTree = "<group>"; };
		37F58CD61B9F47FF00E758C5 /* mongoc-gridfs-file.h */ = {isa = PBXFileReference; fileEncoding = 4; lastKnownFileType = sourcecode.c.h; path = "mongoc-gridfs-file.h"; sourceTree = "<group>"; };
		37F58CD81B9F47FF00E758C5 /* mongoc-gridfs.h */ = {isa = PBXFileReference; fileEncoding = 4; lastKnownFileType = sourcecode.c.h; path = "mongoc-gridfs.h"; sourceTree = "<group>"; };
		37F58CDA1B9F47FF00E758C5 /* mongoc-host-list.h */ = {isa = PBXFileReference; fileEncoding = 4; lastKnownFileType = sourcecode.c.h; path = "mongoc-host-list.h"; sourceTree = "<group>"; };
		37F58CDB1B9F47FF00E758C5 /* mongoc-index.h */ = {isa = PBXFileReference; fileEncoding = 4; lastKnownFileType = sourcecode.c.h; path = "mongoc-index.h"; sourceTree = "<group>"; };
		37F58CDC1B9F47FF00E758C5 /* mongoc-init.h */ = {isa = PBXFileReference; fileEncoding = 4; lastKnownFileType = sourcecode.c.h; path = "mongoc-init.h"; sourceTree = "<group>"; };
		37F58CDD1B9F47FF00E758C5 /* mongoc-iovec.h */ = {isa = PBXFileReference; fileEncoding = 4; lastKnownFileType = sourcecode.c.h; path = "mongoc-iovec.h"; sourceTree = "<group>"; };
		37F58CE01B9F47FF00E758C5 /* mongoc-log.h */ = {isa = PBXFileReference; fileEncoding = 4; lastKnownFileType = sourcecode.c.h; path = "mongoc-log.h"; sourceTree = "<group>"; };
		37F58CE31B9F47FF00E758C5 /* mongoc-matcher.h */ = {isa = PBXFileReference; fileEncoding = 4; lastKnownFileType = sourcecode.c.h; path = "mongoc-matcher.h"; sourceTree = "<group>"; };
		37F58CE51B9F47FF00E758C5 /* mongoc-opcode.h */ = {isa = PBXFileReference; fileEncoding = 4; lastKnownFileType = sourcecode.c.h; path = "mongoc-opcode.h"; sourceTree = "<group>"; };
		37F58CE81B9F47FF00E758C5 /* mongoc-rand.h */ = {isa = PBXFileReference; fileEncoding = 4; lastKnownFileType = sourcecode.c.h; path = "mongoc-rand.h"; sourceTree = "<group>"; };
		37F58CEA1B9F47FF00E758C5 /* mongoc-read-prefs.h */ = {isa = PBXFileReference; fileEncoding = 4; lastKnownFileType = sourcecode.c.h; path = "mongoc-read-prefs.h"; sourceTree = "<group>"; };
		37F58CEF1B9F47FF00E758C5 /* mongoc-server-description.h */ = {isa = PBXFileReference; fileEncoding = 4; lastKnownFileType = sourcecode.c.h; path = "mongoc-server-description.h"; sourceTree = "<group>"; };
		37F58CF21B9F47FF00E758C5 /* mongoc-socket.h */ = {isa = PBXFileReference; fileEncoding = 4; lastKnownFileType = sourcecode.c.h; path = "mongoc-socket.h"; sourceTree = "<group>"; };
		37F58CF41B9F47FF00E758C5 /* mongoc-ssl.h */ = {isa = PBXFileReference; fileEncoding = 4; lastKnownFileType = sourcecode.c.h; path = "mongoc-ssl.h"; sourceTree = "<group>"; };
		37F58CF51B9F47FF00E758C5 /* mongoc-stream-buffered.h */ = {isa = PBXFileReference; fileEncoding = 4; lastKnownFileType = sourcecode.c.h; path = "mongoc-stream-buffered.h"; sourceTree = "<group>"; };
		37F58CF61B9F47FF00E758C5 /* mongoc-stream-file.h */ = {isa = PBXFileReference; fileEncoding = 4; lastKnownFileType = sourcecode.c.h; path = "mongoc-stream-file.h"; sourceTree = "<group>"; };
		37F58CF71B9F47FF00E758C5 /* mongoc-stream-gridfs.h */ = {isa = PBXFileReference; fileEncoding = 4; lastKnownFileType = sourcecode.c.h; path = "mongoc-stream-gridfs.h"; sourceTree = "<group>"; };
		37F58CF91B9F47FF00E758C5 /* mongoc-stream-socket.h */ = {isa = PBXFileReference; fileEncoding = 4; lastKnownFileType = sourcecode.c.h; path = "mongoc-stream-socket.h"; sourceTree = "<group>"; };
		37F58CFA1B9F47FF00E758C5 /* mongoc-stream-tls.h */ = {isa = PBXFileReference; fileEncoding = 4; lastKnownFileType = sourcecode.c.h; path = "mongoc-stream-tls.h"; sourceTree = "<group>"; };
		37F58CFB1B9F47FF00E758C5 /* mongoc-stream.h */ = {isa = PBXFileReference; fileEncoding = 4; lastKnownFileType = sourcecode.c.h; path = "mongoc-stream.h"; sourceTree = "<group>"; };
		37F58D001B9F47FF00E758C5 /* mongoc-trace.h */ = {isa = PBXFileReference; fileEncoding = 4; lastKnownFileType = sourcecode.c.h; path = "mongoc-trace.h"; sourceTree = "<group>"; };
		37F58D021B9F47FF00E758C5 /* mongoc-uri.h */ = {isa = PBXFileReference; fileEncoding = 4; lastKnownFileType = sourcecode.c.h; path = "mongoc-uri.h"; sourceTree = "<group>"; };
		37F58D041B9F47FF00E758C5 /* mongoc-version.h */ = {isa = PBXFileReference; fileEncoding = 4; lastKnownFileType = sourcecode.c.h; path = "mongoc-version.h"; sourceTree = "<group>"; };
		37F58D071B9F47FF00E758C5 /* mongoc-write-concern.h */ = {isa = PBXFileReference; fileEncoding = 4; lastKnownFileType = sourcecode.c.h; path = "mongoc-write-concern.h"; sourceTree = "<group>"; };
		37F58D111B9F47FF00E758C5 /* utlist.h */ = {isa = PBXFileReference; fileEncoding = 4; lastKnownFileType = sourcecode.c.h; path = utlist.h; sourceTree = "<group>"; };
		37F58D121B9F47FF00E758C5 /* mongoc.h */ = {isa = PBXFileReference; fileEncoding = 4; lastKnownFileType = sourcecode.c.h; path = mongoc.h; sourceTree = "<group>"; };
		37FD38941B86BD3700ADB9BA /* MongoClient.swift */ = {isa = PBXFileReference; fileEncoding = 4; lastKnownFileType = sourcecode.swift; path = MongoClient.swift; sourceTree = "<group>"; };
		37FD38961B86BD4000ADB9BA /* MongoCollection.swift */ = {isa = PBXFileReference; fileEncoding = 4; lastKnownFileType = sourcecode.swift; path = MongoCollection.swift; sourceTree = "<group>"; };
		37FD38981B86BD4800ADB9BA /* MongoCursor.swift */ = {isa = PBXFileReference; fileEncoding = 4; lastKnownFileType = sourcecode.swift; path = MongoCursor.swift; sourceTree = "<group>"; };
		37FD389A1B86BD5400ADB9BA /* MongoDocument.swift */ = {isa = PBXFileReference; fileEncoding = 4; lastKnownFileType = sourcecode.swift; path = MongoDocument.swift; sourceTree = "<group>"; };
		37FD389C1B86BD5B00ADB9BA /* MongoBSON.swift */ = {isa = PBXFileReference; fileEncoding = 4; lastKnownFileType = sourcecode.swift; path = MongoBSON.swift; sourceTree = "<group>"; };
		37FD38A01B86C36A00ADB9BA /* MongoError.swift */ = {isa = PBXFileReference; fileEncoding = 4; lastKnownFileType = sourcecode.swift; path = MongoError.swift; sourceTree = "<group>"; };
/* End PBXFileReference section */

/* Begin PBXFrameworksBuildPhase section */
		375F5F071B7E65DF007EA172 /* Frameworks */ = {
			isa = PBXFrameworksBuildPhase;
			buildActionMask = 2147483647;
			files = (
				373AA11A1BB651A60054435F /* libbson.dylib in Frameworks */,
				373AA11B1BB651A60054435F /* libmongoc.dylib in Frameworks */,
			);
			runOnlyForDeploymentPostprocessing = 0;
		};
		375F5F121B7E65E0007EA172 /* Frameworks */ = {
			isa = PBXFrameworksBuildPhase;
			buildActionMask = 2147483647;
			files = (
				375F5F161B7E65E0007EA172 /* SwiftMongoDB.framework in Frameworks */,
				376402701BD1EFFD00008D04 /* Nimble.framework in Frameworks */,
				376402711BD1EFFD00008D04 /* Quick.framework in Frameworks */,
			);
			runOnlyForDeploymentPostprocessing = 0;
		};
		3771865E1BE5710D0050E666 /* Frameworks */ = {
			isa = PBXFrameworksBuildPhase;
			buildActionMask = 2147483647;
			files = (
			);
			runOnlyForDeploymentPostprocessing = 0;
		};
/* End PBXFrameworksBuildPhase section */

/* Begin PBXGroup section */
		375F5F011B7E65DF007EA172 = {
			isa = PBXGroup;
			children = (
				3764026E1BD1EFFD00008D04 /* Nimble.framework */,
				3764026F1BD1EFFD00008D04 /* Quick.framework */,
				375F5F0D1B7E65DF007EA172 /* SwiftMongoDB */,
				375F5F191B7E65E0007EA172 /* SwiftMongoDBTests */,
				377186631BE5710D0050E666 /* SwiftMongoDB */,
				375F5F0C1B7E65DF007EA172 /* Products */,
			);
			sourceTree = "<group>";
		};
		375F5F0C1B7E65DF007EA172 /* Products */ = {
			isa = PBXGroup;
			children = (
				375F5F0B1B7E65DF007EA172 /* SwiftMongoDB.framework */,
				375F5F151B7E65E0007EA172 /* SwiftMongoDBTests.xctest */,
				377186621BE5710D0050E666 /* SwiftMongoDB.framework */,
			);
			name = Products;
			sourceTree = "<group>";
		};
		375F5F0D1B7E65DF007EA172 /* SwiftMongoDB */ = {
			isa = PBXGroup;
			children = (
				375F5F0E1B7E65DF007EA172 /* SwiftMongoDB.h */,
				37FD38941B86BD3700ADB9BA /* MongoClient.swift */,
				37FD38961B86BD4000ADB9BA /* MongoCollection.swift */,
				37FD38981B86BD4800ADB9BA /* MongoCursor.swift */,
				37FD389A1B86BD5400ADB9BA /* MongoDocument.swift */,
				37D8EB551B96AB4500D87177 /* MongoWriteConcern.swift */,
				3738B3731B917CB500CC9023 /* MongoObject.swift */,
				37FD389C1B86BD5B00ADB9BA /* MongoBSON.swift */,
				37FD38A01B86C36A00ADB9BA /* MongoError.swift */,
				37D8EB531B96A8B700D87177 /* Declarations.swift */,
				375F5F101B7E65DF007EA172 /* Info.plist */,
				37F58C991B9F47FF00E758C5 /* dependencies */,
			);
			name = SwiftMongoDB;
			path = swiftMongoDB;
			sourceTree = "<group>";
		};
		375F5F191B7E65E0007EA172 /* SwiftMongoDBTests */ = {
			isa = PBXGroup;
			children = (
				375F5F1A1B7E65E0007EA172 /* SwiftMongoDBTests.swift */,
				375F5F1C1B7E65E0007EA172 /* Info.plist */,
			);
			name = SwiftMongoDBTests;
			path = swiftMongoDBTests;
			sourceTree = "<group>";
		};
		377186631BE5710D0050E666 /* SwiftMongoDB */ = {
			isa = PBXGroup;
			children = (
				377186641BE5710D0050E666 /* SwiftMongoDB.h */,
				377186661BE5710D0050E666 /* Info.plist */,
			);
			path = SwiftMongoDB;
			sourceTree = "<group>";
		};
		37E1502F1BABCC9E000E4B87 /* private */ = {
			isa = PBXGroup;
			children = (
				37E150301BABCC9E000E4B87 /* mongoc-array-private.h */,
				37E150311BABCC9E000E4B87 /* mongoc-async-cmd-private.h */,
				37E150321BABCC9E000E4B87 /* mongoc-async-private.h */,
				37E150331BABCC9E000E4B87 /* mongoc-b64-private.h */,
				37E150341BABCC9E000E4B87 /* mongoc-buffer-private.h */,
				37E150351BABCC9E000E4B87 /* mongoc-bulk-operation-private.h */,
				37E150361BABCC9E000E4B87 /* mongoc-client-pool-private.h */,
				37E150371BABCC9E000E4B87 /* mongoc-client-private.h */,
				37E150381BABCC9E000E4B87 /* mongoc-cluster-private.h */,
				37E150391BABCC9E000E4B87 /* mongoc-collection-private.h */,
				37E1503A1BABCC9E000E4B87 /* mongoc-counters-private.h */,
				37E1503B1BABCC9E000E4B87 /* mongoc-cursor-array-private.h */,
				37E1503C1BABCC9E000E4B87 /* mongoc-cursor-cursorid-private.h */,
				37E1503D1BABCC9E000E4B87 /* mongoc-cursor-private.h */,
				37E1503E1BABCC9E000E4B87 /* mongoc-cursor-transform-private.h */,
				37E1503F1BABCC9E000E4B87 /* mongoc-database-private.h */,
				37E150401BABCC9E000E4B87 /* mongoc-errno-private.h */,
				37E150411BABCC9E000E4B87 /* mongoc-gridfs-file-list-private.h */,
				37E150421BABCC9E000E4B87 /* mongoc-gridfs-file-page-private.h */,
				37E150431BABCC9E000E4B87 /* mongoc-gridfs-file-private.h */,
				37E150441BABCC9E000E4B87 /* mongoc-gridfs-private.h */,
				37E150451BABCC9E000E4B87 /* mongoc-host-list-private.h */,
				37E150461BABCC9E000E4B87 /* mongoc-list-private.h */,
				37E150471BABCC9E000E4B87 /* mongoc-log-private.h */,
				37E150481BABCC9E000E4B87 /* mongoc-matcher-op-private.h */,
				37E150491BABCC9E000E4B87 /* mongoc-matcher-private.h */,
				37E1504A1BABCC9E000E4B87 /* mongoc-opcode-private.h */,
				37E1504B1BABCC9E000E4B87 /* mongoc-queue-private.h */,
				37E1504C1BABCC9E000E4B87 /* mongoc-rand-private.h */,
				37E1504D1BABCC9E000E4B87 /* mongoc-read-prefs-private.h */,
				37E1504E1BABCC9E000E4B87 /* mongoc-rpc-private.h */,
				37E1504F1BABCC9E000E4B87 /* mongoc-sasl-private.h */,
				37E150501BABCC9E000E4B87 /* mongoc-scram-private.h */,
				37E150511BABCC9E000E4B87 /* mongoc-server-description-private.h */,
				37E150521BABCC9E000E4B87 /* mongoc-set-private.h */,
				37E150531BABCC9E000E4B87 /* mongoc-socket-private.h */,
				37E150541BABCC9E000E4B87 /* mongoc-ssl-private.h */,
				37E150551BABCC9E000E4B87 /* mongoc-stream-private.h */,
				37E150561BABCC9E000E4B87 /* mongoc-thread-private.h */,
				37E150571BABCC9E000E4B87 /* mongoc-topology-description-private.h */,
				37E150581BABCC9E000E4B87 /* mongoc-topology-private.h */,
				37E150591BABCC9E000E4B87 /* mongoc-topology-scanner-private.h */,
				37E1505A1BABCC9E000E4B87 /* mongoc-uri-private.h */,
				37E1505B1BABCC9E000E4B87 /* mongoc-util-private.h */,
				37E1505C1BABCC9E000E4B87 /* mongoc-write-command-private.h */,
				37E1505D1BABCC9E000E4B87 /* mongoc-write-concern-private.h */,
			);
			name = private;
			path = swiftMongoDB/dependencies/private;
			sourceTree = SOURCE_ROOT;
		};
		37F58C991B9F47FF00E758C5 /* dependencies */ = {
			isa = PBXGroup;
			children = (
				378991321BE569C80096DA6A /* SwiftyJSON.swift */,
				37F58D121B9F47FF00E758C5 /* mongoc.h */,
				37F58CB21B9F47FF00E758C5 /* bson.h */,
				37F58CB31B9F47FF00E758C5 /* libbson.dylib */,
				37F58CB41B9F47FF00E758C5 /* libmongoc.dylib */,
				37F58CB51B9F47FF00E758C5 /* mongoc */,
				37F58C9A1B9F47FF00E758C5 /* bson */,
			);
			path = dependencies;
			sourceTree = "<group>";
		};
		37F58C9A1B9F47FF00E758C5 /* bson */ = {
			isa = PBXGroup;
			children = (
				37F58C9B1B9F47FF00E758C5 /* bcon.h */,
				37F58C9C1B9F47FF00E758C5 /* bson-atomic.h */,
				37F58C9D1B9F47FF00E758C5 /* bson-clock.h */,
				37F58C9E1B9F47FF00E758C5 /* bson-compat.h */,
				37F58C9F1B9F47FF00E758C5 /* bson-config.h */,
				37F58CA01B9F47FF00E758C5 /* bson-context.h */,
				37F58CA11B9F47FF00E758C5 /* bson-endian.h */,
				37F58CA21B9F47FF00E758C5 /* bson-error.h */,
				37F58CA31B9F47FF00E758C5 /* bson-iter.h */,
				37F58CA41B9F47FF00E758C5 /* bson-json.h */,
				37F58CA51B9F47FF00E758C5 /* bson-keys.h */,
				37F58CA61B9F47FF00E758C5 /* bson-macros.h */,
				37F58CA71B9F47FF00E758C5 /* bson-md5.h */,
				37F58CA81B9F47FF00E758C5 /* bson-memory.h */,
				37F58CA91B9F47FF00E758C5 /* bson-oid.h */,
				37F58CAA1B9F47FF00E758C5 /* bson-reader.h */,
				37F58CAB1B9F47FF00E758C5 /* bson-stdint.h */,
				37F58CAC1B9F47FF00E758C5 /* bson-string.h */,
				37F58CAD1B9F47FF00E758C5 /* bson-types.h */,
				37F58CAE1B9F47FF00E758C5 /* bson-utf8.h */,
				37F58CAF1B9F47FF00E758C5 /* bson-value.h */,
				37F58CB01B9F47FF00E758C5 /* bson-version.h */,
				37F58CB11B9F47FF00E758C5 /* bson-writer.h */,
			);
			path = bson;
			sourceTree = "<group>";
		};
		37F58CB51B9F47FF00E758C5 /* mongoc */ = {
			isa = PBXGroup;
			children = (
				37E1502F1BABCC9E000E4B87 /* private */,
				37F58CBC1B9F47FF00E758C5 /* mongoc-bulk-operation.h */,
				37F58CBE1B9F47FF00E758C5 /* mongoc-client-pool.h */,
				37F58CC01B9F47FF00E758C5 /* mongoc-client.h */,
				37F58CC31B9F47FF00E758C5 /* mongoc-collection.h */,
				37F58CC41B9F47FF00E758C5 /* mongoc-config.h */,
				37F58CCB1B9F47FF00E758C5 /* mongoc-cursor.h */,
				37F58CCD1B9F47FF00E758C5 /* mongoc-database.h */,
				37F58CCF1B9F47FF00E758C5 /* mongoc-error.h */,
				37F58CD01B9F47FF00E758C5 /* mongoc-flags.h */,
				37F58CD21B9F47FF00E758C5 /* mongoc-gridfs-file-list.h */,
				37F58CD41B9F47FF00E758C5 /* mongoc-gridfs-file-page.h */,
				37F58CD61B9F47FF00E758C5 /* mongoc-gridfs-file.h */,
				37F58CD81B9F47FF00E758C5 /* mongoc-gridfs.h */,
				37F58CDA1B9F47FF00E758C5 /* mongoc-host-list.h */,
				37F58CDB1B9F47FF00E758C5 /* mongoc-index.h */,
				37F58CDC1B9F47FF00E758C5 /* mongoc-init.h */,
				37F58CDD1B9F47FF00E758C5 /* mongoc-iovec.h */,
				37F58CE01B9F47FF00E758C5 /* mongoc-log.h */,
				37F58CE31B9F47FF00E758C5 /* mongoc-matcher.h */,
				37F58CE51B9F47FF00E758C5 /* mongoc-opcode.h */,
				37F58CE81B9F47FF00E758C5 /* mongoc-rand.h */,
				37F58CEA1B9F47FF00E758C5 /* mongoc-read-prefs.h */,
				37F58CEF1B9F47FF00E758C5 /* mongoc-server-description.h */,
				37F58CF21B9F47FF00E758C5 /* mongoc-socket.h */,
				37F58CF41B9F47FF00E758C5 /* mongoc-ssl.h */,
				37F58CF51B9F47FF00E758C5 /* mongoc-stream-buffered.h */,
				37F58CF61B9F47FF00E758C5 /* mongoc-stream-file.h */,
				37F58CF71B9F47FF00E758C5 /* mongoc-stream-gridfs.h */,
				37F58CF91B9F47FF00E758C5 /* mongoc-stream-socket.h */,
				37F58CFA1B9F47FF00E758C5 /* mongoc-stream-tls.h */,
				37F58CFB1B9F47FF00E758C5 /* mongoc-stream.h */,
				37F58D001B9F47FF00E758C5 /* mongoc-trace.h */,
				37F58D021B9F47FF00E758C5 /* mongoc-uri.h */,
				37F58D041B9F47FF00E758C5 /* mongoc-version.h */,
				37F58D071B9F47FF00E758C5 /* mongoc-write-concern.h */,
				37F58D111B9F47FF00E758C5 /* utlist.h */,
			);
			path = mongoc;
			sourceTree = "<group>";
		};
/* End PBXGroup section */

/* Begin PBXHeadersBuildPhase section */
		375F5F081B7E65DF007EA172 /* Headers */ = {
			isa = PBXHeadersBuildPhase;
			buildActionMask = 2147483647;
			files = (
				37F58D5A1B9F47FF00E758C5 /* mongoc-matcher.h in Headers */,
				37F58D691B9F47FF00E758C5 /* mongoc-socket.h in Headers */,
				37E150671BABCC9E000E4B87 /* mongoc-collection-private.h in Headers */,
				37E1508B1BABCC9E000E4B87 /* mongoc-write-concern-private.h in Headers */,
				37E150801BABCC9E000E4B87 /* mongoc-set-private.h in Headers */,
				37F58D2A1B9F47FF00E758C5 /* bson.h in Headers */,
				37F58D131B9F47FF00E758C5 /* bcon.h in Headers */,
				37E1507F1BABCC9E000E4B87 /* mongoc-server-description-private.h in Headers */,
				37F58D191B9F47FF00E758C5 /* bson-endian.h in Headers */,
				37E150721BABCC9E000E4B87 /* mongoc-gridfs-private.h in Headers */,
				37E1506F1BABCC9E000E4B87 /* mongoc-gridfs-file-list-private.h in Headers */,
				37F58D221B9F47FF00E758C5 /* bson-reader.h in Headers */,
				37F58D201B9F47FF00E758C5 /* bson-memory.h in Headers */,
				37E150601BABCC9E000E4B87 /* mongoc-async-private.h in Headers */,
				37F58D791B9F47FF00E758C5 /* mongoc-uri.h in Headers */,
				37E1507E1BABCC9E000E4B87 /* mongoc-scram-private.h in Headers */,
				37E1506B1BABCC9E000E4B87 /* mongoc-cursor-private.h in Headers */,
				37E1506C1BABCC9E000E4B87 /* mongoc-cursor-transform-private.h in Headers */,
				37F58D261B9F47FF00E758C5 /* bson-utf8.h in Headers */,
				37F58D6D1B9F47FF00E758C5 /* mongoc-stream-file.h in Headers */,
				37F58D5F1B9F47FF00E758C5 /* mongoc-rand.h in Headers */,
				37F58D3A1B9F47FF00E758C5 /* mongoc-collection.h in Headers */,
				37E150781BABCC9E000E4B87 /* mongoc-opcode-private.h in Headers */,
				37E150831BABCC9E000E4B87 /* mongoc-stream-private.h in Headers */,
				37F58D891B9F47FF00E758C5 /* mongoc.h in Headers */,
				37E1506D1BABCC9E000E4B87 /* mongoc-database-private.h in Headers */,
				37E150681BABCC9E000E4B87 /* mongoc-counters-private.h in Headers */,
				37E150791BABCC9E000E4B87 /* mongoc-queue-private.h in Headers */,
				37E150621BABCC9E000E4B87 /* mongoc-buffer-private.h in Headers */,
				37F58D471B9F47FF00E758C5 /* mongoc-flags.h in Headers */,
				37F58D331B9F47FF00E758C5 /* mongoc-bulk-operation.h in Headers */,
				37F58D701B9F47FF00E758C5 /* mongoc-stream-socket.h in Headers */,
				37F58D421B9F47FF00E758C5 /* mongoc-cursor.h in Headers */,
				37E150731BABCC9E000E4B87 /* mongoc-host-list-private.h in Headers */,
				37F58D5C1B9F47FF00E758C5 /* mongoc-opcode.h in Headers */,
				37F58D1E1B9F47FF00E758C5 /* bson-macros.h in Headers */,
				37F58D1F1B9F47FF00E758C5 /* bson-md5.h in Headers */,
				37E150631BABCC9E000E4B87 /* mongoc-bulk-operation-private.h in Headers */,
				37F58D251B9F47FF00E758C5 /* bson-types.h in Headers */,
				37E150891BABCC9E000E4B87 /* mongoc-util-private.h in Headers */,
				37F58D4D1B9F47FF00E758C5 /* mongoc-gridfs-file.h in Headers */,
				37F58D6C1B9F47FF00E758C5 /* mongoc-stream-buffered.h in Headers */,
				37F58D7B1B9F47FF00E758C5 /* mongoc-version.h in Headers */,
				37E150771BABCC9E000E4B87 /* mongoc-matcher-private.h in Headers */,
				37F58D151B9F47FF00E758C5 /* bson-clock.h in Headers */,
				37F58D161B9F47FF00E758C5 /* bson-compat.h in Headers */,
				37E1507D1BABCC9E000E4B87 /* mongoc-sasl-private.h in Headers */,
				37F58D371B9F47FF00E758C5 /* mongoc-client.h in Headers */,
				37F58D231B9F47FF00E758C5 /* bson-stdint.h in Headers */,
				37E150871BABCC9E000E4B87 /* mongoc-topology-scanner-private.h in Headers */,
				37F58D1D1B9F47FF00E758C5 /* bson-keys.h in Headers */,
				37F58D711B9F47FF00E758C5 /* mongoc-stream-tls.h in Headers */,
				37F58D241B9F47FF00E758C5 /* bson-string.h in Headers */,
				37F58D441B9F47FF00E758C5 /* mongoc-database.h in Headers */,
				37F58D881B9F47FF00E758C5 /* utlist.h in Headers */,
				37E150821BABCC9E000E4B87 /* mongoc-ssl-private.h in Headers */,
				37E1506A1BABCC9E000E4B87 /* mongoc-cursor-cursorid-private.h in Headers */,
				375F5F0F1B7E65DF007EA172 /* SwiftMongoDB.h in Headers */,
				37F58D461B9F47FF00E758C5 /* mongoc-error.h in Headers */,
				37F58D1C1B9F47FF00E758C5 /* bson-json.h in Headers */,
				37F58D771B9F47FF00E758C5 /* mongoc-trace.h in Headers */,
				37F58D531B9F47FF00E758C5 /* mongoc-init.h in Headers */,
				37F58D291B9F47FF00E758C5 /* bson-writer.h in Headers */,
				37F58D491B9F47FF00E758C5 /* mongoc-gridfs-file-list.h in Headers */,
				37E1506E1BABCC9E000E4B87 /* mongoc-errno-private.h in Headers */,
				37E1505E1BABCC9E000E4B87 /* mongoc-array-private.h in Headers */,
				37E150751BABCC9E000E4B87 /* mongoc-log-private.h in Headers */,
				37F58D541B9F47FF00E758C5 /* mongoc-iovec.h in Headers */,
				37E150691BABCC9E000E4B87 /* mongoc-cursor-array-private.h in Headers */,
				37F58D3B1B9F47FF00E758C5 /* mongoc-config.h in Headers */,
				37E150651BABCC9E000E4B87 /* mongoc-client-private.h in Headers */,
				37E150711BABCC9E000E4B87 /* mongoc-gridfs-file-private.h in Headers */,
				37E150841BABCC9E000E4B87 /* mongoc-thread-private.h in Headers */,
				37E1505F1BABCC9E000E4B87 /* mongoc-async-cmd-private.h in Headers */,
				37F58D7E1B9F47FF00E758C5 /* mongoc-write-concern.h in Headers */,
				37E1507A1BABCC9E000E4B87 /* mongoc-rand-private.h in Headers */,
				37F58D4F1B9F47FF00E758C5 /* mongoc-gridfs.h in Headers */,
				37F58D281B9F47FF00E758C5 /* bson-version.h in Headers */,
				37F58D661B9F47FF00E758C5 /* mongoc-server-description.h in Headers */,
				37E150641BABCC9E000E4B87 /* mongoc-client-pool-private.h in Headers */,
				37E1507C1BABCC9E000E4B87 /* mongoc-rpc-private.h in Headers */,
				37E150661BABCC9E000E4B87 /* mongoc-cluster-private.h in Headers */,
				37E150861BABCC9E000E4B87 /* mongoc-topology-private.h in Headers */,
				37E150811BABCC9E000E4B87 /* mongoc-socket-private.h in Headers */,
				37F58D171B9F47FF00E758C5 /* bson-config.h in Headers */,
				37F58D211B9F47FF00E758C5 /* bson-oid.h in Headers */,
				37F58D521B9F47FF00E758C5 /* mongoc-index.h in Headers */,
				37F58D1A1B9F47FF00E758C5 /* bson-error.h in Headers */,
				37E150881BABCC9E000E4B87 /* mongoc-uri-private.h in Headers */,
				37F58D141B9F47FF00E758C5 /* bson-atomic.h in Headers */,
				37F58D721B9F47FF00E758C5 /* mongoc-stream.h in Headers */,
				37F58D1B1B9F47FF00E758C5 /* bson-iter.h in Headers */,
				37F58D271B9F47FF00E758C5 /* bson-value.h in Headers */,
				37F58D4B1B9F47FF00E758C5 /* mongoc-gridfs-file-page.h in Headers */,
				37F58D6B1B9F47FF00E758C5 /* mongoc-ssl.h in Headers */,
				37F58D351B9F47FF00E758C5 /* mongoc-client-pool.h in Headers */,
				37F58D181B9F47FF00E758C5 /* bson-context.h in Headers */,
				37F58D6E1B9F47FF00E758C5 /* mongoc-stream-gridfs.h in Headers */,
				37E1507B1BABCC9E000E4B87 /* mongoc-read-prefs-private.h in Headers */,
				37F58D571B9F47FF00E758C5 /* mongoc-log.h in Headers */,
				37E1508A1BABCC9E000E4B87 /* mongoc-write-command-private.h in Headers */,
				37E150701BABCC9E000E4B87 /* mongoc-gridfs-file-page-private.h in Headers */,
				37F58D611B9F47FF00E758C5 /* mongoc-read-prefs.h in Headers */,
				37E150611BABCC9E000E4B87 /* mongoc-b64-private.h in Headers */,
				37E150741BABCC9E000E4B87 /* mongoc-list-private.h in Headers */,
				37E150851BABCC9E000E4B87 /* mongoc-topology-description-private.h in Headers */,
				37F58D511B9F47FF00E758C5 /* mongoc-host-list.h in Headers */,
				37E150761BABCC9E000E4B87 /* mongoc-matcher-op-private.h in Headers */,
			);
			runOnlyForDeploymentPostprocessing = 0;
		};
		3771865F1BE5710D0050E666 /* Headers */ = {
			isa = PBXHeadersBuildPhase;
			buildActionMask = 2147483647;
			files = (
				377186651BE5710D0050E666 /* SwiftMongoDB.h in Headers */,
			);
			runOnlyForDeploymentPostprocessing = 0;
		};
/* End PBXHeadersBuildPhase section */

/* Begin PBXNativeTarget section */
		375F5F0A1B7E65DF007EA172 /* SwiftMongoDB-OSX */ = {
			isa = PBXNativeTarget;
			buildConfigurationList = 375F5F1F1B7E65E0007EA172 /* Build configuration list for PBXNativeTarget "SwiftMongoDB-OSX" */;
			buildPhases = (
				375F5F061B7E65DF007EA172 /* Sources */,
				375F5F071B7E65DF007EA172 /* Frameworks */,
				375F5F081B7E65DF007EA172 /* Headers */,
				375F5F091B7E65DF007EA172 /* Resources */,
				376402761BD1F02000008D04 /* CopyFiles */,
			);
			buildRules = (
			);
			dependencies = (
			);
			name = "SwiftMongoDB-OSX";
			productName = swiftMongoDB;
			productReference = 375F5F0B1B7E65DF007EA172 /* SwiftMongoDB.framework */;
			productType = "com.apple.product-type.framework";
		};
		375F5F141B7E65E0007EA172 /* SwiftMongoDBTests */ = {
			isa = PBXNativeTarget;
			buildConfigurationList = 375F5F221B7E65E0007EA172 /* Build configuration list for PBXNativeTarget "SwiftMongoDBTests" */;
			buildPhases = (
				375F5F111B7E65E0007EA172 /* Sources */,
				375F5F121B7E65E0007EA172 /* Frameworks */,
				375F5F131B7E65E0007EA172 /* Resources */,
				376402721BD1F00A00008D04 /* CopyFiles */,
			);
			buildRules = (
			);
			dependencies = (
				375F5F181B7E65E0007EA172 /* PBXTargetDependency */,
			);
			name = SwiftMongoDBTests;
			productName = swiftMongoDBTests;
			productReference = 375F5F151B7E65E0007EA172 /* SwiftMongoDBTests.xctest */;
			productType = "com.apple.product-type.bundle.unit-test";
		};
		377186611BE5710D0050E666 /* SwiftMongoDB-iOS */ = {
			isa = PBXNativeTarget;
			buildConfigurationList = 377186671BE5710D0050E666 /* Build configuration list for PBXNativeTarget "SwiftMongoDB-iOS" */;
			buildPhases = (
				3771865D1BE5710D0050E666 /* Sources */,
				3771865E1BE5710D0050E666 /* Frameworks */,
				3771865F1BE5710D0050E666 /* Headers */,
				377186601BE5710D0050E666 /* Resources */,
			);
			buildRules = (
			);
			dependencies = (
			);
			name = "SwiftMongoDB-iOS";
			productName = SwiftMongoDB;
			productReference = 377186621BE5710D0050E666 /* SwiftMongoDB.framework */;
			productType = "com.apple.product-type.framework";
		};
/* End PBXNativeTarget section */

/* Begin PBXProject section */
		375F5F021B7E65DF007EA172 /* Project object */ = {
			isa = PBXProject;
			attributes = {
				LastSwiftUpdateCheck = 0700;
				LastUpgradeCheck = 0700;
				ORGANIZATIONNAME = "Dan Appel";
				TargetAttributes = {
					375F5F0A1B7E65DF007EA172 = {
						CreatedOnToolsVersion = 7.0;
					};
					375F5F141B7E65E0007EA172 = {
						CreatedOnToolsVersion = 7.0;
					};
					377186611BE5710D0050E666 = {
						CreatedOnToolsVersion = 7.2;
					};
				};
			};
			buildConfigurationList = 375F5F051B7E65DF007EA172 /* Build configuration list for PBXProject "SwiftMongoDB" */;
			compatibilityVersion = "Xcode 3.2";
			developmentRegion = English;
			hasScannedForEncodings = 0;
			knownRegions = (
				en,
			);
			mainGroup = 375F5F011B7E65DF007EA172;
			productRefGroup = 375F5F0C1B7E65DF007EA172 /* Products */;
			projectDirPath = "";
			projectRoot = "";
			targets = (
				375F5F0A1B7E65DF007EA172 /* SwiftMongoDB-OSX */,
				377186611BE5710D0050E666 /* SwiftMongoDB-iOS */,
				375F5F141B7E65E0007EA172 /* SwiftMongoDBTests */,
			);
		};
/* End PBXProject section */

/* Begin PBXResourcesBuildPhase section */
		375F5F091B7E65DF007EA172 /* Resources */ = {
			isa = PBXResourcesBuildPhase;
			buildActionMask = 2147483647;
			files = (
			);
			runOnlyForDeploymentPostprocessing = 0;
		};
		375F5F131B7E65E0007EA172 /* Resources */ = {
			isa = PBXResourcesBuildPhase;
			buildActionMask = 2147483647;
			files = (
			);
			runOnlyForDeploymentPostprocessing = 0;
		};
		377186601BE5710D0050E666 /* Resources */ = {
			isa = PBXResourcesBuildPhase;
			buildActionMask = 2147483647;
			files = (
			);
			runOnlyForDeploymentPostprocessing = 0;
		};
/* End PBXResourcesBuildPhase section */

/* Begin PBXSourcesBuildPhase section */
		375F5F061B7E65DF007EA172 /* Sources */ = {
			isa = PBXSourcesBuildPhase;
			buildActionMask = 2147483647;
			files = (
				37D8EB541B96A8B700D87177 /* Declarations.swift in Sources */,
				37FD38971B86BD4000ADB9BA /* MongoCollection.swift in Sources */,
				37FD389B1B86BD5400ADB9BA /* MongoDocument.swift in Sources */,
				378991331BE569C80096DA6A /* SwiftyJSON.swift in Sources */,
				37FD389D1B86BD5B00ADB9BA /* MongoBSON.swift in Sources */,
				37D8EB561B96AB4500D87177 /* MongoWriteConcern.swift in Sources */,
				37FD38A11B86C36A00ADB9BA /* MongoError.swift in Sources */,
				37FD38951B86BD3700ADB9BA /* MongoClient.swift in Sources */,
				3738B3741B917CB500CC9023 /* MongoObject.swift in Sources */,
				37FD38991B86BD4800ADB9BA /* MongoCursor.swift in Sources */,
			);
			runOnlyForDeploymentPostprocessing = 0;
		};
		375F5F111B7E65E0007EA172 /* Sources */ = {
			isa = PBXSourcesBuildPhase;
			buildActionMask = 2147483647;
			files = (
				375F5F1B1B7E65E0007EA172 /* SwiftMongoDBTests.swift in Sources */,
			);
			runOnlyForDeploymentPostprocessing = 0;
		};
		3771865D1BE5710D0050E666 /* Sources */ = {
			isa = PBXSourcesBuildPhase;
			buildActionMask = 2147483647;
			files = (
			);
			runOnlyForDeploymentPostprocessing = 0;
		};
/* End PBXSourcesBuildPhase section */

/* Begin PBXTargetDependency section */
		375F5F181B7E65E0007EA172 /* PBXTargetDependency */ = {
			isa = PBXTargetDependency;
			target = 375F5F0A1B7E65DF007EA172 /* SwiftMongoDB-OSX */;
			targetProxy = 375F5F171B7E65E0007EA172 /* PBXContainerItemProxy */;
		};
/* End PBXTargetDependency section */

/* Begin XCBuildConfiguration section */
		3758BC201B9A40BB007175A3 /* Release */ = {
			isa = XCBuildConfiguration;
			buildSettings = {
				ALWAYS_SEARCH_USER_PATHS = NO;
				CLANG_ALLOW_NON_MODULAR_INCLUDES_IN_FRAMEWORK_MODULES = YES;
				CLANG_CXX_LANGUAGE_STANDARD = "gnu++0x";
				CLANG_CXX_LIBRARY = "libc++";
				CLANG_ENABLE_MODULES = YES;
				CLANG_ENABLE_OBJC_ARC = YES;
				CLANG_WARN_BOOL_CONVERSION = YES;
				CLANG_WARN_CONSTANT_CONVERSION = YES;
				CLANG_WARN_DIRECT_OBJC_ISA_USAGE = YES_ERROR;
				CLANG_WARN_EMPTY_BODY = YES;
				CLANG_WARN_ENUM_CONVERSION = YES;
				CLANG_WARN_INT_CONVERSION = YES;
				CLANG_WARN_OBJC_ROOT_CLASS = YES_ERROR;
				CLANG_WARN_UNREACHABLE_CODE = YES;
				CLANG_WARN__DUPLICATE_METHOD_MATCH = YES;
				COPY_PHASE_STRIP = NO;
				CURRENT_PROJECT_VERSION = 1;
				DEBUG_INFORMATION_FORMAT = dwarf;
				ENABLE_STRICT_OBJC_MSGSEND = YES;
				ENABLE_TESTABILITY = YES;
				GCC_C_LANGUAGE_STANDARD = gnu99;
				GCC_DYNAMIC_NO_PIC = NO;
				GCC_NO_COMMON_BLOCKS = YES;
				GCC_OPTIMIZATION_LEVEL = 0;
				GCC_PREPROCESSOR_DEFINITIONS = (
					"DEBUG=1",
					"$(inherited)",
				);
				GCC_WARN_64_TO_32_BIT_CONVERSION = YES;
				GCC_WARN_ABOUT_RETURN_TYPE = YES_ERROR;
				GCC_WARN_UNDECLARED_SELECTOR = YES;
				GCC_WARN_UNINITIALIZED_AUTOS = YES_AGGRESSIVE;
				GCC_WARN_UNUSED_FUNCTION = YES;
				GCC_WARN_UNUSED_VARIABLE = YES;
				HEADER_SEARCH_PATHS = swiftMongoDB/libbson.dylib;
				LIBRARY_SEARCH_PATHS = (
					"$(inherited)",
					"$(PROJECT_DIR)/swiftMongoDB",
				);
				MACOSX_DEPLOYMENT_TARGET = 10.10;
				MTL_ENABLE_DEBUG_INFO = YES;
				ONLY_ACTIVE_ARCH = YES;
				PRODUCT_NAME = SwiftMongoDB;
				SWIFT_OBJC_BRIDGING_HEADER = "";
				SWIFT_OPTIMIZATION_LEVEL = "-Onone";
				VERSIONING_SYSTEM = "apple-generic";
				VERSION_INFO_PREFIX = "";
			};
			name = Release;
		};
		3758BC211B9A40BB007175A3 /* Release */ = {
			isa = XCBuildConfiguration;
			buildSettings = {
				CLANG_ALLOW_NON_MODULAR_INCLUDES_IN_FRAMEWORK_MODULES = YES;
				CLANG_ENABLE_MODULES = YES;
				COMBINE_HIDPI_IMAGES = YES;
				DEFINES_MODULE = YES;
				DYLIB_COMPATIBILITY_VERSION = 1;
				DYLIB_CURRENT_VERSION = 1;
				DYLIB_INSTALL_NAME_BASE = "@rpath";
				FRAMEWORK_SEARCH_PATHS = (
					"$(inherited)",
					"$(PROJECT_DIR)/Carthage/Build/Mac",
				);
				FRAMEWORK_VERSION = A;
				HEADER_SEARCH_PATHS = "swiftMongoDB/**";
				INFOPLIST_FILE = swiftMongoDB/Info.plist;
				INSTALL_PATH = "$(LOCAL_LIBRARY_DIR)/Frameworks";
				LD_RUNPATH_SEARCH_PATHS = "$(inherited) @executable_path/../Frameworks @loader_path/Frameworks";
				LIBRARY_SEARCH_PATHS = (
					"$(inherited)",
					"$(PROJECT_DIR)/swiftMongoDB",
					"$(PROJECT_DIR)/swiftMongoDB/dependencies",
				);
				OTHER_LDFLAGS = "$(inherited)";
				PRODUCT_BUNDLE_IDENTIFIER = me.dvappel.swiftMongoDB;
				PRODUCT_NAME = SwiftMongoDB;
				SDKROOT = macosx;
				SKIP_INSTALL = YES;
				SWIFT_INCLUDE_PATHS = "";
				SWIFT_OBJC_BRIDGING_HEADER = "";
				SWIFT_OPTIMIZATION_LEVEL = "-Onone";
			};
			name = Release;
		};
		3758BC221B9A40BB007175A3 /* Release */ = {
			isa = XCBuildConfiguration;
			buildSettings = {
				COMBINE_HIDPI_IMAGES = YES;
				FRAMEWORK_SEARCH_PATHS = (
					"$(inherited)",
					"$(PROJECT_DIR)/Carthage/Build/Mac",
				);
				INFOPLIST_FILE = swiftMongoDBTests/Info.plist;
				LD_RUNPATH_SEARCH_PATHS = "$(inherited) @executable_path/../Frameworks @loader_path/../Frameworks";
				PRODUCT_BUNDLE_IDENTIFIER = me.dvappel.swiftMongoDBTests;
				PRODUCT_MODULE_NAME = "$(PRODUCT_NAME:c99extidentifier)Tests";
				PRODUCT_NAME = "${TARGET_NAME}";
			};
			name = Release;
		};
		375F5F1D1B7E65E0007EA172 /* Debug */ = {
			isa = XCBuildConfiguration;
			buildSettings = {
				ALWAYS_SEARCH_USER_PATHS = NO;
				CLANG_ALLOW_NON_MODULAR_INCLUDES_IN_FRAMEWORK_MODULES = YES;
				CLANG_CXX_LANGUAGE_STANDARD = "gnu++0x";
				CLANG_CXX_LIBRARY = "libc++";
				CLANG_ENABLE_MODULES = YES;
				CLANG_ENABLE_OBJC_ARC = YES;
				CLANG_WARN_BOOL_CONVERSION = YES;
				CLANG_WARN_CONSTANT_CONVERSION = YES;
				CLANG_WARN_DIRECT_OBJC_ISA_USAGE = YES_ERROR;
				CLANG_WARN_EMPTY_BODY = YES;
				CLANG_WARN_ENUM_CONVERSION = YES;
				CLANG_WARN_INT_CONVERSION = YES;
				CLANG_WARN_OBJC_ROOT_CLASS = YES_ERROR;
				CLANG_WARN_UNREACHABLE_CODE = YES;
				CLANG_WARN__DUPLICATE_METHOD_MATCH = YES;
				COPY_PHASE_STRIP = NO;
				CURRENT_PROJECT_VERSION = 1;
				DEBUG_INFORMATION_FORMAT = dwarf;
				ENABLE_STRICT_OBJC_MSGSEND = YES;
				ENABLE_TESTABILITY = YES;
				GCC_C_LANGUAGE_STANDARD = gnu99;
				GCC_DYNAMIC_NO_PIC = NO;
				GCC_NO_COMMON_BLOCKS = YES;
				GCC_OPTIMIZATION_LEVEL = 0;
				GCC_PREPROCESSOR_DEFINITIONS = (
					"DEBUG=1",
					"$(inherited)",
				);
				GCC_WARN_64_TO_32_BIT_CONVERSION = YES;
				GCC_WARN_ABOUT_RETURN_TYPE = YES_ERROR;
				GCC_WARN_UNDECLARED_SELECTOR = YES;
				GCC_WARN_UNINITIALIZED_AUTOS = YES_AGGRESSIVE;
				GCC_WARN_UNUSED_FUNCTION = YES;
				GCC_WARN_UNUSED_VARIABLE = YES;
				HEADER_SEARCH_PATHS = swiftMongoDB/libbson.dylib;
				LIBRARY_SEARCH_PATHS = (
					"$(inherited)",
					"$(PROJECT_DIR)/swiftMongoDB",
				);
				MACOSX_DEPLOYMENT_TARGET = 10.10;
				MTL_ENABLE_DEBUG_INFO = YES;
				ONLY_ACTIVE_ARCH = YES;
				PRODUCT_NAME = SwiftMongoDB;
				SWIFT_OBJC_BRIDGING_HEADER = "";
				SWIFT_OPTIMIZATION_LEVEL = "-Onone";
				VERSIONING_SYSTEM = "apple-generic";
				VERSION_INFO_PREFIX = "";
			};
			name = Debug;
		};
		375F5F201B7E65E0007EA172 /* Debug */ = {
			isa = XCBuildConfiguration;
			buildSettings = {
				CLANG_ALLOW_NON_MODULAR_INCLUDES_IN_FRAMEWORK_MODULES = YES;
				CLANG_ENABLE_MODULES = YES;
				COMBINE_HIDPI_IMAGES = YES;
				DEFINES_MODULE = YES;
				DYLIB_COMPATIBILITY_VERSION = 1;
				DYLIB_CURRENT_VERSION = 1;
				DYLIB_INSTALL_NAME_BASE = "@rpath";
				FRAMEWORK_SEARCH_PATHS = (
					"$(inherited)",
					"$(PROJECT_DIR)/Carthage/Build/Mac",
				);
				FRAMEWORK_VERSION = A;
				HEADER_SEARCH_PATHS = "swiftMongoDB/**";
				INFOPLIST_FILE = swiftMongoDB/Info.plist;
				INSTALL_PATH = "$(LOCAL_LIBRARY_DIR)/Frameworks";
				LD_RUNPATH_SEARCH_PATHS = "$(inherited) @executable_path/../Frameworks @loader_path/Frameworks";
				LIBRARY_SEARCH_PATHS = (
					"$(inherited)",
					"$(PROJECT_DIR)/swiftMongoDB",
					"$(PROJECT_DIR)/swiftMongoDB/dependencies",
				);
				OTHER_LDFLAGS = "$(inherited)";
				PRODUCT_BUNDLE_IDENTIFIER = me.dvappel.swiftMongoDB;
				PRODUCT_NAME = SwiftMongoDB;
				SDKROOT = macosx;
				SKIP_INSTALL = YES;
				SWIFT_INCLUDE_PATHS = "";
				SWIFT_OBJC_BRIDGING_HEADER = "";
				SWIFT_OPTIMIZATION_LEVEL = "-Onone";
			};
			name = Debug;
		};
		375F5F231B7E65E0007EA172 /* Debug */ = {
			isa = XCBuildConfiguration;
			buildSettings = {
				COMBINE_HIDPI_IMAGES = YES;
				FRAMEWORK_SEARCH_PATHS = (
					"$(inherited)",
					"$(PROJECT_DIR)/Carthage/Build/Mac",
				);
				INFOPLIST_FILE = swiftMongoDBTests/Info.plist;
				LD_RUNPATH_SEARCH_PATHS = "$(inherited) @executable_path/../Frameworks @loader_path/../Frameworks";
				PRODUCT_BUNDLE_IDENTIFIER = me.dvappel.swiftMongoDBTests;
				PRODUCT_MODULE_NAME = "$(PRODUCT_NAME:c99extidentifier)Tests";
				PRODUCT_NAME = "${TARGET_NAME}";
			};
			name = Debug;
		};
		377186681BE5710D0050E666 /* Debug */ = {
			isa = XCBuildConfiguration;
			buildSettings = {
				"CODE_SIGN_IDENTITY[sdk=iphoneos*]" = "iPhone Developer";
				DEFINES_MODULE = YES;
				DYLIB_COMPATIBILITY_VERSION = 1;
				DYLIB_CURRENT_VERSION = 1;
				DYLIB_INSTALL_NAME_BASE = "@rpath";
				INFOPLIST_FILE = SwiftMongoDB/Info.plist;
				INSTALL_PATH = "$(LOCAL_LIBRARY_DIR)/Frameworks";
				IPHONEOS_DEPLOYMENT_TARGET = 9.2;
				LD_RUNPATH_SEARCH_PATHS = "$(inherited) @executable_path/Frameworks @loader_path/Frameworks";
				PRODUCT_BUNDLE_IDENTIFIER = me.dvappel.SwiftMongoDB;
				PRODUCT_NAME = SwiftMongoDB;
				SDKROOT = iphoneos;
				SKIP_INSTALL = YES;
				TARGETED_DEVICE_FAMILY = "1,2";
			};
			name = Debug;
		};
		377186691BE5710D0050E666 /* Release */ = {
			isa = XCBuildConfiguration;
			buildSettings = {
				"CODE_SIGN_IDENTITY[sdk=iphoneos*]" = "iPhone Developer";
				DEBUG_INFORMATION_FORMAT = "dwarf-with-dsym";
				DEFINES_MODULE = YES;
				DYLIB_COMPATIBILITY_VERSION = 1;
				DYLIB_CURRENT_VERSION = 1;
				DYLIB_INSTALL_NAME_BASE = "@rpath";
				ENABLE_NS_ASSERTIONS = NO;
				INFOPLIST_FILE = SwiftMongoDB/Info.plist;
				INSTALL_PATH = "$(LOCAL_LIBRARY_DIR)/Frameworks";
				IPHONEOS_DEPLOYMENT_TARGET = 9.2;
				LD_RUNPATH_SEARCH_PATHS = "$(inherited) @executable_path/Frameworks @loader_path/Frameworks";
				MTL_ENABLE_DEBUG_INFO = NO;
				PRODUCT_BUNDLE_IDENTIFIER = me.dvappel.SwiftMongoDB;
				PRODUCT_NAME = SwiftMongoDB;
				SDKROOT = iphoneos;
				SKIP_INSTALL = YES;
				TARGETED_DEVICE_FAMILY = "1,2";
				VALIDATE_PRODUCT = YES;
			};
			name = Release;
		};
/* End XCBuildConfiguration section */

/* Begin XCConfigurationList section */
		375F5F051B7E65DF007EA172 /* Build configuration list for PBXProject "SwiftMongoDB" */ = {
			isa = XCConfigurationList;
			buildConfigurations = (
				375F5F1D1B7E65E0007EA172 /* Debug */,
				3758BC201B9A40BB007175A3 /* Release */,
			);
			defaultConfigurationIsVisible = 0;
			defaultConfigurationName = Debug;
		};
		375F5F1F1B7E65E0007EA172 /* Build configuration list for PBXNativeTarget "SwiftMongoDB-OSX" */ = {
			isa = XCConfigurationList;
			buildConfigurations = (
				375F5F201B7E65E0007EA172 /* Debug */,
				3758BC211B9A40BB007175A3 /* Release */,
			);
			defaultConfigurationIsVisible = 0;
			defaultConfigurationName = Debug;
		};
		375F5F221B7E65E0007EA172 /* Build configuration list for PBXNativeTarget "SwiftMongoDBTests" */ = {
			isa = XCConfigurationList;
			buildConfigurations = (
				375F5F231B7E65E0007EA172 /* Debug */,
				3758BC221B9A40BB007175A3 /* Release */,
			);
			defaultConfigurationIsVisible = 0;
			defaultConfigurationName = Debug;
		};
		377186671BE5710D0050E666 /* Build configuration list for PBXNativeTarget "SwiftMongoDB-iOS" */ = {
			isa = XCConfigurationList;
			buildConfigurations = (
				377186681BE5710D0050E666 /* Debug */,
				377186691BE5710D0050E666 /* Release */,
			);
			defaultConfigurationIsVisible = 0;
		};
/* End XCConfigurationList section */
	};
	rootObject = 375F5F021B7E65DF007EA172 /* Project object */;
}
