PODS:
  - Nimble (2.0.0-rc.2)
  - Quick (0.5.1)
  - SwiftyJSON (2.3.0)

DEPENDENCIES:
  - Nimble (= 2.0.0-rc.2)
  - Quick (~> 0.5.0)
  - SwiftyJSON

SPEC CHECKSUMS:
  Nimble: e3cf5e73a491daf21c2bc88783dbfc55ce8b8e02
  Quick: 7426537a99e75076d6930c5b6da58006e4a9f38a
  SwiftyJSON: 8d6b61a70277ef2a5d710d372e06e7e2d87fb9e4

COCOAPODS: 0.39.0.beta.4
