// !$*UTF8*$!
{
	archiveVersion = 1;
	classes = {
	};
	objectVersion = 46;
	objects = {

/* Begin PBXBuildFile section */
		373E29E81B7E68B800167998 /* AppDelegate.swift in Sources */ = {isa = PBXBuildFile; fileRef = 373E29E71B7E68B800167998 /* AppDelegate.swift */; };
		373E29EA1B7E68B800167998 /* ViewController.swift in Sources */ = {isa = PBXBuildFile; fileRef = 373E29E91B7E68B800167998 /* ViewController.swift */; };
		373E29EC1B7E68B800167998 /* Assets.xcassets in Resources */ = {isa = PBXBuildFile; fileRef = 373E29EB1B7E68B800167998 /* Assets.xcassets */; };
		373E29EF1B7E68B800167998 /* Main.storyboard in Resources */ = {isa = PBXBuildFile; fileRef = 373E29ED1B7E68B800167998 /* Main.storyboard */; };
/* End PBXBuildFile section */

/* Begin PBXContainerItemProxy section */
		373E29F61B7E68B800167998 /* PBXContainerItemProxy */ = {
			isa = PBXContainerItemProxy;
			containerPortal = 373E29DC1B7E68B800167998 /* Project object */;
			proxyType = 1;
			remoteGlobalIDString = 373E29E31B7E68B800167998;
			remoteInfo = swiftMongoDBExample;
		};
		373E2A011B7E68B800167998 /* PBXContainerItemProxy */ = {
			isa = PBXContainerItemProxy;
			containerPortal = 373E29DC1B7E68B800167998 /* Project object */;
			proxyType = 1;
			remoteGlobalIDString = 373E29E31B7E68B800167998;
			remoteInfo = swiftMongoDBExample;
		};
/* End PBXContainerItemProxy section */

/* Begin PBXFileReference section */
		373E29E41B7E68B800167998 /* swiftMongoDBExample.app */ = {isa = PBXFileReference; explicitFileType = wrapper.application; includeInIndex = 0; path = swiftMongoDBExample.app; sourceTree = BUILT_PRODUCTS_DIR; };
		373E29E71B7E68B800167998 /* AppDelegate.swift */ = {isa = PBXFileReference; lastKnownFileType = sourcecode.swift; path = AppDelegate.swift; sourceTree = "<group>"; };
		373E29E91B7E68B800167998 /* ViewController.swift */ = {isa = PBXFileReference; lastKnownFileType = sourcecode.swift; path = ViewController.swift; sourceTree = "<group>"; };
		373E29EB1B7E68B800167998 /* Assets.xcassets */ = {isa = PBXFileReference; lastKnownFileType = folder.assetcatalog; path = Assets.xcassets; sourceTree = "<group>"; };
		373E29EE1B7E68B800167998 /* Base */ = {isa = PBXFileReference; lastKnownFileType = file.storyboard; name = Base; path = Base.lproj/Main.storyboard; sourceTree = "<group>"; };
		373E29F01B7E68B800167998 /* Info.plist */ = {isa = PBXFileReference; lastKnownFileType = text.plist.xml; path = Info.plist; sourceTree = "<group>"; };
		373E29F51B7E68B800167998 /* swiftMongoDBExampleTests.xctest */ = {isa = PBXFileReference; explicitFileType = wrapper.cfbundle; includeInIndex = 0; path = swiftMongoDBExampleTests.xctest; sourceTree = BUILT_PRODUCTS_DIR; };
		373E2A001B7E68B800167998 /* swiftMongoDBExampleUITests.xctest */ = {isa = PBXFileReference; explicitFileType = wrapper.cfbundle; includeInIndex = 0; path = swiftMongoDBExampleUITests.xctest; sourceTree = BUILT_PRODUCTS_DIR; };
/* End PBXFileReference section */

/* Begin PBXFrameworksBuildPhase section */
		373E29E11B7E68B800167998 /* Frameworks */ = {
			isa = PBXFrameworksBuildPhase;
			buildActionMask = 2147483647;
			files = (
			);
			runOnlyForDeploymentPostprocessing = 0;
		};
		373E29F21B7E68B800167998 /* Frameworks */ = {
			isa = PBXFrameworksBuildPhase;
			buildActionMask = 2147483647;
			files = (
			);
			runOnlyForDeploymentPostprocessing = 0;
		};
		373E29FD1B7E68B800167998 /* Frameworks */ = {
			isa = PBXFrameworksBuildPhase;
			buildActionMask = 2147483647;
			files = (
			);
			runOnlyForDeploymentPostprocessing = 0;
		};
/* End PBXFrameworksBuildPhase section */

/* Begin PBXGroup section */
		373E29DB1B7E68B800167998 = {
			isa = PBXGroup;
			children = (
				373E29E61B7E68B800167998 /* swiftMongoDBExample */,
				373E29E51B7E68B800167998 /* Products */,
			);
			sourceTree = "<group>";
		};
		373E29E51B7E68B800167998 /* Products */ = {
			isa = PBXGroup;
			children = (
				373E29E41B7E68B800167998 /* swiftMongoDBExample.app */,
				373E29F51B7E68B800167998 /* swiftMongoDBExampleTests.xctest */,
				373E2A001B7E68B800167998 /* swiftMongoDBExampleUITests.xctest */,
			);
			name = Products;
			sourceTree = "<group>";
		};
		373E29E61B7E68B800167998 /* swiftMongoDBExample */ = {
			isa = PBXGroup;
			children = (
				373E29E71B7E68B800167998 /* AppDelegate.swift */,
				373E29E91B7E68B800167998 /* ViewController.swift */,
				373E29EB1B7E68B800167998 /* Assets.xcassets */,
				373E29ED1B7E68B800167998 /* Main.storyboard */,
				373E29F01B7E68B800167998 /* Info.plist */,
			);
			path = swiftMongoDBExample;
			sourceTree = "<group>";
		};
/* End PBXGroup section */

/* Begin PBXNativeTarget section */
		373E29E31B7E68B800167998 /* swiftMongoDBExample */ = {
			isa = PBXNativeTarget;
			buildConfigurationList = 373E2A091B7E68B800167998 /* Build configuration list for PBXNativeTarget "swiftMongoDBExample" */;
			buildPhases = (
				373E29E01B7E68B800167998 /* Sources */,
				373E29E11B7E68B800167998 /* Frameworks */,
				373E29E21B7E68B800167998 /* Resources */,
			);
			buildRules = (
			);
			dependencies = (
			);
			name = swiftMongoDBExample;
			productName = swiftMongoDBExample;
			productReference = 373E29E41B7E68B800167998 /* swiftMongoDBExample.app */;
			productType = "com.apple.product-type.application";
		};
		373E29F41B7E68B800167998 /* swiftMongoDBExampleTests */ = {
			isa = PBXNativeTarget;
			buildConfigurationList = 373E2A0C1B7E68B800167998 /* Build configuration list for PBXNativeTarget "swiftMongoDBExampleTests" */;
			buildPhases = (
				373E29F11B7E68B800167998 /* Sources */,
				373E29F21B7E68B800167998 /* Frameworks */,
				373E29F31B7E68B800167998 /* Resources */,
			);
			buildRules = (
			);
			dependencies = (
				373E29F71B7E68B800167998 /* PBXTargetDependency */,
			);
			name = swiftMongoDBExampleTests;
			productName = swiftMongoDBExampleTests;
			productReference = 373E29F51B7E68B800167998 /* swiftMongoDBExampleTests.xctest */;
			productType = "com.apple.product-type.bundle.unit-test";
		};
		373E29FF1B7E68B800167998 /* swiftMongoDBExampleUITests */ = {
			isa = PBXNativeTarget;
			buildConfigurationList = 373E2A0F1B7E68B800167998 /* Build configuration list for PBXNativeTarget "swiftMongoDBExampleUITests" */;
			buildPhases = (
				373E29FC1B7E68B800167998 /* Sources */,
				373E29FD1B7E68B800167998 /* Frameworks */,
				373E29FE1B7E68B800167998 /* Resources */,
			);
			buildRules = (
			);
			dependencies = (
				373E2A021B7E68B800167998 /* PBXTargetDependency */,
			);
			name = swiftMongoDBExampleUITests;
			productName = swiftMongoDBExampleUITests;
			productReference = 373E2A001B7E68B800167998 /* swiftMongoDBExampleUITests.xctest */;
			productType = "com.apple.product-type.bundle.ui-testing";
		};
/* End PBXNativeTarget section */

/* Begin PBXProject section */
		373E29DC1B7E68B800167998 /* Project object */ = {
			isa = PBXProject;
			attributes = {
				LastUpgradeCheck = 0700;
				ORGANIZATIONNAME = "Dan Appel";
				TargetAttributes = {
					373E29E31B7E68B800167998 = {
						CreatedOnToolsVersion = 7.0;
					};
					373E29F41B7E68B800167998 = {
						CreatedOnToolsVersion = 7.0;
						TestTargetID = 373E29E31B7E68B800167998;
					};
					373E29FF1B7E68B800167998 = {
						CreatedOnToolsVersion = 7.0;
						TestTargetID = 373E29E31B7E68B800167998;
					};
				};
			};
			buildConfigurationList = 373E29DF1B7E68B800167998 /* Build configuration list for PBXProject "swiftMongoDBExample" */;
			compatibilityVersion = "Xcode 3.2";
			developmentRegion = English;
			hasScannedForEncodings = 0;
			knownRegions = (
				en,
				Base,
			);
			mainGroup = 373E29DB1B7E68B800167998;
			productRefGroup = 373E29E51B7E68B800167998 /* Products */;
			projectDirPath = "";
			projectRoot = "";
			targets = (
				373E29E31B7E68B800167998 /* swiftMongoDBExample */,
				373E29F41B7E68B800167998 /* swiftMongoDBExampleTests */,
				373E29FF1B7E68B800167998 /* swiftMongoDBExampleUITests */,
			);
		};
/* End PBXProject section */

/* Begin PBXResourcesBuildPhase section */
		373E29E21B7E68B800167998 /* Resources */ = {
			isa = PBXResourcesBuildPhase;
			buildActionMask = 2147483647;
			files = (
				373E29EC1B7E68B800167998 /* Assets.xcassets in Resources */,
				373E29EF1B7E68B800167998 /* Main.storyboard in Resources */,
			);
			runOnlyForDeploymentPostprocessing = 0;
		};
		373E29F31B7E68B800167998 /* Resources */ = {
			isa = PBXResourcesBuildPhase;
			buildActionMask = 2147483647;
			files = (
			);
			runOnlyForDeploymentPostprocessing = 0;
		};
		373E29FE1B7E68B800167998 /* Resources */ = {
			isa = PBXResourcesBuildPhase;
			buildActionMask = 2147483647;
			files = (
			);
			runOnlyForDeploymentPostprocessing = 0;
		};
/* End PBXResourcesBuildPhase section */

/* Begin PBXSourcesBuildPhase section */
		373E29E01B7E68B800167998 /* Sources */ = {
			isa = PBXSourcesBuildPhase;
			buildActionMask = 2147483647;
			files = (
				373E29EA1B7E68B800167998 /* ViewController.swift in Sources */,
				373E29E81B7E68B800167998 /* AppDelegate.swift in Sources */,
			);
			runOnlyForDeploymentPostprocessing = 0;
		};
		373E29F11B7E68B800167998 /* Sources */ = {
			isa = PBXSourcesBuildPhase;
			buildActionMask = 2147483647;
			files = (
			);
			runOnlyForDeploymentPostprocessing = 0;
		};
		373E29FC1B7E68B800167998 /* Sources */ = {
			isa = PBXSourcesBuildPhase;
			buildActionMask = 2147483647;
			files = (
			);
			runOnlyForDeploymentPostprocessing = 0;
		};
/* End PBXSourcesBuildPhase section */

/* Begin PBXTargetDependency section */
		373E29F71B7E68B800167998 /* PBXTargetDependency */ = {
			isa = PBXTargetDependency;
			target = 373E29E31B7E68B800167998 /* swiftMongoDBExample */;
			targetProxy = 373E29F61B7E68B800167998 /* PBXContainerItemProxy */;
		};
		373E2A021B7E68B800167998 /* PBXTargetDependency */ = {
			isa = PBXTargetDependency;
			target = 373E29E31B7E68B800167998 /* swiftMongoDBExample */;
			targetProxy = 373E2A011B7E68B800167998 /* PBXContainerItemProxy */;
		};
/* End PBXTargetDependency section */

/* Begin PBXVariantGroup section */
		373E29ED1B7E68B800167998 /* Main.storyboard */ = {
			isa = PBXVariantGroup;
			children = (
				373E29EE1B7E68B800167998 /* Base */,
			);
			name = Main.storyboard;
			sourceTree = "<group>";
		};
/* End PBXVariantGroup section */

/* Begin XCBuildConfiguration section */
		373E2A071B7E68B800167998 /* Debug */ = {
			isa = XCBuildConfiguration;
			buildSettings = {
				ALWAYS_SEARCH_USER_PATHS = NO;
				CLANG_CXX_LANGUAGE_STANDARD = "gnu++0x";
				CLANG_CXX_LIBRARY = "libc++";
				CLANG_ENABLE_MODULES = YES;
				CLANG_ENABLE_OBJC_ARC = YES;
				CLANG_WARN_BOOL_CONVERSION = YES;
				CLANG_WARN_CONSTANT_CONVERSION = YES;
				CLANG_WARN_DIRECT_OBJC_ISA_USAGE = YES_ERROR;
				CLANG_WARN_EMPTY_BODY = YES;
				CLANG_WARN_ENUM_CONVERSION = YES;
				CLANG_WARN_INT_CONVERSION = YES;
				CLANG_WARN_OBJC_ROOT_CLASS = YES_ERROR;
				CLANG_WARN_UNREACHABLE_CODE = YES;
				CLANG_WARN__DUPLICATE_METHOD_MATCH = YES;
				CODE_SIGN_IDENTITY = "-";
				COPY_PHASE_STRIP = NO;
				DEBUG_INFORMATION_FORMAT = dwarf;
				ENABLE_STRICT_OBJC_MSGSEND = YES;
				ENABLE_TESTABILITY = YES;
				GCC_C_LANGUAGE_STANDARD = gnu99;
				GCC_DYNAMIC_NO_PIC = NO;
				GCC_NO_COMMON_BLOCKS = YES;
				GCC_OPTIMIZATION_LEVEL = 0;
				GCC_PREPROCESSOR_DEFINITIONS = (
					"DEBUG=1",
					"$(inherited)",
				);
				GCC_WARN_64_TO_32_BIT_CONVERSION = YES;
				GCC_WARN_ABOUT_RETURN_TYPE = YES_ERROR;
				GCC_WARN_UNDECLARED_SELECTOR = YES;
				GCC_WARN_UNINITIALIZED_AUTOS = YES_AGGRESSIVE;
				GCC_WARN_UNUSED_FUNCTION = YES;
				GCC_WARN_UNUSED_VARIABLE = YES;
				MACOSX_DEPLOYMENT_TARGET = 10.10;
				MTL_ENABLE_DEBUG_INFO = YES;
				ONLY_ACTIVE_ARCH = YES;
				SDKROOT = macosx;
				SWIFT_INCLUDE_PATHS = "";
				SWIFT_OPTIMIZATION_LEVEL = "-Onone";
			};
			name = Debug;
		};
		373E2A081B7E68B800167998 /* Release */ = {
			isa = XCBuildConfiguration;
			buildSettings = {
				ALWAYS_SEARCH_USER_PATHS = NO;
				CLANG_CXX_LANGUAGE_STANDARD = "gnu++0x";
				CLANG_CXX_LIBRARY = "libc++";
				CLANG_ENABLE_MODULES = YES;
				CLANG_ENABLE_OBJC_ARC = YES;
				CLANG_WARN_BOOL_CONVERSION = YES;
				CLANG_WARN_CONSTANT_CONVERSION = YES;
				CLANG_WARN_DIRECT_OBJC_ISA_USAGE = YES_ERROR;
				CLANG_WARN_EMPTY_BODY = YES;
				CLANG_WARN_ENUM_CONVERSION = YES;
				CLANG_WARN_INT_CONVERSION = YES;
				CLANG_WARN_OBJC_ROOT_CLASS = YES_ERROR;
				CLANG_WARN_UNREACHABLE_CODE = YES;
				CLANG_WARN__DUPLICATE_METHOD_MATCH = YES;
				CODE_SIGN_IDENTITY = "-";
				COPY_PHASE_STRIP = NO;
				DEBUG_INFORMATION_FORMAT = "dwarf-with-dsym";
				ENABLE_NS_ASSERTIONS = NO;
				ENABLE_STRICT_OBJC_MSGSEND = YES;
				GCC_C_LANGUAGE_STANDARD = gnu99;
				GCC_NO_COMMON_BLOCKS = YES;
				GCC_WARN_64_TO_32_BIT_CONVERSION = YES;
				GCC_WARN_ABOUT_RETURN_TYPE = YES_ERROR;
				GCC_WARN_UNDECLARED_SELECTOR = YES;
				GCC_WARN_UNINITIALIZED_AUTOS = YES_AGGRESSIVE;
				GCC_WARN_UNUSED_FUNCTION = YES;
				GCC_WARN_UNUSED_VARIABLE = YES;
				MACOSX_DEPLOYMENT_TARGET = 10.10;
				MTL_ENABLE_DEBUG_INFO = NO;
				SDKROOT = macosx;
				SWIFT_INCLUDE_PATHS = "";
			};
			name = Release;
		};
		373E2A0A1B7E68B800167998 /* Debug */ = {
			isa = XCBuildConfiguration;
			buildSettings = {
				ASSETCATALOG_COMPILER_APPICON_NAME = AppIcon;
				COMBINE_HIDPI_IMAGES = YES;
				INFOPLIST_FILE = swiftMongoDBExample/Info.plist;
				LD_RUNPATH_SEARCH_PATHS = "$(inherited) @executable_path/../Frameworks";
				PRODUCT_BUNDLE_IDENTIFIER = me.dvappel.swiftMongoDBExample;
				PRODUCT_NAME = "$(TARGET_NAME)";
			};
			name = Debug;
		};
		373E2A0B1B7E68B800167998 /* Release */ = {
			isa = XCBuildConfiguration;
			buildSettings = {
				ASSETCATALOG_COMPILER_APPICON_NAME = AppIcon;
				COMBINE_HIDPI_IMAGES = YES;
				INFOPLIST_FILE = swiftMongoDBExample/Info.plist;
				LD_RUNPATH_SEARCH_PATHS = "$(inherited) @executable_path/../Frameworks";
				PRODUCT_BUNDLE_IDENTIFIER = me.dvappel.swiftMongoDBExample;
				PRODUCT_NAME = "$(TARGET_NAME)";
			};
			name = Release;
		};
		373E2A0D1B7E68B800167998 /* Debug */ = {
			isa = XCBuildConfiguration;
			buildSettings = {
				BUNDLE_LOADER = "$(TEST_HOST)";
				COMBINE_HIDPI_IMAGES = YES;
				INFOPLIST_FILE = swiftMongoDBExampleTests/Info.plist;
				LD_RUNPATH_SEARCH_PATHS = "$(inherited) @executable_path/../Frameworks @loader_path/../Frameworks";
				PRODUCT_BUNDLE_IDENTIFIER = me.dvappel.swiftMongoDBExampleTests;
				PRODUCT_NAME = "$(TARGET_NAME)";
				TEST_HOST = "$(BUILT_PRODUCTS_DIR)/swiftMongoDBExample.app/Contents/MacOS/swiftMongoDBExample";
			};
			name = Debug;
		};
		373E2A0E1B7E68B800167998 /* Release */ = {
			isa = XCBuildConfiguration;
			buildSettings = {
				BUNDLE_LOADER = "$(TEST_HOST)";
				COMBINE_HIDPI_IMAGES = YES;
				INFOPLIST_FILE = swiftMongoDBExampleTests/Info.plist;
				LD_RUNPATH_SEARCH_PATHS = "$(inherited) @executable_path/../Frameworks @loader_path/../Frameworks";
				PRODUCT_BUNDLE_IDENTIFIER = me.dvappel.swiftMongoDBExampleTests;
				PRODUCT_NAME = "$(TARGET_NAME)";
				TEST_HOST = "$(BUILT_PRODUCTS_DIR)/swiftMongoDBExample.app/Contents/MacOS/swiftMongoDBExample";
			};
			name = Release;
		};
		373E2A101B7E68B800167998 /* Debug */ = {
			isa = XCBuildConfiguration;
			buildSettings = {
				COMBINE_HIDPI_IMAGES = YES;
				INFOPLIST_FILE = swiftMongoDBExampleUITests/Info.plist;
				LD_RUNPATH_SEARCH_PATHS = "$(inherited) @executable_path/../Frameworks @loader_path/../Frameworks";
				PRODUCT_BUNDLE_IDENTIFIER = me.dvappel.swiftMongoDBExampleUITests;
				PRODUCT_NAME = "$(TARGET_NAME)";
				TEST_TARGET_NAME = swiftMongoDBExample;
				USES_XCTRUNNER = YES;
			};
			name = Debug;
		};
		373E2A111B7E68B800167998 /* Release */ = {
			isa = XCBuildConfiguration;
			buildSettings = {
				COMBINE_HIDPI_IMAGES = YES;
				INFOPLIST_FILE = swiftMongoDBExampleUITests/Info.plist;
				LD_RUNPATH_SEARCH_PATHS = "$(inherited) @executable_path/../Frameworks @loader_path/../Frameworks";
				PRODUCT_BUNDLE_IDENTIFIER = me.dvappel.swiftMongoDBExampleUITests;
				PRODUCT_NAME = "$(TARGET_NAME)";
				TEST_TARGET_NAME = swiftMongoDBExample;
				USES_XCTRUNNER = YES;
			};
			name = Release;
		};
/* End XCBuildConfiguration section */

/* Begin XCConfigurationList section */
		373E29DF1B7E68B800167998 /* Build configuration list for PBXProject "swiftMongoDBExample" */ = {
			isa = XCConfigurationList;
			buildConfigurations = (
				373E2A071B7E68B800167998 /* Debug */,
				373E2A081B7E68B800167998 /* Release */,
			);
			defaultConfigurationIsVisible = 0;
			defaultConfigurationName = Release;
		};
		373E2A091B7E68B800167998 /* Build configuration list for PBXNativeTarget "swiftMongoDBExample" */ = {
			isa = XCConfigurationList;
			buildConfigurations = (
				373E2A0A1B7E68B800167998 /* Debug */,
				373E2A0B1B7E68B800167998 /* Release */,
			);
			defaultConfigurationIsVisible = 0;
			defaultConfigurationName = Release;
		};
		373E2A0C1B7E68B800167998 /* Build configuration list for PBXNativeTarget "swiftMongoDBExampleTests" */ = {
			isa = XCConfigurationList;
			buildConfigurations = (
				373E2A0D1B7E68B800167998 /* Debug */,
				373E2A0E1B7E68B800167998 /* Release */,
			);
			defaultConfigurationIsVisible = 0;
			defaultConfigurationName = Release;
		};
		373E2A0F1B7E68B800167998 /* Build configuration list for PBXNativeTarget "swiftMongoDBExampleUITests" */ = {
			isa = XCConfigurationList;
			buildConfigurations = (
				373E2A101B7E68B800167998 /* Debug */,
				373E2A111B7E68B800167998 /* Release */,
			);
			defaultConfigurationIsVisible = 0;
			defaultConfigurationName = Release;
		};
/* End XCConfigurationList section */
	};
	rootObject = 373E29DC1B7E68B800167998 /* Project object */;
}
