// !$*UTF8*$!
{
	archiveVersion = 1;
	classes = {
	};
	objectVersion = 46;
	objects = {

/* Begin PBXBuildFile section */
		3731D3DD1BEC3FC400D2988C /* MongoClient.swift in Sources */ = {isa = PBXBuildFile; fileRef = 37FD38941B86BD3700ADB9BA /* MongoClient.swift */; };
		3731D3DE1BEC3FC400D2988C /* MongoCollection.swift in Sources */ = {isa = PBXBuildFile; fileRef = 37FD38961B86BD4000ADB9BA /* MongoCollection.swift */; };
		3731D3DF1BEC3FC400D2988C /* MongoCursor.swift in Sources */ = {isa = PBXBuildFile; fileRef = 37FD38981B86BD4800ADB9BA /* MongoCursor.swift */; };
		3731D3E01BEC3FC400D2988C /* MongoDocument.swift in Sources */ = {isa = PBXBuildFile; fileRef = 37FD389A1B86BD5400ADB9BA /* MongoDocument.swift */; };
		3731D3E11BEC3FC400D2988C /* MongoWriteConcern.swift in Sources */ = {isa = PBXBuildFile; fileRef = 37D8EB551B96AB4500D87177 /* MongoWriteConcern.swift */; };
		3731D3E21BEC3FC400D2988C /* MongoObject.swift in Sources */ = {isa = PBXBuildFile; fileRef = 3738B3731B917CB500CC9023 /* MongoObject.swift */; };
		3731D3E31BEC3FC400D2988C /* MongoBSON.swift in Sources */ = {isa = PBXBuildFile; fileRef = 37FD389C1B86BD5B00ADB9BA /* MongoBSON.swift */; };
		3731D3E41BEC3FC400D2988C /* MongoError.swift in Sources */ = {isa = PBXBuildFile; fileRef = 37FD38A01B86C36A00ADB9BA /* MongoError.swift */; };
		3731D3E51BEC3FC400D2988C /* Declarations.swift in Sources */ = {isa = PBXBuildFile; fileRef = 37D8EB531B96A8B700D87177 /* Declarations.swift */; };
		3738B3741B917CB500CC9023 /* MongoObject.swift in Sources */ = {isa = PBXBuildFile; fileRef = 3738B3731B917CB500CC9023 /* MongoObject.swift */; };
		3750D7D51C02D02F00594371 /* PointerExtensions.swift in Sources */ = {isa = PBXBuildFile; fileRef = 3750D7D41C02D02F00594371 /* PointerExtensions.swift */; };
		3750D7D61C02D02F00594371 /* PointerExtensions.swift in Sources */ = {isa = PBXBuildFile; fileRef = 3750D7D41C02D02F00594371 /* PointerExtensions.swift */; };
		375F5F0F1B7E65DF007EA172 /* SwiftMongoDB.h in Headers */ = {isa = PBXBuildFile; fileRef = 375F5F0E1B7E65DF007EA172 /* SwiftMongoDB.h */; settings = {ATTRIBUTES = (Public, ); }; };
		375F5F161B7E65E0007EA172 /* SwiftMongoDB.framework in Frameworks */ = {isa = PBXBuildFile; fileRef = 375F5F0B1B7E65DF007EA172 /* SwiftMongoDB.framework */; };
		375F5F1B1B7E65E0007EA172 /* SwiftMongoDBTests.swift in Sources */ = {isa = PBXBuildFile; fileRef = 375F5F1A1B7E65E0007EA172 /* SwiftMongoDBTests.swift */; };
		378D7A991C01092500A864B0 /* bson.framework in Frameworks */ = {isa = PBXBuildFile; fileRef = 37BC6BFE1BF059CE0082AE18 /* bson.framework */; };
		378D7A9C1C01093400A864B0 /* bson.framework in Frameworks */ = {isa = PBXBuildFile; fileRef = 37BC6BFE1BF059CE0082AE18 /* bson.framework */; };
		37A17EDB1BEC524E00827E76 /* SwiftMongoDB.h in Headers */ = {isa = PBXBuildFile; fileRef = 375F5F0E1B7E65DF007EA172 /* SwiftMongoDB.h */; settings = {ATTRIBUTES = (Public, ); }; };
		37B383871C0115650036CD62 /* Flags.swift in Sources */ = {isa = PBXBuildFile; fileRef = 37B383861C0115650036CD62 /* Flags.swift */; };
		37B383881C0115650036CD62 /* Flags.swift in Sources */ = {isa = PBXBuildFile; fileRef = 37B383861C0115650036CD62 /* Flags.swift */; };
		37BC6BF51BF059A90082AE18 /* mongoc.framework in Frameworks */ = {isa = PBXBuildFile; fileRef = 37BC6BEC1BF059040082AE18 /* mongoc.framework */; };
		37BC6BF61BF059AB0082AE18 /* mongoc.framework in CopyFiles */ = {isa = PBXBuildFile; fileRef = 37BC6BEC1BF059040082AE18 /* mongoc.framework */; settings = {ATTRIBUTES = (CodeSignOnCopy, RemoveHeadersOnCopy, ); }; };
		37BC6C041BF05A1E0082AE18 /* mongoc.framework in Frameworks */ = {isa = PBXBuildFile; fileRef = 37BC6BEC1BF059040082AE18 /* mongoc.framework */; };
		37BC6C061BF05A200082AE18 /* mongoc.framework in CopyFiles */ = {isa = PBXBuildFile; fileRef = 37BC6BEE1BF059040082AE18 /* mongoc.framework */; settings = {ATTRIBUTES = (CodeSignOnCopy, RemoveHeadersOnCopy, ); }; };
		37BC6C401BF05AFE0082AE18 /* Nimble.framework in Frameworks */ = {isa = PBXBuildFile; fileRef = 37BC6C151BF05A500082AE18 /* Nimble.framework */; };
		37BC6C411BF05B020082AE18 /* Nimble.framework in CopyFiles */ = {isa = PBXBuildFile; fileRef = 37BC6C151BF05A500082AE18 /* Nimble.framework */; settings = {ATTRIBUTES = (CodeSignOnCopy, RemoveHeadersOnCopy, ); }; };
		37BC6C421BF05B1C0082AE18 /* Quick.framework in Frameworks */ = {isa = PBXBuildFile; fileRef = 37BC6C291BF05A640082AE18 /* Quick.framework */; };
		37BC6C431BF05B1E0082AE18 /* Quick.framework in CopyFiles */ = {isa = PBXBuildFile; fileRef = 37BC6C291BF05A640082AE18 /* Quick.framework */; settings = {ATTRIBUTES = (CodeSignOnCopy, RemoveHeadersOnCopy, ); }; };
		37D3C5F81C03E9A4009CC80D /* MongoDatabase.swift in Sources */ = {isa = PBXBuildFile; fileRef = 37D3C5F71C03E9A4009CC80D /* MongoDatabase.swift */; };
		37D3C5F91C03E9A4009CC80D /* MongoDatabase.swift in Sources */ = {isa = PBXBuildFile; fileRef = 37D3C5F71C03E9A4009CC80D /* MongoDatabase.swift */; };
		37D8EB541B96A8B700D87177 /* Declarations.swift in Sources */ = {isa = PBXBuildFile; fileRef = 37D8EB531B96A8B700D87177 /* Declarations.swift */; };
		37D8EB561B96AB4500D87177 /* MongoWriteConcern.swift in Sources */ = {isa = PBXBuildFile; fileRef = 37D8EB551B96AB4500D87177 /* MongoWriteConcern.swift */; };
		37FD38951B86BD3700ADB9BA /* MongoClient.swift in Sources */ = {isa = PBXBuildFile; fileRef = 37FD38941B86BD3700ADB9BA /* MongoClient.swift */; };
		37FD38971B86BD4000ADB9BA /* MongoCollection.swift in Sources */ = {isa = PBXBuildFile; fileRef = 37FD38961B86BD4000ADB9BA /* MongoCollection.swift */; };
		37FD38991B86BD4800ADB9BA /* MongoCursor.swift in Sources */ = {isa = PBXBuildFile; fileRef = 37FD38981B86BD4800ADB9BA /* MongoCursor.swift */; };
		37FD389B1B86BD5400ADB9BA /* MongoDocument.swift in Sources */ = {isa = PBXBuildFile; fileRef = 37FD389A1B86BD5400ADB9BA /* MongoDocument.swift */; };
		37FD389D1B86BD5B00ADB9BA /* MongoBSON.swift in Sources */ = {isa = PBXBuildFile; fileRef = 37FD389C1B86BD5B00ADB9BA /* MongoBSON.swift */; };
		37FD38A11B86C36A00ADB9BA /* MongoError.swift in Sources */ = {isa = PBXBuildFile; fileRef = 37FD38A01B86C36A00ADB9BA /* MongoError.swift */; };
/* End PBXBuildFile section */

/* Begin PBXContainerItemProxy section */
		375F5F171B7E65E0007EA172 /* PBXContainerItemProxy */ = {
			isa = PBXContainerItemProxy;
			containerPortal = 375F5F021B7E65DF007EA172 /* Project object */;
			proxyType = 1;
			remoteGlobalIDString = 375F5F0A1B7E65DF007EA172;
			remoteInfo = SwiftMongoDB;
		};
		378D7A881C01091A00A864B0 /* PBXContainerItemProxy */ = {
			isa = PBXContainerItemProxy;
			containerPortal = 37BC6BF81BF059CE0082AE18 /* bson.xcodeproj */;
			proxyType = 1;
			remoteGlobalIDString = 3738CEDE1BEAB7B800938057;
			remoteInfo = "bson-osx";
		};
		378D7A9A1C01092E00A864B0 /* PBXContainerItemProxy */ = {
			isa = PBXContainerItemProxy;
			containerPortal = 37BC6BF81BF059CE0082AE18 /* bson.xcodeproj */;
			proxyType = 1;
			remoteGlobalIDString = 3738CE881BEAB61700938057;
			remoteInfo = "bson-ios";
		};
		37BC6BEB1BF059040082AE18 /* PBXContainerItemProxy */ = {
			isa = PBXContainerItemProxy;
			containerPortal = 37BC6BE61BF059040082AE18 /* mongoc.xcodeproj */;
			proxyType = 2;
			remoteGlobalIDString = 37320EC21BEB468B00442388;
			remoteInfo = "mongoc-osx";
		};
		37BC6BED1BF059040082AE18 /* PBXContainerItemProxy */ = {
			isa = PBXContainerItemProxy;
			containerPortal = 37BC6BE61BF059040082AE18 /* mongoc.xcodeproj */;
			proxyType = 2;
			remoteGlobalIDString = 37320EB41BEB467E00442388;
			remoteInfo = "mongoc-ios";
		};
		37BC6BEF1BF059150082AE18 /* PBXContainerItemProxy */ = {
			isa = PBXContainerItemProxy;
			containerPortal = 37BC6BE61BF059040082AE18 /* mongoc.xcodeproj */;
			proxyType = 1;
			remoteGlobalIDString = 37320EC11BEB468B00442388;
			remoteInfo = "mongoc-osx";
		};
		37BC6BFD1BF059CE0082AE18 /* PBXContainerItemProxy */ = {
			isa = PBXContainerItemProxy;
			containerPortal = 37BC6BF81BF059CE0082AE18 /* bson.xcodeproj */;
			proxyType = 2;
			remoteGlobalIDString = 3738CE891BEAB61700938057;
			remoteInfo = "bson-ios";
		};
		37BC6BFF1BF059CE0082AE18 /* PBXContainerItemProxy */ = {
			isa = PBXContainerItemProxy;
			containerPortal = 37BC6BF81BF059CE0082AE18 /* bson.xcodeproj */;
			proxyType = 2;
			remoteGlobalIDString = 3738CEDF1BEAB7B800938057;
			remoteInfo = "bson-osx";
		};
		37BC6C101BF05A500082AE18 /* PBXContainerItemProxy */ = {
			isa = PBXContainerItemProxy;
			containerPortal = 37BC6C071BF05A500082AE18 /* Nimble.xcodeproj */;
			proxyType = 2;
			remoteGlobalIDString = 1F1A74291940169200FFFC47;
			remoteInfo = "Nimble-iOS";
		};
		37BC6C121BF05A500082AE18 /* PBXContainerItemProxy */ = {
			isa = PBXContainerItemProxy;
			containerPortal = 37BC6C071BF05A500082AE18 /* Nimble.xcodeproj */;
			proxyType = 2;
			remoteGlobalIDString = 1F1A74341940169200FFFC47;
			remoteInfo = "Nimble-iOSTests";
		};
		37BC6C141BF05A500082AE18 /* PBXContainerItemProxy */ = {
			isa = PBXContainerItemProxy;
			containerPortal = 37BC6C071BF05A500082AE18 /* Nimble.xcodeproj */;
			proxyType = 2;
			remoteGlobalIDString = 1F925EAD195C0D6300ED456B;
			remoteInfo = "Nimble-OSX";
		};
		37BC6C161BF05A500082AE18 /* PBXContainerItemProxy */ = {
			isa = PBXContainerItemProxy;
			containerPortal = 37BC6C071BF05A500082AE18 /* Nimble.xcodeproj */;
			proxyType = 2;
			remoteGlobalIDString = 1F925EB7195C0D6300ED456B;
			remoteInfo = "Nimble-OSXTests";
		};
		37BC6C181BF05A500082AE18 /* PBXContainerItemProxy */ = {
			isa = PBXContainerItemProxy;
			containerPortal = 37BC6C071BF05A500082AE18 /* Nimble.xcodeproj */;
			proxyType = 2;
			remoteGlobalIDString = 1F5DF1551BDCA0CE00C3A531;
			remoteInfo = "Nimble-tvOS";
		};
		37BC6C1A1BF05A500082AE18 /* PBXContainerItemProxy */ = {
			isa = PBXContainerItemProxy;
			containerPortal = 37BC6C071BF05A500082AE18 /* Nimble.xcodeproj */;
			proxyType = 2;
			remoteGlobalIDString = 1F5DF15E1BDCA0CE00C3A531;
			remoteInfo = "Nimble-tvOSTests";
		};
		37BC6C281BF05A640082AE18 /* PBXContainerItemProxy */ = {
			isa = PBXContainerItemProxy;
			containerPortal = 37BC6C1C1BF05A630082AE18 /* Quick.xcodeproj */;
			proxyType = 2;
			remoteGlobalIDString = DAEB6B8E1943873100289F44;
			remoteInfo = "Quick-OSX";
		};
		37BC6C2A1BF05A640082AE18 /* PBXContainerItemProxy */ = {
			isa = PBXContainerItemProxy;
			containerPortal = 37BC6C1C1BF05A630082AE18 /* Quick.xcodeproj */;
			proxyType = 2;
			remoteGlobalIDString = DAEB6B991943873100289F44;
			remoteInfo = "Quick-OSXTests";
		};
		37BC6C2C1BF05A640082AE18 /* PBXContainerItemProxy */ = {
			isa = PBXContainerItemProxy;
			containerPortal = 37BC6C1C1BF05A630082AE18 /* Quick.xcodeproj */;
			proxyType = 2;
			remoteGlobalIDString = DA5663E81A4C8D8500193C88;
			remoteInfo = "QuickFocused-OSXTests";
		};
		37BC6C2E1BF05A640082AE18 /* PBXContainerItemProxy */ = {
			isa = PBXContainerItemProxy;
			containerPortal = 37BC6C1C1BF05A630082AE18 /* Quick.xcodeproj */;
			proxyType = 2;
			remoteGlobalIDString = 5A5D117C19473F2100F6D13D;
			remoteInfo = "Quick-iOS";
		};
		37BC6C301BF05A640082AE18 /* PBXContainerItemProxy */ = {
			isa = PBXContainerItemProxy;
			containerPortal = 37BC6C1C1BF05A630082AE18 /* Quick.xcodeproj */;
			proxyType = 2;
			remoteGlobalIDString = 5A5D118619473F2100F6D13D;
			remoteInfo = "Quick-iOSTests";
		};
		37BC6C321BF05A640082AE18 /* PBXContainerItemProxy */ = {
			isa = PBXContainerItemProxy;
			containerPortal = 37BC6C1C1BF05A630082AE18 /* Quick.xcodeproj */;
			proxyType = 2;
			remoteGlobalIDString = DA9876B21A4C70EB0004AA17;
			remoteInfo = "QuickFocused-iOSTests";
		};
		37BC6C341BF05A640082AE18 /* PBXContainerItemProxy */ = {
			isa = PBXContainerItemProxy;
			containerPortal = 37BC6C1C1BF05A630082AE18 /* Quick.xcodeproj */;
			proxyType = 2;
			remoteGlobalIDString = 1F118CD51BDCA4AB005013A2;
			remoteInfo = "Quick-tvOS";
		};
		37BC6C361BF05A640082AE18 /* PBXContainerItemProxy */ = {
			isa = PBXContainerItemProxy;
			containerPortal = 37BC6C1C1BF05A630082AE18 /* Quick.xcodeproj */;
			proxyType = 2;
			remoteGlobalIDString = 1F118CDE1BDCA4AB005013A2;
			remoteInfo = "Quick-tvOSTests";
		};
		37BC6C381BF05A640082AE18 /* PBXContainerItemProxy */ = {
			isa = PBXContainerItemProxy;
			containerPortal = 37BC6C1C1BF05A630082AE18 /* Quick.xcodeproj */;
			proxyType = 2;
			remoteGlobalIDString = 1F118CF01BDCA4BB005013A2;
			remoteInfo = "QuickFocused-tvOSTests";
		};
		37BC6C3A1BF05AC30082AE18 /* PBXContainerItemProxy */ = {
			isa = PBXContainerItemProxy;
			containerPortal = 37BC6BE61BF059040082AE18 /* mongoc.xcodeproj */;
			proxyType = 1;
			remoteGlobalIDString = 37320EB31BEB467E00442388;
			remoteInfo = "mongoc-ios";
		};
		37BC6C3C1BF05ACC0082AE18 /* PBXContainerItemProxy */ = {
			isa = PBXContainerItemProxy;
			containerPortal = 37BC6C1C1BF05A630082AE18 /* Quick.xcodeproj */;
			proxyType = 1;
			remoteGlobalIDString = DAEB6B8D1943873100289F44;
			remoteInfo = "Quick-OSX";
		};
		37BC6C3E1BF05AD10082AE18 /* PBXContainerItemProxy */ = {
			isa = PBXContainerItemProxy;
			containerPortal = 37BC6C071BF05A500082AE18 /* Nimble.xcodeproj */;
			proxyType = 1;
			remoteGlobalIDString = 1F925EAC195C0D6300ED456B;
			remoteInfo = "Nimble-OSX";
		};
/* End PBXContainerItemProxy section */

/* Begin PBXCopyFilesBuildPhase section */
		3731D3E71BEC41D200D2988C /* CopyFiles */ = {
			isa = PBXCopyFilesBuildPhase;
			buildActionMask = 2147483647;
			dstPath = "";
			dstSubfolderSpec = 10;
			files = (
				37BC6BF61BF059AB0082AE18 /* mongoc.framework in CopyFiles */,
			);
			runOnlyForDeploymentPostprocessing = 0;
		};
		3731D3FC1BEC4D9500D2988C /* CopyFiles */ = {
			isa = PBXCopyFilesBuildPhase;
			buildActionMask = 2147483647;
			dstPath = "";
			dstSubfolderSpec = 10;
			files = (
				37BC6C061BF05A200082AE18 /* mongoc.framework in CopyFiles */,
			);
			runOnlyForDeploymentPostprocessing = 0;
		};
		376402721BD1F00A00008D04 /* CopyFiles */ = {
			isa = PBXCopyFilesBuildPhase;
			buildActionMask = 2147483647;
			dstPath = "";
			dstSubfolderSpec = 10;
			files = (
				37BC6C411BF05B020082AE18 /* Nimble.framework in CopyFiles */,
				37BC6C431BF05B1E0082AE18 /* Quick.framework in CopyFiles */,
			);
			runOnlyForDeploymentPostprocessing = 0;
		};
/* End PBXCopyFilesBuildPhase section */

/* Begin PBXFileReference section */
		3738B3731B917CB500CC9023 /* MongoObject.swift */ = {isa = PBXFileReference; fileEncoding = 4; lastKnownFileType = sourcecode.swift; path = MongoObject.swift; sourceTree = "<group>"; };
		3750D7D41C02D02F00594371 /* PointerExtensions.swift */ = {isa = PBXFileReference; fileEncoding = 4; lastKnownFileType = sourcecode.swift; path = PointerExtensions.swift; sourceTree = "<group>"; };
		375F5F0B1B7E65DF007EA172 /* SwiftMongoDB.framework */ = {isa = PBXFileReference; explicitFileType = wrapper.framework; includeInIndex = 0; path = SwiftMongoDB.framework; sourceTree = BUILT_PRODUCTS_DIR; };
		375F5F0E1B7E65DF007EA172 /* SwiftMongoDB.h */ = {isa = PBXFileReference; lastKnownFileType = sourcecode.c.h; path = SwiftMongoDB.h; sourceTree = "<group>"; };
		375F5F101B7E65DF007EA172 /* Info.plist */ = {isa = PBXFileReference; lastKnownFileType = text.plist.xml; path = Info.plist; sourceTree = "<group>"; };
		375F5F151B7E65E0007EA172 /* SwiftMongoDBTests.xctest */ = {isa = PBXFileReference; explicitFileType = wrapper.cfbundle; includeInIndex = 0; path = SwiftMongoDBTests.xctest; sourceTree = BUILT_PRODUCTS_DIR; };
		375F5F1A1B7E65E0007EA172 /* SwiftMongoDBTests.swift */ = {isa = PBXFileReference; lastKnownFileType = sourcecode.swift; path = SwiftMongoDBTests.swift; sourceTree = "<group>"; };
		375F5F1C1B7E65E0007EA172 /* Info.plist */ = {isa = PBXFileReference; lastKnownFileType = text.plist.xml; path = Info.plist; sourceTree = "<group>"; };
		377186621BE5710D0050E666 /* SwiftMongoDB.framework */ = {isa = PBXFileReference; explicitFileType = wrapper.framework; includeInIndex = 0; path = SwiftMongoDB.framework; sourceTree = BUILT_PRODUCTS_DIR; };
		37B383861C0115650036CD62 /* Flags.swift */ = {isa = PBXFileReference; fileEncoding = 4; lastKnownFileType = sourcecode.swift; path = Flags.swift; sourceTree = "<group>"; };
		37BC6BE61BF059040082AE18 /* mongoc.xcodeproj */ = {isa = PBXFileReference; lastKnownFileType = "wrapper.pb-project"; name = mongoc.xcodeproj; path = "Carthage/Checkouts/libmongoc-xcode/mongoc.xcodeproj"; sourceTree = "<group>"; };
		37BC6BF81BF059CE0082AE18 /* bson.xcodeproj */ = {isa = PBXFileReference; lastKnownFileType = "wrapper.pb-project"; name = bson.xcodeproj; path = "Carthage/Checkouts/libbson-xcode/bson.xcodeproj"; sourceTree = "<group>"; };
		37BC6C071BF05A500082AE18 /* Nimble.xcodeproj */ = {isa = PBXFileReference; lastKnownFileType = "wrapper.pb-project"; name = Nimble.xcodeproj; path = Carthage/Checkouts/Nimble/Nimble.xcodeproj; sourceTree = "<group>"; };
		37BC6C1C1BF05A630082AE18 /* Quick.xcodeproj */ = {isa = PBXFileReference; lastKnownFileType = "wrapper.pb-project"; name = Quick.xcodeproj; path = Carthage/Checkouts/Quick/Quick.xcodeproj; sourceTree = "<group>"; };
		37D3C5F71C03E9A4009CC80D /* MongoDatabase.swift */ = {isa = PBXFileReference; fileEncoding = 4; lastKnownFileType = sourcecode.swift; path = MongoDatabase.swift; sourceTree = "<group>"; };
		37D8EB531B96A8B700D87177 /* Declarations.swift */ = {isa = PBXFileReference; fileEncoding = 4; lastKnownFileType = sourcecode.swift; path = Declarations.swift; sourceTree = "<group>"; };
		37D8EB551B96AB4500D87177 /* MongoWriteConcern.swift */ = {isa = PBXFileReference; fileEncoding = 4; lastKnownFileType = sourcecode.swift; path = MongoWriteConcern.swift; sourceTree = "<group>"; };
		37E98D781C00470D00BD1CDC /* SwiftMongoDB.playground */ = {isa = PBXFileReference; lastKnownFileType = file.playground; path = SwiftMongoDB.playground; sourceTree = "<group>"; };
		37FD38941B86BD3700ADB9BA /* MongoClient.swift */ = {isa = PBXFileReference; fileEncoding = 4; lastKnownFileType = sourcecode.swift; path = MongoClient.swift; sourceTree = "<group>"; };
		37FD38961B86BD4000ADB9BA /* MongoCollection.swift */ = {isa = PBXFileReference; fileEncoding = 4; lastKnownFileType = sourcecode.swift; path = MongoCollection.swift; sourceTree = "<group>"; };
		37FD38981B86BD4800ADB9BA /* MongoCursor.swift */ = {isa = PBXFileReference; fileEncoding = 4; lastKnownFileType = sourcecode.swift; path = MongoCursor.swift; sourceTree = "<group>"; };
		37FD389A1B86BD5400ADB9BA /* MongoDocument.swift */ = {isa = PBXFileReference; fileEncoding = 4; lastKnownFileType = sourcecode.swift; path = MongoDocument.swift; sourceTree = "<group>"; };
		37FD389C1B86BD5B00ADB9BA /* MongoBSON.swift */ = {isa = PBXFileReference; fileEncoding = 4; lastKnownFileType = sourcecode.swift; path = MongoBSON.swift; sourceTree = "<group>"; };
		37FD38A01B86C36A00ADB9BA /* MongoError.swift */ = {isa = PBXFileReference; fileEncoding = 4; lastKnownFileType = sourcecode.swift; path = MongoError.swift; sourceTree = "<group>"; };
/* End PBXFileReference section */

/* Begin PBXFrameworksBuildPhase section */
		375F5F071B7E65DF007EA172 /* Frameworks */ = {
			isa = PBXFrameworksBuildPhase;
			buildActionMask = 2147483647;
			files = (
				378D7A991C01092500A864B0 /* bson.framework in Frameworks */,
				37BC6BF51BF059A90082AE18 /* mongoc.framework in Frameworks */,
			);
			runOnlyForDeploymentPostprocessing = 0;
		};
		375F5F121B7E65E0007EA172 /* Frameworks */ = {
			isa = PBXFrameworksBuildPhase;
			buildActionMask = 2147483647;
			files = (
				375F5F161B7E65E0007EA172 /* SwiftMongoDB.framework in Frameworks */,
				37BC6C401BF05AFE0082AE18 /* Nimble.framework in Frameworks */,
				37BC6C421BF05B1C0082AE18 /* Quick.framework in Frameworks */,
			);
			runOnlyForDeploymentPostprocessing = 0;
		};
		3771865E1BE5710D0050E666 /* Frameworks */ = {
			isa = PBXFrameworksBuildPhase;
			buildActionMask = 2147483647;
			files = (
				378D7A9C1C01093400A864B0 /* bson.framework in Frameworks */,
				37BC6C041BF05A1E0082AE18 /* mongoc.framework in Frameworks */,
			);
			runOnlyForDeploymentPostprocessing = 0;
		};
/* End PBXFrameworksBuildPhase section */

/* Begin PBXGroup section */
		375F5F011B7E65DF007EA172 = {
			isa = PBXGroup;
			children = (
				37E98D781C00470D00BD1CDC /* SwiftMongoDB.playground */,
				375F5F0D1B7E65DF007EA172 /* SwiftMongoDB */,
				375F5F191B7E65E0007EA172 /* SwiftMongoDBTests */,
				375F5F0C1B7E65DF007EA172 /* Products */,
				37BC6C1C1BF05A630082AE18 /* Quick.xcodeproj */,
				37BC6C071BF05A500082AE18 /* Nimble.xcodeproj */,
				37BC6BF81BF059CE0082AE18 /* bson.xcodeproj */,
				37BC6BE61BF059040082AE18 /* mongoc.xcodeproj */,
			);
			sourceTree = "<group>";
		};
		375F5F0C1B7E65DF007EA172 /* Products */ = {
			isa = PBXGroup;
			children = (
				375F5F0B1B7E65DF007EA172 /* SwiftMongoDB.framework */,
				375F5F151B7E65E0007EA172 /* SwiftMongoDBTests.xctest */,
				377186621BE5710D0050E666 /* SwiftMongoDB.framework */,
			);
			name = Products;
			sourceTree = "<group>";
		};
		375F5F0D1B7E65DF007EA172 /* SwiftMongoDB */ = {
			isa = PBXGroup;
			children = (
				375F5F0E1B7E65DF007EA172 /* SwiftMongoDB.h */,
				37FD38941B86BD3700ADB9BA /* MongoClient.swift */,
				37D3C5F71C03E9A4009CC80D /* MongoDatabase.swift */,
				37FD38961B86BD4000ADB9BA /* MongoCollection.swift */,
				37B383861C0115650036CD62 /* Flags.swift */,
				37FD38981B86BD4800ADB9BA /* MongoCursor.swift */,
				37FD389A1B86BD5400ADB9BA /* MongoDocument.swift */,
				37D8EB551B96AB4500D87177 /* MongoWriteConcern.swift */,
				3738B3731B917CB500CC9023 /* MongoObject.swift */,
				37FD389C1B86BD5B00ADB9BA /* MongoBSON.swift */,
				37FD38A01B86C36A00ADB9BA /* MongoError.swift */,
				37D8EB531B96A8B700D87177 /* Declarations.swift */,
				3750D7D41C02D02F00594371 /* PointerExtensions.swift */,
				375F5F101B7E65DF007EA172 /* Info.plist */,
			);
			path = SwiftMongoDB;
			sourceTree = "<group>";
		};
		375F5F191B7E65E0007EA172 /* SwiftMongoDBTests */ = {
			isa = PBXGroup;
			children = (
				375F5F1A1B7E65E0007EA172 /* SwiftMongoDBTests.swift */,
				375F5F1C1B7E65E0007EA172 /* Info.plist */,
			);
			path = SwiftMongoDBTests;
			sourceTree = "<group>";
		};
		37BC6BE71BF059040082AE18 /* Products */ = {
			isa = PBXGroup;
			children = (
				37BC6BEC1BF059040082AE18 /* mongoc.framework */,
				37BC6BEE1BF059040082AE18 /* mongoc.framework */,
			);
			name = Products;
			sourceTree = "<group>";
		};
		37BC6BF91BF059CE0082AE18 /* Products */ = {
			isa = PBXGroup;
			children = (
				37BC6BFE1BF059CE0082AE18 /* bson.framework */,
				37BC6C001BF059CE0082AE18 /* bson.framework */,
			);
			name = Products;
			sourceTree = "<group>";
		};
		37BC6C081BF05A500082AE18 /* Products */ = {
			isa = PBXGroup;
			children = (
				37BC6C111BF05A500082AE18 /* Nimble.framework */,
				37BC6C131BF05A500082AE18 /* NimbleTests.xctest */,
				37BC6C151BF05A500082AE18 /* Nimble.framework */,
				37BC6C171BF05A500082AE18 /* NimbleTests.xctest */,
				37BC6C191BF05A500082AE18 /* Nimble.framework */,
				37BC6C1B1BF05A500082AE18 /* NimbleTests.xctest */,
			);
			name = Products;
			sourceTree = "<group>";
		};
		37BC6C1D1BF05A630082AE18 /* Products */ = {
			isa = PBXGroup;
			children = (
				37BC6C291BF05A640082AE18 /* Quick.framework */,
				37BC6C2B1BF05A640082AE18 /* Quick-OSXTests.xctest */,
				37BC6C2D1BF05A640082AE18 /* QuickFocused-OSXTests.xctest */,
				37BC6C2F1BF05A640082AE18 /* Quick.framework */,
				37BC6C311BF05A640082AE18 /* Quick-iOSTests.xctest */,
				37BC6C331BF05A640082AE18 /* QuickFocused-iOSTests.xctest */,
				37BC6C351BF05A640082AE18 /* Quick.framework */,
				37BC6C371BF05A640082AE18 /* Quick-tvOSTests.xctest */,
				37BC6C391BF05A640082AE18 /* QuickFocused-tvOSTests.xctest */,
			);
			name = Products;
			sourceTree = "<group>";
		};
/* End PBXGroup section */

/* Begin PBXHeadersBuildPhase section */
		375F5F081B7E65DF007EA172 /* Headers */ = {
			isa = PBXHeadersBuildPhase;
			buildActionMask = 2147483647;
			files = (
				375F5F0F1B7E65DF007EA172 /* SwiftMongoDB.h in Headers */,
			);
			runOnlyForDeploymentPostprocessing = 0;
		};
		3771865F1BE5710D0050E666 /* Headers */ = {
			isa = PBXHeadersBuildPhase;
			buildActionMask = 2147483647;
			files = (
				37A17EDB1BEC524E00827E76 /* SwiftMongoDB.h in Headers */,
			);
			runOnlyForDeploymentPostprocessing = 0;
		};
/* End PBXHeadersBuildPhase section */

/* Begin PBXNativeTarget section */
		375F5F0A1B7E65DF007EA172 /* SwiftMongoDB-OSX */ = {
			isa = PBXNativeTarget;
			buildConfigurationList = 375F5F1F1B7E65E0007EA172 /* Build configuration list for PBXNativeTarget "SwiftMongoDB-OSX" */;
			buildPhases = (
				375F5F061B7E65DF007EA172 /* Sources */,
				375F5F071B7E65DF007EA172 /* Frameworks */,
				375F5F081B7E65DF007EA172 /* Headers */,
				375F5F091B7E65DF007EA172 /* Resources */,
				3731D3E71BEC41D200D2988C /* CopyFiles */,
			);
			buildRules = (
			);
			dependencies = (
				378D7A891C01091A00A864B0 /* PBXTargetDependency */,
				37BC6BF01BF059150082AE18 /* PBXTargetDependency */,
			);
			name = "SwiftMongoDB-OSX";
			productName = SwiftMongoDB;
			productReference = 375F5F0B1B7E65DF007EA172 /* SwiftMongoDB.framework */;
			productType = "com.apple.product-type.framework";
		};
		375F5F141B7E65E0007EA172 /* SwiftMongoDBTests */ = {
			isa = PBXNativeTarget;
			buildConfigurationList = 375F5F221B7E65E0007EA172 /* Build configuration list for PBXNativeTarget "SwiftMongoDBTests" */;
			buildPhases = (
				375F5F111B7E65E0007EA172 /* Sources */,
				375F5F121B7E65E0007EA172 /* Frameworks */,
				375F5F131B7E65E0007EA172 /* Resources */,
				376402721BD1F00A00008D04 /* CopyFiles */,
			);
			buildRules = (
			);
			dependencies = (
				37BC6C3F1BF05AD10082AE18 /* PBXTargetDependency */,
				37BC6C3D1BF05ACC0082AE18 /* PBXTargetDependency */,
				375F5F181B7E65E0007EA172 /* PBXTargetDependency */,
			);
			name = SwiftMongoDBTests;
			productName = SwiftMongoDBTests;
			productReference = 375F5F151B7E65E0007EA172 /* SwiftMongoDBTests.xctest */;
			productType = "com.apple.product-type.bundle.unit-test";
		};
		377186611BE5710D0050E666 /* SwiftMongoDB-iOS */ = {
			isa = PBXNativeTarget;
			buildConfigurationList = 377186671BE5710D0050E666 /* Build configuration list for PBXNativeTarget "SwiftMongoDB-iOS" */;
			buildPhases = (
				3771865D1BE5710D0050E666 /* Sources */,
				3771865E1BE5710D0050E666 /* Frameworks */,
				3771865F1BE5710D0050E666 /* Headers */,
				377186601BE5710D0050E666 /* Resources */,
				3731D3FC1BEC4D9500D2988C /* CopyFiles */,
			);
			buildRules = (
			);
			dependencies = (
				378D7A9B1C01092E00A864B0 /* PBXTargetDependency */,
				37BC6C3B1BF05AC30082AE18 /* PBXTargetDependency */,
			);
			name = "SwiftMongoDB-iOS";
			productName = SwiftMongoDB;
			productReference = 377186621BE5710D0050E666 /* SwiftMongoDB.framework */;
			productType = "com.apple.product-type.framework";
		};
/* End PBXNativeTarget section */

/* Begin PBXProject section */
		375F5F021B7E65DF007EA172 /* Project object */ = {
			isa = PBXProject;
			attributes = {
				LastSwiftUpdateCheck = 0720;
				LastUpgradeCheck = 0700;
				ORGANIZATIONNAME = "Dan Appel";
				TargetAttributes = {
					375F5F0A1B7E65DF007EA172 = {
						CreatedOnToolsVersion = 7.0;
					};
					375F5F141B7E65E0007EA172 = {
						CreatedOnToolsVersion = 7.0;
					};
					377186611BE5710D0050E666 = {
						CreatedOnToolsVersion = 7.2;
					};
				};
			};
			buildConfigurationList = 375F5F051B7E65DF007EA172 /* Build configuration list for PBXProject "SwiftMongoDB" */;
			compatibilityVersion = "Xcode 3.2";
			developmentRegion = English;
			hasScannedForEncodings = 0;
			knownRegions = (
				en,
			);
			mainGroup = 375F5F011B7E65DF007EA172;
			productRefGroup = 375F5F0C1B7E65DF007EA172 /* Products */;
			projectDirPath = "";
			projectReferences = (
				{
					ProductGroup = 37BC6BF91BF059CE0082AE18 /* Products */;
					ProjectRef = 37BC6BF81BF059CE0082AE18 /* bson.xcodeproj */;
				},
				{
					ProductGroup = 37BC6BE71BF059040082AE18 /* Products */;
					ProjectRef = 37BC6BE61BF059040082AE18 /* mongoc.xcodeproj */;
				},
				{
					ProductGroup = 37BC6C081BF05A500082AE18 /* Products */;
					ProjectRef = 37BC6C071BF05A500082AE18 /* Nimble.xcodeproj */;
				},
				{
					ProductGroup = 37BC6C1D1BF05A630082AE18 /* Products */;
					ProjectRef = 37BC6C1C1BF05A630082AE18 /* Quick.xcodeproj */;
				},
			);
			projectRoot = "";
			targets = (
				375F5F0A1B7E65DF007EA172 /* SwiftMongoDB-OSX */,
				377186611BE5710D0050E666 /* SwiftMongoDB-iOS */,
				375F5F141B7E65E0007EA172 /* SwiftMongoDBTests */,
			);
		};
/* End PBXProject section */

/* Begin PBXReferenceProxy section */
		37BC6BEC1BF059040082AE18 /* mongoc.framework */ = {
			isa = PBXReferenceProxy;
			fileType = wrapper.framework;
			path = mongoc.framework;
			remoteRef = 37BC6BEB1BF059040082AE18 /* PBXContainerItemProxy */;
			sourceTree = BUILT_PRODUCTS_DIR;
		};
		37BC6BEE1BF059040082AE18 /* mongoc.framework */ = {
			isa = PBXReferenceProxy;
			fileType = wrapper.framework;
			path = mongoc.framework;
			remoteRef = 37BC6BED1BF059040082AE18 /* PBXContainerItemProxy */;
			sourceTree = BUILT_PRODUCTS_DIR;
		};
		37BC6BFE1BF059CE0082AE18 /* bson.framework */ = {
			isa = PBXReferenceProxy;
			fileType = wrapper.framework;
			path = bson.framework;
			remoteRef = 37BC6BFD1BF059CE0082AE18 /* PBXContainerItemProxy */;
			sourceTree = BUILT_PRODUCTS_DIR;
		};
		37BC6C001BF059CE0082AE18 /* bson.framework */ = {
			isa = PBXReferenceProxy;
			fileType = wrapper.framework;
			path = bson.framework;
			remoteRef = 37BC6BFF1BF059CE0082AE18 /* PBXContainerItemProxy */;
			sourceTree = BUILT_PRODUCTS_DIR;
		};
		37BC6C111BF05A500082AE18 /* Nimble.framework */ = {
			isa = PBXReferenceProxy;
			fileType = wrapper.framework;
			path = Nimble.framework;
			remoteRef = 37BC6C101BF05A500082AE18 /* PBXContainerItemProxy */;
			sourceTree = BUILT_PRODUCTS_DIR;
		};
		37BC6C131BF05A500082AE18 /* NimbleTests.xctest */ = {
			isa = PBXReferenceProxy;
			fileType = wrapper.cfbundle;
			path = NimbleTests.xctest;
			remoteRef = 37BC6C121BF05A500082AE18 /* PBXContainerItemProxy */;
			sourceTree = BUILT_PRODUCTS_DIR;
		};
		37BC6C151BF05A500082AE18 /* Nimble.framework */ = {
			isa = PBXReferenceProxy;
			fileType = wrapper.framework;
			path = Nimble.framework;
			remoteRef = 37BC6C141BF05A500082AE18 /* PBXContainerItemProxy */;
			sourceTree = BUILT_PRODUCTS_DIR;
		};
		37BC6C171BF05A500082AE18 /* NimbleTests.xctest */ = {
			isa = PBXReferenceProxy;
			fileType = wrapper.cfbundle;
			path = NimbleTests.xctest;
			remoteRef = 37BC6C161BF05A500082AE18 /* PBXContainerItemProxy */;
			sourceTree = BUILT_PRODUCTS_DIR;
		};
		37BC6C191BF05A500082AE18 /* Nimble.framework */ = {
			isa = PBXReferenceProxy;
			fileType = wrapper.framework;
			path = Nimble.framework;
			remoteRef = 37BC6C181BF05A500082AE18 /* PBXContainerItemProxy */;
			sourceTree = BUILT_PRODUCTS_DIR;
		};
		37BC6C1B1BF05A500082AE18 /* NimbleTests.xctest */ = {
			isa = PBXReferenceProxy;
			fileType = wrapper.cfbundle;
			path = NimbleTests.xctest;
			remoteRef = 37BC6C1A1BF05A500082AE18 /* PBXContainerItemProxy */;
			sourceTree = BUILT_PRODUCTS_DIR;
		};
		37BC6C291BF05A640082AE18 /* Quick.framework */ = {
			isa = PBXReferenceProxy;
			fileType = wrapper.framework;
			path = Quick.framework;
			remoteRef = 37BC6C281BF05A640082AE18 /* PBXContainerItemProxy */;
			sourceTree = BUILT_PRODUCTS_DIR;
		};
		37BC6C2B1BF05A640082AE18 /* Quick-OSXTests.xctest */ = {
			isa = PBXReferenceProxy;
			fileType = wrapper.cfbundle;
			path = "Quick-OSXTests.xctest";
			remoteRef = 37BC6C2A1BF05A640082AE18 /* PBXContainerItemProxy */;
			sourceTree = BUILT_PRODUCTS_DIR;
		};
		37BC6C2D1BF05A640082AE18 /* QuickFocused-OSXTests.xctest */ = {
			isa = PBXReferenceProxy;
			fileType = wrapper.cfbundle;
			path = "QuickFocused-OSXTests.xctest";
			remoteRef = 37BC6C2C1BF05A640082AE18 /* PBXContainerItemProxy */;
			sourceTree = BUILT_PRODUCTS_DIR;
		};
		37BC6C2F1BF05A640082AE18 /* Quick.framework */ = {
			isa = PBXReferenceProxy;
			fileType = wrapper.framework;
			path = Quick.framework;
			remoteRef = 37BC6C2E1BF05A640082AE18 /* PBXContainerItemProxy */;
			sourceTree = BUILT_PRODUCTS_DIR;
		};
		37BC6C311BF05A640082AE18 /* Quick-iOSTests.xctest */ = {
			isa = PBXReferenceProxy;
			fileType = wrapper.cfbundle;
			path = "Quick-iOSTests.xctest";
			remoteRef = 37BC6C301BF05A640082AE18 /* PBXContainerItemProxy */;
			sourceTree = BUILT_PRODUCTS_DIR;
		};
		37BC6C331BF05A640082AE18 /* QuickFocused-iOSTests.xctest */ = {
			isa = PBXReferenceProxy;
			fileType = wrapper.cfbundle;
			path = "QuickFocused-iOSTests.xctest";
			remoteRef = 37BC6C321BF05A640082AE18 /* PBXContainerItemProxy */;
			sourceTree = BUILT_PRODUCTS_DIR;
		};
		37BC6C351BF05A640082AE18 /* Quick.framework */ = {
			isa = PBXReferenceProxy;
			fileType = wrapper.framework;
			path = Quick.framework;
			remoteRef = 37BC6C341BF05A640082AE18 /* PBXContainerItemProxy */;
			sourceTree = BUILT_PRODUCTS_DIR;
		};
		37BC6C371BF05A640082AE18 /* Quick-tvOSTests.xctest */ = {
			isa = PBXReferenceProxy;
			fileType = wrapper.cfbundle;
			path = "Quick-tvOSTests.xctest";
			remoteRef = 37BC6C361BF05A640082AE18 /* PBXContainerItemProxy */;
			sourceTree = BUILT_PRODUCTS_DIR;
		};
		37BC6C391BF05A640082AE18 /* QuickFocused-tvOSTests.xctest */ = {
			isa = PBXReferenceProxy;
			fileType = wrapper.cfbundle;
			path = "QuickFocused-tvOSTests.xctest";
			remoteRef = 37BC6C381BF05A640082AE18 /* PBXContainerItemProxy */;
			sourceTree = BUILT_PRODUCTS_DIR;
		};
/* End PBXReferenceProxy section */

/* Begin PBXResourcesBuildPhase section */
		375F5F091B7E65DF007EA172 /* Resources */ = {
			isa = PBXResourcesBuildPhase;
			buildActionMask = 2147483647;
			files = (
			);
			runOnlyForDeploymentPostprocessing = 0;
		};
		375F5F131B7E65E0007EA172 /* Resources */ = {
			isa = PBXResourcesBuildPhase;
			buildActionMask = 2147483647;
			files = (
			);
			runOnlyForDeploymentPostprocessing = 0;
		};
		377186601BE5710D0050E666 /* Resources */ = {
			isa = PBXResourcesBuildPhase;
			buildActionMask = 2147483647;
			files = (
			);
			runOnlyForDeploymentPostprocessing = 0;
		};
/* End PBXResourcesBuildPhase section */

/* Begin PBXSourcesBuildPhase section */
		375F5F061B7E65DF007EA172 /* Sources */ = {
			isa = PBXSourcesBuildPhase;
			buildActionMask = 2147483647;
			files = (
				37D8EB541B96A8B700D87177 /* Declarations.swift in Sources */,
				37FD38971B86BD4000ADB9BA /* MongoCollection.swift in Sources */,
				37FD389B1B86BD5400ADB9BA /* MongoDocument.swift in Sources */,
				37FD389D1B86BD5B00ADB9BA /* MongoBSON.swift in Sources */,
				37D8EB561B96AB4500D87177 /* MongoWriteConcern.swift in Sources */,
				37FD38A11B86C36A00ADB9BA /* MongoError.swift in Sources */,
				37B383871C0115650036CD62 /* Flags.swift in Sources */,
				37D3C5F81C03E9A4009CC80D /* MongoDatabase.swift in Sources */,
				37FD38951B86BD3700ADB9BA /* MongoClient.swift in Sources */,
				3738B3741B917CB500CC9023 /* MongoObject.swift in Sources */,
				3750D7D51C02D02F00594371 /* PointerExtensions.swift in Sources */,
				37FD38991B86BD4800ADB9BA /* MongoCursor.swift in Sources */,
			);
			runOnlyForDeploymentPostprocessing = 0;
		};
		375F5F111B7E65E0007EA172 /* Sources */ = {
			isa = PBXSourcesBuildPhase;
			buildActionMask = 2147483647;
			files = (
				375F5F1B1B7E65E0007EA172 /* SwiftMongoDBTests.swift in Sources */,
			);
			runOnlyForDeploymentPostprocessing = 0;
		};
		3771865D1BE5710D0050E666 /* Sources */ = {
			isa = PBXSourcesBuildPhase;
			buildActionMask = 2147483647;
			files = (
				3731D3DF1BEC3FC400D2988C /* MongoCursor.swift in Sources */,
				3731D3E21BEC3FC400D2988C /* MongoObject.swift in Sources */,
				3731D3E01BEC3FC400D2988C /* MongoDocument.swift in Sources */,
				3731D3E51BEC3FC400D2988C /* Declarations.swift in Sources */,
				3731D3DE1BEC3FC400D2988C /* MongoCollection.swift in Sources */,
				3731D3E31BEC3FC400D2988C /* MongoBSON.swift in Sources */,
				37B383881C0115650036CD62 /* Flags.swift in Sources */,
				37D3C5F91C03E9A4009CC80D /* MongoDatabase.swift in Sources */,
				3731D3E41BEC3FC400D2988C /* MongoError.swift in Sources */,
				3731D3E11BEC3FC400D2988C /* MongoWriteConcern.swift in Sources */,
				3750D7D61C02D02F00594371 /* PointerExtensions.swift in Sources */,
				3731D3DD1BEC3FC400D2988C /* MongoClient.swift in Sources */,
			);
			runOnlyForDeploymentPostprocessing = 0;
		};
/* End PBXSourcesBuildPhase section */

/* Begin PBXTargetDependency section */
		375F5F181B7E65E0007EA172 /* PBXTargetDependency */ = {
			isa = PBXTargetDependency;
			target = 375F5F0A1B7E65DF007EA172 /* SwiftMongoDB-OSX */;
			targetProxy = 375F5F171B7E65E0007EA172 /* PBXContainerItemProxy */;
		};
		378D7A891C01091A00A864B0 /* PBXTargetDependency */ = {
			isa = PBXTargetDependency;
			name = "bson-osx";
			targetProxy = 378D7A881C01091A00A864B0 /* PBXContainerItemProxy */;
		};
		378D7A9B1C01092E00A864B0 /* PBXTargetDependency */ = {
			isa = PBXTargetDependency;
			name = "bson-ios";
			targetProxy = 378D7A9A1C01092E00A864B0 /* PBXContainerItemProxy */;
		};
		37BC6BF01BF059150082AE18 /* PBXTargetDependency */ = {
			isa = PBXTargetDependency;
			name = "mongoc-osx";
			targetProxy = 37BC6BEF1BF059150082AE18 /* PBXContainerItemProxy */;
		};
		37BC6C3B1BF05AC30082AE18 /* PBXTargetDependency */ = {
			isa = PBXTargetDependency;
			name = "mongoc-ios";
			targetProxy = 37BC6C3A1BF05AC30082AE18 /* PBXContainerItemProxy */;
		};
		37BC6C3D1BF05ACC0082AE18 /* PBXTargetDependency */ = {
			isa = PBXTargetDependency;
			name = "Quick-OSX";
			targetProxy = 37BC6C3C1BF05ACC0082AE18 /* PBXContainerItemProxy */;
		};
		37BC6C3F1BF05AD10082AE18 /* PBXTargetDependency */ = {
			isa = PBXTargetDependency;
			name = "Nimble-OSX";
			targetProxy = 37BC6C3E1BF05AD10082AE18 /* PBXContainerItemProxy */;
		};
/* End PBXTargetDependency section */

/* Begin XCBuildConfiguration section */
		3758BC201B9A40BB007175A3 /* Release */ = {
			isa = XCBuildConfiguration;
			buildSettings = {
				ALWAYS_SEARCH_USER_PATHS = NO;
				CLANG_ALLOW_NON_MODULAR_INCLUDES_IN_FRAMEWORK_MODULES = YES;
				CLANG_CXX_LANGUAGE_STANDARD = "gnu++0x";
				CLANG_CXX_LIBRARY = "libc++";
				CLANG_ENABLE_MODULES = YES;
				CLANG_ENABLE_OBJC_ARC = YES;
				CLANG_WARN_BOOL_CONVERSION = YES;
				CLANG_WARN_CONSTANT_CONVERSION = YES;
				CLANG_WARN_DIRECT_OBJC_ISA_USAGE = YES_ERROR;
				CLANG_WARN_EMPTY_BODY = YES;
				CLANG_WARN_ENUM_CONVERSION = YES;
				CLANG_WARN_INT_CONVERSION = YES;
				CLANG_WARN_OBJC_ROOT_CLASS = YES_ERROR;
				CLANG_WARN_UNREACHABLE_CODE = YES;
				CLANG_WARN__DUPLICATE_METHOD_MATCH = YES;
				COPY_PHASE_STRIP = NO;
				CURRENT_PROJECT_VERSION = 1;
				DEBUG_INFORMATION_FORMAT = dwarf;
				ENABLE_STRICT_OBJC_MSGSEND = YES;
				ENABLE_TESTABILITY = YES;
				GCC_C_LANGUAGE_STANDARD = gnu99;
				GCC_DYNAMIC_NO_PIC = NO;
				GCC_NO_COMMON_BLOCKS = YES;
				GCC_OPTIMIZATION_LEVEL = 0;
				GCC_PREPROCESSOR_DEFINITIONS = (
					"DEBUG=1",
					"$(inherited)",
				);
				GCC_WARN_64_TO_32_BIT_CONVERSION = YES;
				GCC_WARN_ABOUT_RETURN_TYPE = YES_ERROR;
				GCC_WARN_UNDECLARED_SELECTOR = YES;
				GCC_WARN_UNINITIALIZED_AUTOS = YES_AGGRESSIVE;
				GCC_WARN_UNUSED_FUNCTION = YES;
				GCC_WARN_UNUSED_VARIABLE = YES;
				HEADER_SEARCH_PATHS = "";
				LIBRARY_SEARCH_PATHS = "$(inherited)";
				MACOSX_DEPLOYMENT_TARGET = 10.10;
				MTL_ENABLE_DEBUG_INFO = YES;
				ONLY_ACTIVE_ARCH = YES;
				PRODUCT_NAME = SwiftMongoDB;
				SWIFT_OBJC_BRIDGING_HEADER = "";
				SWIFT_OPTIMIZATION_LEVEL = "-Onone";
				VERSIONING_SYSTEM = "apple-generic";
				VERSION_INFO_PREFIX = "";
			};
			name = Release;
		};
		3758BC211B9A40BB007175A3 /* Release */ = {
			isa = XCBuildConfiguration;
			buildSettings = {
				CLANG_ALLOW_NON_MODULAR_INCLUDES_IN_FRAMEWORK_MODULES = YES;
				CLANG_ENABLE_MODULES = YES;
				CODE_SIGN_IDENTITY = "";
				COMBINE_HIDPI_IMAGES = YES;
				DEFINES_MODULE = YES;
				DYLIB_COMPATIBILITY_VERSION = 1;
				DYLIB_CURRENT_VERSION = 1;
				DYLIB_INSTALL_NAME_BASE = "@rpath";
				FRAMEWORK_SEARCH_PATHS = "$(inherited)";
				FRAMEWORK_VERSION = A;
				HEADER_SEARCH_PATHS = "";
				INFOPLIST_FILE = SwiftMongoDB/Info.plist;
				INSTALL_PATH = "$(LOCAL_LIBRARY_DIR)/Frameworks";
				LD_RUNPATH_SEARCH_PATHS = "$(inherited) @executable_path/../Frameworks @loader_path/Frameworks";
				LIBRARY_SEARCH_PATHS = "$(inherited)";
				MACOSX_DEPLOYMENT_TARGET = 10.10;
				OTHER_LDFLAGS = "$(inherited)";
				PRODUCT_BUNDLE_IDENTIFIER = me.dvappel.SwiftMongoDB;
				PRODUCT_NAME = SwiftMongoDB;
				SDKROOT = macosx;
				SKIP_INSTALL = YES;
				SWIFT_INCLUDE_PATHS = "";
				SWIFT_OBJC_BRIDGING_HEADER = "";
				SWIFT_OPTIMIZATION_LEVEL = "-Onone";
			};
			name = Release;
		};
		3758BC221B9A40BB007175A3 /* Release */ = {
			isa = XCBuildConfiguration;
			buildSettings = {
				COMBINE_HIDPI_IMAGES = YES;
				FRAMEWORK_SEARCH_PATHS = "$(inherited)";
				INFOPLIST_FILE = SwiftMongoDBTests/Info.plist;
				LD_RUNPATH_SEARCH_PATHS = "$(inherited) @executable_path/../Frameworks @loader_path/../Frameworks";
				PRODUCT_BUNDLE_IDENTIFIER = me.dvappel.SwiftMongoDBTests;
				PRODUCT_MODULE_NAME = "$(PRODUCT_NAME:c99extidentifier)Tests";
				PRODUCT_NAME = "${TARGET_NAME}";
			};
			name = Release;
		};
		375F5F1D1B7E65E0007EA172 /* Debug */ = {
			isa = XCBuildConfiguration;
			buildSettings = {
				ALWAYS_SEARCH_USER_PATHS = NO;
				CLANG_ALLOW_NON_MODULAR_INCLUDES_IN_FRAMEWORK_MODULES = YES;
				CLANG_CXX_LANGUAGE_STANDARD = "gnu++0x";
				CLANG_CXX_LIBRARY = "libc++";
				CLANG_ENABLE_MODULES = YES;
				CLANG_ENABLE_OBJC_ARC = YES;
				CLANG_WARN_BOOL_CONVERSION = YES;
				CLANG_WARN_CONSTANT_CONVERSION = YES;
				CLANG_WARN_DIRECT_OBJC_ISA_USAGE = YES_ERROR;
				CLANG_WARN_EMPTY_BODY = YES;
				CLANG_WARN_ENUM_CONVERSION = YES;
				CLANG_WARN_INT_CONVERSION = YES;
				CLANG_WARN_OBJC_ROOT_CLASS = YES_ERROR;
				CLANG_WARN_UNREACHABLE_CODE = YES;
				CLANG_WARN__DUPLICATE_METHOD_MATCH = YES;
				COPY_PHASE_STRIP = NO;
				CURRENT_PROJECT_VERSION = 1;
				DEBUG_INFORMATION_FORMAT = dwarf;
				ENABLE_STRICT_OBJC_MSGSEND = YES;
				ENABLE_TESTABILITY = YES;
				GCC_C_LANGUAGE_STANDARD = gnu99;
				GCC_DYNAMIC_NO_PIC = NO;
				GCC_NO_COMMON_BLOCKS = YES;
				GCC_OPTIMIZATION_LEVEL = 0;
				GCC_PREPROCESSOR_DEFINITIONS = (
					"DEBUG=1",
					"$(inherited)",
				);
				GCC_WARN_64_TO_32_BIT_CONVERSION = YES;
				GCC_WARN_ABOUT_RETURN_TYPE = YES_ERROR;
				GCC_WARN_UNDECLARED_SELECTOR = YES;
				GCC_WARN_UNINITIALIZED_AUTOS = YES_AGGRESSIVE;
				GCC_WARN_UNUSED_FUNCTION = YES;
				GCC_WARN_UNUSED_VARIABLE = YES;
				HEADER_SEARCH_PATHS = "";
				LIBRARY_SEARCH_PATHS = "$(inherited)";
				MACOSX_DEPLOYMENT_TARGET = 10.10;
				MTL_ENABLE_DEBUG_INFO = YES;
				ONLY_ACTIVE_ARCH = YES;
				PRODUCT_NAME = SwiftMongoDB;
				SWIFT_OBJC_BRIDGING_HEADER = "";
				SWIFT_OPTIMIZATION_LEVEL = "-Onone";
				VERSIONING_SYSTEM = "apple-generic";
				VERSION_INFO_PREFIX = "";
			};
			name = Debug;
		};
		375F5F201B7E65E0007EA172 /* Debug */ = {
			isa = XCBuildConfiguration;
			buildSettings = {
				CLANG_ALLOW_NON_MODULAR_INCLUDES_IN_FRAMEWORK_MODULES = YES;
				CLANG_ENABLE_MODULES = YES;
				CODE_SIGN_IDENTITY = "";
				COMBINE_HIDPI_IMAGES = YES;
				DEFINES_MODULE = YES;
				DYLIB_COMPATIBILITY_VERSION = 1;
				DYLIB_CURRENT_VERSION = 1;
				DYLIB_INSTALL_NAME_BASE = "@rpath";
				FRAMEWORK_SEARCH_PATHS = "$(inherited)";
				FRAMEWORK_VERSION = A;
				HEADER_SEARCH_PATHS = "";
				INFOPLIST_FILE = SwiftMongoDB/Info.plist;
				INSTALL_PATH = "$(LOCAL_LIBRARY_DIR)/Frameworks";
				LD_RUNPATH_SEARCH_PATHS = "$(inherited) @executable_path/../Frameworks @loader_path/Frameworks";
				LIBRARY_SEARCH_PATHS = "$(inherited)";
				MACOSX_DEPLOYMENT_TARGET = 10.10;
				OTHER_LDFLAGS = "$(inherited)";
				PRODUCT_BUNDLE_IDENTIFIER = me.dvappel.SwiftMongoDB;
				PRODUCT_NAME = SwiftMongoDB;
				SDKROOT = macosx;
				SKIP_INSTALL = YES;
				SWIFT_INCLUDE_PATHS = "";
				SWIFT_OBJC_BRIDGING_HEADER = "";
				SWIFT_OPTIMIZATION_LEVEL = "-Onone";
			};
			name = Debug;
		};
		375F5F231B7E65E0007EA172 /* Debug */ = {
			isa = XCBuildConfiguration;
			buildSettings = {
				COMBINE_HIDPI_IMAGES = YES;
				FRAMEWORK_SEARCH_PATHS = "$(inherited)";
				INFOPLIST_FILE = SwiftMongoDBTests/Info.plist;
				LD_RUNPATH_SEARCH_PATHS = "$(inherited) @executable_path/../Frameworks @loader_path/../Frameworks";
				PRODUCT_BUNDLE_IDENTIFIER = me.dvappel.SwiftMongoDBTests;
				PRODUCT_MODULE_NAME = "$(PRODUCT_NAME:c99extidentifier)Tests";
				PRODUCT_NAME = "${TARGET_NAME}";
			};
			name = Debug;
		};
		377186681BE5710D0050E666 /* Debug */ = {
			isa = XCBuildConfiguration;
			buildSettings = {
				CLANG_ENABLE_MODULES = YES;
				CODE_SIGN_IDENTITY = "iPhone Developer";
				"CODE_SIGN_IDENTITY[sdk=iphonesimulator*]" = "";
				DEFINES_MODULE = YES;
				DYLIB_COMPATIBILITY_VERSION = 1;
				DYLIB_CURRENT_VERSION = 1;
				DYLIB_INSTALL_NAME_BASE = "@rpath";
				FRAMEWORK_SEARCH_PATHS = "$(inherited)";
				INFOPLIST_FILE = SwiftMongoDB/Info.plist;
				INSTALL_PATH = "$(LOCAL_LIBRARY_DIR)/Frameworks";
				IPHONEOS_DEPLOYMENT_TARGET = 8.0;
				LD_RUNPATH_SEARCH_PATHS = "$(inherited) @executable_path/Frameworks @loader_path/Frameworks";
				PRODUCT_BUNDLE_IDENTIFIER = me.dvappel.SwiftMongoDB;
				PRODUCT_NAME = SwiftMongoDB;
				SDKROOT = iphoneos;
				SKIP_INSTALL = YES;
				SWIFT_OPTIMIZATION_LEVEL = "-Onone";
				TARGETED_DEVICE_FAMILY = "1,2";
			};
			name = Debug;
		};
		377186691BE5710D0050E666 /* Release */ = {
			isa = XCBuildConfiguration;
			buildSettings = {
				CLANG_ENABLE_MODULES = YES;
				CODE_SIGN_IDENTITY = "iPhone Developer";
				"CODE_SIGN_IDENTITY[sdk=iphonesimulator*]" = "";
				DEBUG_INFORMATION_FORMAT = "dwarf-with-dsym";
				DEFINES_MODULE = YES;
				DYLIB_COMPATIBILITY_VERSION = 1;
				DYLIB_CURRENT_VERSION = 1;
				DYLIB_INSTALL_NAME_BASE = "@rpath";
				ENABLE_NS_ASSERTIONS = NO;
				FRAMEWORK_SEARCH_PATHS = "$(inherited)";
				INFOPLIST_FILE = SwiftMongoDB/Info.plist;
				INSTALL_PATH = "$(LOCAL_LIBRARY_DIR)/Frameworks";
				IPHONEOS_DEPLOYMENT_TARGET = 8.0;
				LD_RUNPATH_SEARCH_PATHS = "$(inherited) @executable_path/Frameworks @loader_path/Frameworks";
				MTL_ENABLE_DEBUG_INFO = NO;
				PRODUCT_BUNDLE_IDENTIFIER = me.dvappel.SwiftMongoDB;
				PRODUCT_NAME = SwiftMongoDB;
				SDKROOT = iphoneos;
				SKIP_INSTALL = YES;
				SWIFT_OPTIMIZATION_LEVEL = "-Onone";
				TARGETED_DEVICE_FAMILY = "1,2";
				VALIDATE_PRODUCT = YES;
			};
			name = Release;
		};
/* End XCBuildConfiguration section */

/* Begin XCConfigurationList section */
		375F5F051B7E65DF007EA172 /* Build configuration list for PBXProject "SwiftMongoDB" */ = {
			isa = XCConfigurationList;
			buildConfigurations = (
				375F5F1D1B7E65E0007EA172 /* Debug */,
				3758BC201B9A40BB007175A3 /* Release */,
			);
			defaultConfigurationIsVisible = 0;
			defaultConfigurationName = Debug;
		};
		375F5F1F1B7E65E0007EA172 /* Build configuration list for PBXNativeTarget "SwiftMongoDB-OSX" */ = {
			isa = XCConfigurationList;
			buildConfigurations = (
				375F5F201B7E65E0007EA172 /* Debug */,
				3758BC211B9A40BB007175A3 /* Release */,
			);
			defaultConfigurationIsVisible = 0;
			defaultConfigurationName = Debug;
		};
		375F5F221B7E65E0007EA172 /* Build configuration list for PBXNativeTarget "SwiftMongoDBTests" */ = {
			isa = XCConfigurationList;
			buildConfigurations = (
				375F5F231B7E65E0007EA172 /* Debug */,
				3758BC221B9A40BB007175A3 /* Release */,
			);
			defaultConfigurationIsVisible = 0;
			defaultConfigurationName = Debug;
		};
		377186671BE5710D0050E666 /* Build configuration list for PBXNativeTarget "SwiftMongoDB-iOS" */ = {
			isa = XCConfigurationList;
			buildConfigurations = (
				377186681BE5710D0050E666 /* Debug */,
				377186691BE5710D0050E666 /* Release */,
			);
			defaultConfigurationIsVisible = 0;
			defaultConfigurationName = Debug;
		};
/* End XCConfigurationList section */
	};
	rootObject = 375F5F021B7E65DF007EA172 /* Project object */;
}
